
Microsoft Visual Studio Solution File, Format Version 12.00
# Visual Studio 15
VisualStudioVersion = 15.0.27703.2042
MinimumVisualStudioVersion = 10.0.40219.1
Project("{FAE04EC0-301F-11D3-BF4B-00C04F79EFBC}") = "Championship", "Championship\Championship.csproj", "{002DBF40-0A92-4A8D-ADC7-13747D640094}"
EndProject
Project("{FAE04EC0-301F-11D3-BF4B-00C04F79EFBC}") = "ChampionshipLibrary", "ChampionshipLibrary\ChampionshipLibrary.csproj", "{E9362089-DA0C-4B7D-9371-46AE71B90E30}"
EndProject
Project("{FAE04EC0-301F-11D3-BF4B-00C04F79EFBC}") = "GridRendererLibrary", "GridRendererLibrary\GridRendererLibrary.csproj", "{52CC1C7C-627D-4523-A7F0-268925B9624C}"
EndProject
Project("{FAE04EC0-301F-11D3-BF4B-00C04F79EFBC}") = "MenuLibrary", "MenuLibrary\MenuLibrary.csproj", "{76AB6DCC-945F-48E6-83DE-B533838596F9}"
EndProject
Project("{FAE04EC0-301F-11D3-BF4B-00C04F79EFBC}") = "ConsoleUserInterfaceLibrary", "UserInterfaceLibrary\ConsoleUserInterfaceLibrary.csproj", "{42142C15-AC99-4ABD-92A1-4DC4D7B2F1AB}"
EndProject
Project("{FAE04EC0-301F-11D3-BF4B-00C04F79EFBC}") = "WindowsFormsUserInterface", "WindowsFormsUserInterface\WindowsFormsUserInterface.csproj", "{D40576B0-9199-4CF6-B716-4E5880CA735A}"
EndProject
Global
	GlobalSection(SolutionConfigurationPlatforms) = preSolution
		Debug|Any CPU = Debug|Any CPU
		Release|Any CPU = Release|Any CPU
	EndGlobalSection
	GlobalSection(ProjectConfigurationPlatforms) = postSolution
		{002DBF40-0A92-4A8D-ADC7-13747D640094}.Debug|Any CPU.ActiveCfg = Debug|Any CPU
		{002DBF40-0A92-4A8D-ADC7-13747D640094}.Debug|Any CPU.Build.0 = Debug|Any CPU
		{002DBF40-0A92-4A8D-ADC7-13747D640094}.Release|Any CPU.ActiveCfg = Release|Any CPU
		{002DBF40-0A92-4A8D-ADC7-13747D640094}.Release|Any CPU.Build.0 = Release|Any CPU
		{E9362089-DA0C-4B7D-9371-46AE71B90E30}.Debug|Any CPU.ActiveCfg = Debug|Any CPU
		{E9362089-DA0C-4B7D-9371-46AE71B90E30}.Debug|Any CPU.Build.0 = Debug|Any CPU
		{E9362089-DA0C-4B7D-9371-46AE71B90E30}.Release|Any CPU.ActiveCfg = Release|Any CPU
		{E9362089-DA0C-4B7D-9371-46AE71B90E30}.Release|Any CPU.Build.0 = Release|Any CPU
		{52CC1C7C-627D-4523-A7F0-268925B9624C}.Debug|Any CPU.ActiveCfg = Debug|Any CPU
		{52CC1C7C-627D-4523-A7F0-268925B9624C}.Debug|Any CPU.Build.0 = Debug|Any CPU
		{52CC1C7C-627D-4523-A7F0-268925B9624C}.Release|Any CPU.ActiveCfg = Release|Any CPU
		{52CC1C7C-627D-4523-A7F0-268925B9624C}.Release|Any CPU.Build.0 = Release|Any CPU
		{76AB6DCC-945F-48E6-83DE-B533838596F9}.Debug|Any CPU.ActiveCfg = Debug|Any CPU
		{76AB6DCC-945F-48E6-83DE-B533838596F9}.Debug|Any CPU.Build.0 = Debug|Any CPU
		{76AB6DCC-945F-48E6-83DE-B533838596F9}.Release|Any CPU.ActiveCfg = Release|Any CPU
		{76AB6DCC-945F-48E6-83DE-B533838596F9}.Release|Any CPU.Build.0 = Release|Any CPU
		{42142C15-AC99-4ABD-92A1-4DC4D7B2F1AB}.Debug|Any CPU.ActiveCfg = Debug|Any CPU
		{42142C15-AC99-4ABD-92A1-4DC4D7B2F1AB}.Debug|Any CPU.Build.0 = Debug|Any CPU
		{42142C15-AC99-4ABD-92A1-4DC4D7B2F1AB}.Release|Any CPU.ActiveCfg = Release|Any CPU
		{42142C15-AC99-4ABD-92A1-4DC4D7B2F1AB}.Release|Any CPU.Build.0 = Release|Any CPU
		{D40576B0-9199-4CF6-B716-4E5880CA735A}.Debug|Any CPU.ActiveCfg = Debug|Any CPU
		{D40576B0-9199-4CF6-B716-4E5880CA735A}.Debug|Any CPU.Build.0 = Debug|Any CPU
		{D40576B0-9199-4CF6-B716-4E5880CA735A}.Release|Any CPU.ActiveCfg = Release|Any CPU
		{D40576B0-9199-4CF6-B716-4E5880CA735A}.Release|Any CPU.Build.0 = Release|Any CPU
	EndGlobalSection
	GlobalSection(SolutionProperties) = preSolution
		HideSolutionNode = FALSE
	EndGlobalSection
	GlobalSection(ExtensibilityGlobals) = postSolution
		SolutionGuid = {DB5575E9-5858-467D-A18A-2BA1607687B9}
	EndGlobalSection
EndGlobal
