
Microsoft Visual Studio Solution File, Format Version 12.00
# Visual Studio 14
VisualStudioVersion = 14.0.25420.1
MinimumVisualStudioVersion = 10.0.40219.1
Project("{FAE04EC0-301F-11D3-BF4B-00C04F79EFBC}") = "Tagger", "Tagger\Tagger.csproj", "{EAC49B21-4EC0-4B17-B4E9-1469C9696FCE}"
EndProject
Project("{FAE04EC0-301F-11D3-BF4B-00C04F79EFBC}") = "TaggerLib", "TaggerLib\TaggerLib.csproj", "{005DE3C8-6936-4146-AEC6-F33DF38E1970}"
EndProject
Global
	GlobalSection(SolutionConfigurationPlatforms) = preSolution
		Debug|Any CPU = Debug|Any CPU
		Release|Any CPU = Release|Any CPU
	EndGlobalSection
	GlobalSection(ProjectConfigurationPlatforms) = postSolution
		{EAC49B21-4EC0-4B17-B4E9-1469C9696FCE}.Debug|Any CPU.ActiveCfg = Debug|Any CPU
		{EAC49B21-4EC0-4B17-B4E9-1469C9696FCE}.Debug|Any CPU.Build.0 = Debug|Any CPU
		{EAC49B21-4EC0-4B17-B4E9-1469C9696FCE}.Release|Any CPU.ActiveCfg = Release|Any CPU
		{EAC49B21-4EC0-4B17-B4E9-1469C9696FCE}.Release|Any CPU.Build.0 = Release|Any CPU
		{005DE3C8-6936-4146-AEC6-F33DF38E1970}.Debug|Any CPU.ActiveCfg = Debug|Any CPU
		{005DE3C8-6936-4146-AEC6-F33DF38E1970}.Debug|Any CPU.Build.0 = Debug|Any CPU
		{005DE3C8-6936-4146-AEC6-F33DF38E1970}.Release|Any CPU.ActiveCfg = Release|Any CPU
		{005DE3C8-6936-4146-AEC6-F33DF38E1970}.Release|Any CPU.Build.0 = Release|Any CPU
	EndGlobalSection
	GlobalSection(SolutionProperties) = preSolution
		HideSolutionNode = FALSE
	EndGlobalSection
EndGlobal
