
Microsoft Visual Studio Solution File, Format Version 12.00
# Visual Studio 14
VisualStudioVersion = 14.0.25420.1
MinimumVisualStudioVersion = 10.0.40219.1
Project("{FAE04EC0-301F-11D3-BF4B-00C04F79EFBC}") = "Tagger", "Tagger\Tagger.csproj", "{440026BF-574A-4BCA-85E9-129A0DDD1BFD}"
EndProject
Project("{FAE04EC0-301F-11D3-BF4B-00C04F79EFBC}") = "TaggerLib", "TaggerLib\TaggerLib.csproj", "{171629B2-B240-4E90-84E1-FA1E2EDB9620}"
EndProject
Project("{FAE04EC0-301F-11D3-BF4B-00C04F79EFBC}") = "TaggerLib.Test", "TaggerLib.Test\TaggerLib.Test.csproj", "{E851F096-A490-4F73-B5D4-AC38006D8698}"
EndProject
Global
	GlobalSection(SolutionConfigurationPlatforms) = preSolution
		Debug|Any CPU = Debug|Any CPU
		Release|Any CPU = Release|Any CPU
	EndGlobalSection
	GlobalSection(ProjectConfigurationPlatforms) = postSolution
		{440026BF-574A-4BCA-85E9-129A0DDD1BFD}.Debug|Any CPU.ActiveCfg = Debug|Any CPU
		{440026BF-574A-4BCA-85E9-129A0DDD1BFD}.Debug|Any CPU.Build.0 = Debug|Any CPU
		{440026BF-574A-4BCA-85E9-129A0DDD1BFD}.Release|Any CPU.ActiveCfg = Release|Any CPU
		{440026BF-574A-4BCA-85E9-129A0DDD1BFD}.Release|Any CPU.Build.0 = Release|Any CPU
		{171629B2-B240-4E90-84E1-FA1E2EDB9620}.Debug|Any CPU.ActiveCfg = Debug|Any CPU
		{171629B2-B240-4E90-84E1-FA1E2EDB9620}.Debug|Any CPU.Build.0 = Debug|Any CPU
		{171629B2-B240-4E90-84E1-FA1E2EDB9620}.Release|Any CPU.ActiveCfg = Release|Any CPU
		{171629B2-B240-4E90-84E1-FA1E2EDB9620}.Release|Any CPU.Build.0 = Release|Any CPU
		{E851F096-A490-4F73-B5D4-AC38006D8698}.Debug|Any CPU.ActiveCfg = Debug|Any CPU
		{E851F096-A490-4F73-B5D4-AC38006D8698}.Debug|Any CPU.Build.0 = Debug|Any CPU
		{E851F096-A490-4F73-B5D4-AC38006D8698}.Release|Any CPU.ActiveCfg = Release|Any CPU
		{E851F096-A490-4F73-B5D4-AC38006D8698}.Release|Any CPU.Build.0 = Release|Any CPU
	EndGlobalSection
	GlobalSection(SolutionProperties) = preSolution
		HideSolutionNode = FALSE
	EndGlobalSection
EndGlobal
