
Microsoft Visual Studio Solution File, Format Version 12.00
# Visual Studio Version 16
VisualStudioVersion = 16.0.29102.190
MinimumVisualStudioVersion = 10.0.40219.1
Project("{FAE04EC0-301F-11D3-BF4B-00C04F79EFBC}") = "GuitarShopUI", "GuitarShopUI\GuitarShopUI.csproj", "{089CA4C6-1F5B-4D89-878C-1DA205C725D6}"
EndProject
Project("{FAE04EC0-301F-11D3-BF4B-00C04F79EFBC}") = "GuitarShopLogic", "GuitarShopLogic\GuitarShopLogic.csproj", "{99F8B837-19AE-4299-AFC5-68CBE672DAE4}"
EndProject
Global
	GlobalSection(SolutionConfigurationPlatforms) = preSolution
		Debug|Any CPU = Debug|Any CPU
		Release|Any CPU = Release|Any CPU
	EndGlobalSection
	GlobalSection(ProjectConfigurationPlatforms) = postSolution
		{089CA4C6-1F5B-4D89-878C-1DA205C725D6}.Debug|Any CPU.ActiveCfg = Debug|Any CPU
		{089CA4C6-1F5B-4D89-878C-1DA205C725D6}.Debug|Any CPU.Build.0 = Debug|Any CPU
		{089CA4C6-1F5B-4D89-878C-1DA205C725D6}.Release|Any CPU.ActiveCfg = Release|Any CPU
		{089CA4C6-1F5B-4D89-878C-1DA205C725D6}.Release|Any CPU.Build.0 = Release|Any CPU
		{99F8B837-19AE-4299-AFC5-68CBE672DAE4}.Debug|Any CPU.ActiveCfg = Debug|Any CPU
		{99F8B837-19AE-4299-AFC5-68CBE672DAE4}.Debug|Any CPU.Build.0 = Debug|Any CPU
		{99F8B837-19AE-4299-AFC5-68CBE672DAE4}.Release|Any CPU.ActiveCfg = Release|Any CPU
		{99F8B837-19AE-4299-AFC5-68CBE672DAE4}.Release|Any CPU.Build.0 = Release|Any CPU
	EndGlobalSection
	GlobalSection(SolutionProperties) = preSolution
		HideSolutionNode = FALSE
	EndGlobalSection
	GlobalSection(ExtensibilityGlobals) = postSolution
		SolutionGuid = {E98638F2-3483-46CC-9AB4-1D614078340F}
	EndGlobalSection
EndGlobal
