
Microsoft Visual Studio Solution File, Format Version 12.00
# Visual Studio 15
VisualStudioVersion = 15.0.28307.1082
MinimumVisualStudioVersion = 10.0.40219.1
Project("{FAE04EC0-301F-11D3-BF4B-00C04F79EFBC}") = "SkillTree", "SkillTreeInfo\SkillTree.csproj", "{1C4FBB5E-E311-4B16-B70C-CE4AC49461A2}"
EndProject
Project("{FAE04EC0-301F-11D3-BF4B-00C04F79EFBC}") = "SkillBoard", "SkillBoard\SkillBoard.csproj", "{8CAABF76-8E69-4AEB-9504-53045D8EF72C}"
EndProject
Global
	GlobalSection(SolutionConfigurationPlatforms) = preSolution
		Debug|Any CPU = Debug|Any CPU
		Release|Any CPU = Release|Any CPU
	EndGlobalSection
	GlobalSection(ProjectConfigurationPlatforms) = postSolution
		{1C4FBB5E-E311-4B16-B70C-CE4AC49461A2}.Debug|Any CPU.ActiveCfg = Debug|Any CPU
		{1C4FBB5E-E311-4B16-B70C-CE4AC49461A2}.Debug|Any CPU.Build.0 = Debug|Any CPU
		{1C4FBB5E-E311-4B16-B70C-CE4AC49461A2}.Release|Any CPU.ActiveCfg = Release|Any CPU
		{1C4FBB5E-E311-4B16-B70C-CE4AC49461A2}.Release|Any CPU.Build.0 = Release|Any CPU
		{8CAABF76-8E69-4AEB-9504-53045D8EF72C}.Debug|Any CPU.ActiveCfg = Debug|Any CPU
		{8CAABF76-8E69-4AEB-9504-53045D8EF72C}.Debug|Any CPU.Build.0 = Debug|Any CPU
		{8CAABF76-8E69-4AEB-9504-53045D8EF72C}.Release|Any CPU.ActiveCfg = Release|Any CPU
		{8CAABF76-8E69-4AEB-9504-53045D8EF72C}.Release|Any CPU.Build.0 = Release|Any CPU
	EndGlobalSection
	GlobalSection(SolutionProperties) = preSolution
		HideSolutionNode = FALSE
	EndGlobalSection
	GlobalSection(ExtensibilityGlobals) = postSolution
		SolutionGuid = {E841BABB-E51F-4AF4-82E0-2A4C63C28291}
	EndGlobalSection
EndGlobal
