
Microsoft Visual Studio Solution File, Format Version 12.00
# Visual Studio Version 16
VisualStudioVersion = 16.0.29025.244
MinimumVisualStudioVersion = 10.0.40219.1
Project("{FAE04EC0-301F-11D3-BF4B-00C04F79EFBC}") = "GuitarShopV2", "GuitarShopV2\GuitarShopV2.csproj", "{02ADA5BD-3B6C-4167-BAD4-0807F62D3E3A}"
EndProject
Global
	GlobalSection(SolutionConfigurationPlatforms) = preSolution
		Debug|Any CPU = Debug|Any CPU
		Release|Any CPU = Release|Any CPU
	EndGlobalSection
	GlobalSection(ProjectConfigurationPlatforms) = postSolution
		{02ADA5BD-3B6C-4167-BAD4-0807F62D3E3A}.Debug|Any CPU.ActiveCfg = Debug|Any CPU
		{02ADA5BD-3B6C-4167-BAD4-0807F62D3E3A}.Debug|Any CPU.Build.0 = Debug|Any CPU
		{02ADA5BD-3B6C-4167-BAD4-0807F62D3E3A}.Release|Any CPU.ActiveCfg = Release|Any CPU
		{02ADA5BD-3B6C-4167-BAD4-0807F62D3E3A}.Release|Any CPU.Build.0 = Release|Any CPU
	EndGlobalSection
	GlobalSection(SolutionProperties) = preSolution
		HideSolutionNode = FALSE
	EndGlobalSection
	GlobalSection(ExtensibilityGlobals) = postSolution
		SolutionGuid = {6D872760-9573-4CD9-95C0-E41F21887D53}
	EndGlobalSection
EndGlobal
