
Microsoft Visual Studio Solution File, Format Version 12.00
# Visual Studio 2013
VisualStudioVersion = 12.0.31101.0
MinimumVisualStudioVersion = 10.0.40219.1
Project("{FAE04EC0-301F-11D3-BF4B-00C04F79EFBC}") = "Stack", "Stack\Stack.csproj", "{0BF6C1C3-2067-4058-8A50-A11DDB2D6CDD}"
EndProject
Project("{FAE04EC0-301F-11D3-BF4B-00C04F79EFBC}") = "StackTests", "StackTests\StackTests.csproj", "{17E20C92-B64B-4B92-91E7-5D190AD5754D}"
EndProject
Global
	GlobalSection(SolutionConfigurationPlatforms) = preSolution
		Debug|Any CPU = Debug|Any CPU
		Release|Any CPU = Release|Any CPU
	EndGlobalSection
	GlobalSection(ProjectConfigurationPlatforms) = postSolution
		{0BF6C1C3-2067-4058-8A50-A11DDB2D6CDD}.Debug|Any CPU.ActiveCfg = Debug|Any CPU
		{0BF6C1C3-2067-4058-8A50-A11DDB2D6CDD}.Debug|Any CPU.Build.0 = Debug|Any CPU
		{0BF6C1C3-2067-4058-8A50-A11DDB2D6CDD}.Release|Any CPU.ActiveCfg = Release|Any CPU
		{0BF6C1C3-2067-4058-8A50-A11DDB2D6CDD}.Release|Any CPU.Build.0 = Release|Any CPU
		{17E20C92-B64B-4B92-91E7-5D190AD5754D}.Debug|Any CPU.ActiveCfg = Debug|Any CPU
		{17E20C92-B64B-4B92-91E7-5D190AD5754D}.Debug|Any CPU.Build.0 = Debug|Any CPU
		{17E20C92-B64B-4B92-91E7-5D190AD5754D}.Release|Any CPU.ActiveCfg = Release|Any CPU
		{17E20C92-B64B-4B92-91E7-5D190AD5754D}.Release|Any CPU.Build.0 = Release|Any CPU
	EndGlobalSection
	GlobalSection(SolutionProperties) = preSolution
		HideSolutionNode = FALSE
	EndGlobalSection
EndGlobal
