
Microsoft Visual Studio Solution File, Format Version 12.00
# Visual Studio 2012
Project("{FAE04EC0-301F-11D3-BF4B-00C04F79EFBC}") = "Hospital", "Hospital\Hospital.csproj", "{BC9E0857-6290-4529-90B4-7170635949CC}"
EndProject
Project("{FAE04EC0-301F-11D3-BF4B-00C04F79EFBC}") = "Shared", "Shared\Shared.csproj", "{90CD0998-89B8-4F3C-B3E4-4A378AEDE315}"
EndProject
Project("{2150E333-8FDC-42A3-9474-1A3956D46DE8}") = "Printers", "Printers", "{5B6301BC-0965-4648-97F9-0217A4C0376B}"
EndProject
Project("{FAE04EC0-301F-11D3-BF4B-00C04F79EFBC}") = "TxtPrinter", "Printers\TxtPrinter\TxtPrinter.csproj", "{2D4E341E-8DA7-43C3-816E-8F8D8F4D867D}"
EndProject
Project("{FAE04EC0-301F-11D3-BF4B-00C04F79EFBC}") = "PrintersLoader", "PrintersLoader\PrintersLoader.csproj", "{9D63F230-45C4-4610-AA47-EFC21C450C70}"
EndProject
Project("{FAE04EC0-301F-11D3-BF4B-00C04F79EFBC}") = "HospitalDAL", "HospitalDAL\HospitalDAL.csproj", "{048A30B7-BBCC-49A3-94C8-C9585C29CA1E}"
EndProject
Project("{FAE04EC0-301F-11D3-BF4B-00C04F79EFBC}") = "ListFormatter", "ListFormatter\ListFormatter.csproj", "{91E7EB0C-253F-44D9-B205-282419EDE777}"
EndProject
Project("{FAE04EC0-301F-11D3-BF4B-00C04F79EFBC}") = "Hospital.Tests", "Hospital.Tests\Hospital.Tests.csproj", "{E70CC620-809A-4AD1-91F8-E0402AD255A2}"
EndProject
Project("{FAE04EC0-301F-11D3-BF4B-00C04F79EFBC}") = "TemplateFiller", "TemplateFiller\TemplateFiller.csproj", "{49AACADB-94E1-47DB-A870-16ADADDBBA66}"
EndProject
Project("{FAE04EC0-301F-11D3-BF4B-00C04F79EFBC}") = "DocxPrinter", "Printers\DocxPrinter\DocxPrinter.csproj", "{7FEE662A-D81E-4D88-8B6C-62B405116CCE}"
EndProject
Project("{FAE04EC0-301F-11D3-BF4B-00C04F79EFBC}") = "PdfPrinter", "Printers\PdfPrinter\PdfPrinter.csproj", "{E88C4164-E278-4D06-A537-563CE3C73046}"
EndProject
Project("{FAE04EC0-301F-11D3-BF4B-00C04F79EFBC}") = "PngPrinter", "Printers\PngPrinter\PngPrinter.csproj", "{EF84779C-FF05-4C1C-A474-4930A0842642}"
EndProject
Project("{FAE04EC0-301F-11D3-BF4B-00C04F79EFBC}") = "TiffPrinter", "Printers\TiffPrinter\TiffPrinter.csproj", "{2B84F69E-0442-4F65-91A0-175547DA0BDF}"
EndProject
Project("{FAE04EC0-301F-11D3-BF4B-00C04F79EFBC}") = "RtfPrinter", "Printers\RtfPrinter\RtfPrinter.csproj", "{C7E0DBD3-BAEE-4D68-BAFC-86CB120CDA1E}"
EndProject
Global
	GlobalSection(SolutionConfigurationPlatforms) = preSolution
		Debug|Any CPU = Debug|Any CPU
		Release|Any CPU = Release|Any CPU
	EndGlobalSection
	GlobalSection(ProjectConfigurationPlatforms) = postSolution
		{BC9E0857-6290-4529-90B4-7170635949CC}.Debug|Any CPU.ActiveCfg = Debug|Any CPU
		{BC9E0857-6290-4529-90B4-7170635949CC}.Debug|Any CPU.Build.0 = Debug|Any CPU
		{BC9E0857-6290-4529-90B4-7170635949CC}.Release|Any CPU.ActiveCfg = Release|Any CPU
		{BC9E0857-6290-4529-90B4-7170635949CC}.Release|Any CPU.Build.0 = Release|Any CPU
		{90CD0998-89B8-4F3C-B3E4-4A378AEDE315}.Debug|Any CPU.ActiveCfg = Debug|Any CPU
		{90CD0998-89B8-4F3C-B3E4-4A378AEDE315}.Debug|Any CPU.Build.0 = Debug|Any CPU
		{90CD0998-89B8-4F3C-B3E4-4A378AEDE315}.Release|Any CPU.ActiveCfg = Release|Any CPU
		{90CD0998-89B8-4F3C-B3E4-4A378AEDE315}.Release|Any CPU.Build.0 = Release|Any CPU
		{2D4E341E-8DA7-43C3-816E-8F8D8F4D867D}.Debug|Any CPU.ActiveCfg = Debug|Any CPU
		{2D4E341E-8DA7-43C3-816E-8F8D8F4D867D}.Debug|Any CPU.Build.0 = Debug|Any CPU
		{2D4E341E-8DA7-43C3-816E-8F8D8F4D867D}.Release|Any CPU.ActiveCfg = Release|Any CPU
		{2D4E341E-8DA7-43C3-816E-8F8D8F4D867D}.Release|Any CPU.Build.0 = Release|Any CPU
		{9D63F230-45C4-4610-AA47-EFC21C450C70}.Debug|Any CPU.ActiveCfg = Debug|Any CPU
		{9D63F230-45C4-4610-AA47-EFC21C450C70}.Debug|Any CPU.Build.0 = Debug|Any CPU
		{9D63F230-45C4-4610-AA47-EFC21C450C70}.Release|Any CPU.ActiveCfg = Release|Any CPU
		{9D63F230-45C4-4610-AA47-EFC21C450C70}.Release|Any CPU.Build.0 = Release|Any CPU
		{048A30B7-BBCC-49A3-94C8-C9585C29CA1E}.Debug|Any CPU.ActiveCfg = Debug|Any CPU
		{048A30B7-BBCC-49A3-94C8-C9585C29CA1E}.Debug|Any CPU.Build.0 = Debug|Any CPU
		{048A30B7-BBCC-49A3-94C8-C9585C29CA1E}.Release|Any CPU.ActiveCfg = Release|Any CPU
		{048A30B7-BBCC-49A3-94C8-C9585C29CA1E}.Release|Any CPU.Build.0 = Release|Any CPU
		{91E7EB0C-253F-44D9-B205-282419EDE777}.Debug|Any CPU.ActiveCfg = Debug|Any CPU
		{91E7EB0C-253F-44D9-B205-282419EDE777}.Debug|Any CPU.Build.0 = Debug|Any CPU
		{91E7EB0C-253F-44D9-B205-282419EDE777}.Release|Any CPU.ActiveCfg = Release|Any CPU
		{91E7EB0C-253F-44D9-B205-282419EDE777}.Release|Any CPU.Build.0 = Release|Any CPU
		{E70CC620-809A-4AD1-91F8-E0402AD255A2}.Debug|Any CPU.ActiveCfg = Debug|Any CPU
		{E70CC620-809A-4AD1-91F8-E0402AD255A2}.Debug|Any CPU.Build.0 = Debug|Any CPU
		{E70CC620-809A-4AD1-91F8-E0402AD255A2}.Release|Any CPU.ActiveCfg = Release|Any CPU
		{E70CC620-809A-4AD1-91F8-E0402AD255A2}.Release|Any CPU.Build.0 = Release|Any CPU
		{49AACADB-94E1-47DB-A870-16ADADDBBA66}.Debug|Any CPU.ActiveCfg = Debug|Any CPU
		{49AACADB-94E1-47DB-A870-16ADADDBBA66}.Debug|Any CPU.Build.0 = Debug|Any CPU
		{49AACADB-94E1-47DB-A870-16ADADDBBA66}.Release|Any CPU.ActiveCfg = Release|Any CPU
		{49AACADB-94E1-47DB-A870-16ADADDBBA66}.Release|Any CPU.Build.0 = Release|Any CPU
		{7FEE662A-D81E-4D88-8B6C-62B405116CCE}.Debug|Any CPU.ActiveCfg = Debug|Any CPU
		{7FEE662A-D81E-4D88-8B6C-62B405116CCE}.Debug|Any CPU.Build.0 = Debug|Any CPU
		{7FEE662A-D81E-4D88-8B6C-62B405116CCE}.Release|Any CPU.ActiveCfg = Release|Any CPU
		{7FEE662A-D81E-4D88-8B6C-62B405116CCE}.Release|Any CPU.Build.0 = Release|Any CPU
		{E88C4164-E278-4D06-A537-563CE3C73046}.Debug|Any CPU.ActiveCfg = Debug|Any CPU
		{E88C4164-E278-4D06-A537-563CE3C73046}.Debug|Any CPU.Build.0 = Debug|Any CPU
		{E88C4164-E278-4D06-A537-563CE3C73046}.Release|Any CPU.ActiveCfg = Release|Any CPU
		{E88C4164-E278-4D06-A537-563CE3C73046}.Release|Any CPU.Build.0 = Release|Any CPU
		{EF84779C-FF05-4C1C-A474-4930A0842642}.Debug|Any CPU.ActiveCfg = Debug|Any CPU
		{EF84779C-FF05-4C1C-A474-4930A0842642}.Debug|Any CPU.Build.0 = Debug|Any CPU
		{EF84779C-FF05-4C1C-A474-4930A0842642}.Release|Any CPU.ActiveCfg = Release|Any CPU
		{EF84779C-FF05-4C1C-A474-4930A0842642}.Release|Any CPU.Build.0 = Release|Any CPU
		{2B84F69E-0442-4F65-91A0-175547DA0BDF}.Debug|Any CPU.ActiveCfg = Debug|Any CPU
		{2B84F69E-0442-4F65-91A0-175547DA0BDF}.Debug|Any CPU.Build.0 = Debug|Any CPU
		{2B84F69E-0442-4F65-91A0-175547DA0BDF}.Release|Any CPU.ActiveCfg = Release|Any CPU
		{2B84F69E-0442-4F65-91A0-175547DA0BDF}.Release|Any CPU.Build.0 = Release|Any CPU
		{C7E0DBD3-BAEE-4D68-BAFC-86CB120CDA1E}.Debug|Any CPU.ActiveCfg = Debug|Any CPU
		{C7E0DBD3-BAEE-4D68-BAFC-86CB120CDA1E}.Debug|Any CPU.Build.0 = Debug|Any CPU
		{C7E0DBD3-BAEE-4D68-BAFC-86CB120CDA1E}.Release|Any CPU.ActiveCfg = Release|Any CPU
		{C7E0DBD3-BAEE-4D68-BAFC-86CB120CDA1E}.Release|Any CPU.Build.0 = Release|Any CPU
	EndGlobalSection
	GlobalSection(SolutionProperties) = preSolution
		HideSolutionNode = FALSE
	EndGlobalSection
	GlobalSection(NestedProjects) = preSolution
		{2D4E341E-8DA7-43C3-816E-8F8D8F4D867D} = {5B6301BC-0965-4648-97F9-0217A4C0376B}
		{7FEE662A-D81E-4D88-8B6C-62B405116CCE} = {5B6301BC-0965-4648-97F9-0217A4C0376B}
		{E88C4164-E278-4D06-A537-563CE3C73046} = {5B6301BC-0965-4648-97F9-0217A4C0376B}
		{EF84779C-FF05-4C1C-A474-4930A0842642} = {5B6301BC-0965-4648-97F9-0217A4C0376B}
		{2B84F69E-0442-4F65-91A0-175547DA0BDF} = {5B6301BC-0965-4648-97F9-0217A4C0376B}
		{C7E0DBD3-BAEE-4D68-BAFC-86CB120CDA1E} = {5B6301BC-0965-4648-97F9-0217A4C0376B}
	EndGlobalSection
EndGlobal
