
Microsoft Visual Studio Solution File, Format Version 12.00
# Visual Studio Version 16
VisualStudioVersion = 16.0.29102.190
MinimumVisualStudioVersion = 10.0.40219.1
Project("{FAE04EC0-301F-11D3-BF4B-00C04F79EFBC}") = "MySetLib", "MySetLib\MySetLib.csproj", "{7CC2BBAF-0153-4EA8-8027-6D144425DAC7}"
EndProject
Project("{FAE04EC0-301F-11D3-BF4B-00C04F79EFBC}") = "MySetLibTests", "MySetLibTests\MySetLibTests.csproj", "{261D6BF9-DFE2-40B3-95A7-67590B9679AB}"
EndProject
Global
	GlobalSection(SolutionConfigurationPlatforms) = preSolution
		Debug|Any CPU = Debug|Any CPU
		Release|Any CPU = Release|Any CPU
	EndGlobalSection
	GlobalSection(ProjectConfigurationPlatforms) = postSolution
		{7CC2BBAF-0153-4EA8-8027-6D144425DAC7}.Debug|Any CPU.ActiveCfg = Debug|Any CPU
		{7CC2BBAF-0153-4EA8-8027-6D144425DAC7}.Debug|Any CPU.Build.0 = Debug|Any CPU
		{7CC2BBAF-0153-4EA8-8027-6D144425DAC7}.Release|Any CPU.ActiveCfg = Release|Any CPU
		{7CC2BBAF-0153-4EA8-8027-6D144425DAC7}.Release|Any CPU.Build.0 = Release|Any CPU
		{261D6BF9-DFE2-40B3-95A7-67590B9679AB}.Debug|Any CPU.ActiveCfg = Debug|Any CPU
		{261D6BF9-DFE2-40B3-95A7-67590B9679AB}.Debug|Any CPU.Build.0 = Debug|Any CPU
		{261D6BF9-DFE2-40B3-95A7-67590B9679AB}.Release|Any CPU.ActiveCfg = Release|Any CPU
		{261D6BF9-DFE2-40B3-95A7-67590B9679AB}.Release|Any CPU.Build.0 = Release|Any CPU
	EndGlobalSection
	GlobalSection(SolutionProperties) = preSolution
		HideSolutionNode = FALSE
	EndGlobalSection
	GlobalSection(ExtensibilityGlobals) = postSolution
		SolutionGuid = {058D59FB-86AA-4FC2-9A42-2E1B390F7DF9}
	EndGlobalSection
EndGlobal
