
Microsoft Visual Studio Solution File, Format Version 12.00
# Visual Studio Version 16
VisualStudioVersion = 16.0.29102.190
MinimumVisualStudioVersion = 10.0.40219.1
Project("{FAE04EC0-301F-11D3-BF4B-00C04F79EFBC}") = "IteratorLib", "IteratorLib\IteratorLib.csproj", "{760280B7-88D7-4AD2-86E9-F3F79C23A4DE}"
EndProject
Project("{FAE04EC0-301F-11D3-BF4B-00C04F79EFBC}") = "IteratorTest", "IteratorTest\IteratorTest.csproj", "{A353A2BF-4450-47A8-81D9-FE159FB55643}"
EndProject
Global
	GlobalSection(SolutionConfigurationPlatforms) = preSolution
		Debug|Any CPU = Debug|Any CPU
		Release|Any CPU = Release|Any CPU
	EndGlobalSection
	GlobalSection(ProjectConfigurationPlatforms) = postSolution
		{760280B7-88D7-4AD2-86E9-F3F79C23A4DE}.Debug|Any CPU.ActiveCfg = Debug|Any CPU
		{760280B7-88D7-4AD2-86E9-F3F79C23A4DE}.Debug|Any CPU.Build.0 = Debug|Any CPU
		{760280B7-88D7-4AD2-86E9-F3F79C23A4DE}.Release|Any CPU.ActiveCfg = Release|Any CPU
		{760280B7-88D7-4AD2-86E9-F3F79C23A4DE}.Release|Any CPU.Build.0 = Release|Any CPU
		{A353A2BF-4450-47A8-81D9-FE159FB55643}.Debug|Any CPU.ActiveCfg = Debug|Any CPU
		{A353A2BF-4450-47A8-81D9-FE159FB55643}.Debug|Any CPU.Build.0 = Debug|Any CPU
		{A353A2BF-4450-47A8-81D9-FE159FB55643}.Release|Any CPU.ActiveCfg = Release|Any CPU
		{A353A2BF-4450-47A8-81D9-FE159FB55643}.Release|Any CPU.Build.0 = Release|Any CPU
	EndGlobalSection
	GlobalSection(SolutionProperties) = preSolution
		HideSolutionNode = FALSE
	EndGlobalSection
	GlobalSection(ExtensibilityGlobals) = postSolution
		SolutionGuid = {F03A5D7C-FC86-4B0B-B716-5A8A7B621D01}
	EndGlobalSection
EndGlobal
