
Microsoft Visual Studio Solution File, Format Version 12.00
# Visual Studio 2012
Project("{FAE04EC0-301F-11D3-BF4B-00C04F79EFBC}") = "Heap.Tests", "Heap.Tests\Heap.Tests.csproj", "{E283722A-A6C2-4B2B-9B1E-FA17A03D50A5}"
EndProject
Project("{FAE04EC0-301F-11D3-BF4B-00C04F79EFBC}") = "Heap", "Heap\Heap.csproj", "{A21AE188-693E-4901-93F8-C0757FAA1456}"
EndProject
Global
	GlobalSection(SolutionConfigurationPlatforms) = preSolution
		Debug|Any CPU = Debug|Any CPU
		Release|Any CPU = Release|Any CPU
	EndGlobalSection
	GlobalSection(ProjectConfigurationPlatforms) = postSolution
		{E283722A-A6C2-4B2B-9B1E-FA17A03D50A5}.Debug|Any CPU.ActiveCfg = Debug|Any CPU
		{E283722A-A6C2-4B2B-9B1E-FA17A03D50A5}.Debug|Any CPU.Build.0 = Debug|Any CPU
		{E283722A-A6C2-4B2B-9B1E-FA17A03D50A5}.Release|Any CPU.ActiveCfg = Release|Any CPU
		{E283722A-A6C2-4B2B-9B1E-FA17A03D50A5}.Release|Any CPU.Build.0 = Release|Any CPU
		{A21AE188-693E-4901-93F8-C0757FAA1456}.Debug|Any CPU.ActiveCfg = Debug|Any CPU
		{A21AE188-693E-4901-93F8-C0757FAA1456}.Debug|Any CPU.Build.0 = Debug|Any CPU
		{A21AE188-693E-4901-93F8-C0757FAA1456}.Release|Any CPU.ActiveCfg = Release|Any CPU
		{A21AE188-693E-4901-93F8-C0757FAA1456}.Release|Any CPU.Build.0 = Release|Any CPU
	EndGlobalSection
	GlobalSection(SolutionProperties) = preSolution
		HideSolutionNode = FALSE
	EndGlobalSection
EndGlobal
