
Microsoft Visual Studio Solution File, Format Version 12.00
# Visual Studio Version 16
VisualStudioVersion = 16.0.30011.22
MinimumVisualStudioVersion = 10.0.40219.1
Project("{9A19103F-16F7-4668-BE54-9A1E7A4F7556}") = "ToDoHost", "ToDoHost\ToDoHost.csproj", "{D5545588-C3D7-4F00-A985-0E0E8090A440}"
EndProject
Project("{9A19103F-16F7-4668-BE54-9A1E7A4F7556}") = "TodoServerTest", "TestTODO\TodoServerTest.csproj", "{15AE17D7-D26C-4D3D-96FA-65CBA666B270}"
EndProject
Project("{9A19103F-16F7-4668-BE54-9A1E7A4F7556}") = "MyTODO", "MyTODO\MyTODO.csproj", "{3BA78928-A63A-4934-BB5C-34B32B271530}"
EndProject
Global
	GlobalSection(SolutionConfigurationPlatforms) = preSolution
		Debug|Any CPU = Debug|Any CPU
		Release|Any CPU = Release|Any CPU
	EndGlobalSection
	GlobalSection(ProjectConfigurationPlatforms) = postSolution
		{D5545588-C3D7-4F00-A985-0E0E8090A440}.Debug|Any CPU.ActiveCfg = Debug|Any CPU
		{D5545588-C3D7-4F00-A985-0E0E8090A440}.Debug|Any CPU.Build.0 = Debug|Any CPU
		{D5545588-C3D7-4F00-A985-0E0E8090A440}.Release|Any CPU.ActiveCfg = Release|Any CPU
		{D5545588-C3D7-4F00-A985-0E0E8090A440}.Release|Any CPU.Build.0 = Release|Any CPU
		{15AE17D7-D26C-4D3D-96FA-65CBA666B270}.Debug|Any CPU.ActiveCfg = Debug|Any CPU
		{15AE17D7-D26C-4D3D-96FA-65CBA666B270}.Debug|Any CPU.Build.0 = Debug|Any CPU
		{15AE17D7-D26C-4D3D-96FA-65CBA666B270}.Release|Any CPU.ActiveCfg = Release|Any CPU
		{15AE17D7-D26C-4D3D-96FA-65CBA666B270}.Release|Any CPU.Build.0 = Release|Any CPU
		{3BA78928-A63A-4934-BB5C-34B32B271530}.Debug|Any CPU.ActiveCfg = Debug|Any CPU
		{3BA78928-A63A-4934-BB5C-34B32B271530}.Debug|Any CPU.Build.0 = Debug|Any CPU
		{3BA78928-A63A-4934-BB5C-34B32B271530}.Release|Any CPU.ActiveCfg = Release|Any CPU
		{3BA78928-A63A-4934-BB5C-34B32B271530}.Release|Any CPU.Build.0 = Release|Any CPU
	EndGlobalSection
	GlobalSection(SolutionProperties) = preSolution
		HideSolutionNode = FALSE
	EndGlobalSection
	GlobalSection(ExtensibilityGlobals) = postSolution
		SolutionGuid = {3EB5C2FD-86F8-4B7D-9DD5-A508292E5FB5}
	EndGlobalSection
EndGlobal
