
Microsoft Visual Studio Solution File, Format Version 12.00
# Visual Studio 14
VisualStudioVersion = 14.0.23107.0
MinimumVisualStudioVersion = 10.0.40219.1
Project("{FAE04EC0-301F-11D3-BF4B-00C04F79EFBC}") = "mp3tager", "mp3tag\mp3tager.csproj", "{F059AD3F-51A3-492C-A7C2-CC17E623E747}"
EndProject
Project("{FAE04EC0-301F-11D3-BF4B-00C04F79EFBC}") = "Mp3TagLib", "Mp3TagLib\Mp3TagLib.csproj", "{20AE039A-1792-4DD4-8DD5-F4D6AB919485}"
EndProject
Project("{FAE04EC0-301F-11D3-BF4B-00C04F79EFBC}") = "Mp3TagTest", "Mp3TagLibTest\Mp3TagTest.csproj", "{D0F29B65-F35A-437F-B48C-8E77A8F04624}"
EndProject
Project("{2150E333-8FDC-42A3-9474-1A3956D46DE8}") = "Tests", "Tests", "{8B7C7F4C-E605-4F09-BF94-D536DF9DDA77}"
EndProject
Global
	GlobalSection(SolutionConfigurationPlatforms) = preSolution
		Debug|Any CPU = Debug|Any CPU
		Release|Any CPU = Release|Any CPU
	EndGlobalSection
	GlobalSection(ProjectConfigurationPlatforms) = postSolution
		{F059AD3F-51A3-492C-A7C2-CC17E623E747}.Debug|Any CPU.ActiveCfg = Debug|Any CPU
		{F059AD3F-51A3-492C-A7C2-CC17E623E747}.Debug|Any CPU.Build.0 = Debug|Any CPU
		{F059AD3F-51A3-492C-A7C2-CC17E623E747}.Release|Any CPU.ActiveCfg = Release|Any CPU
		{F059AD3F-51A3-492C-A7C2-CC17E623E747}.Release|Any CPU.Build.0 = Release|Any CPU
		{20AE039A-1792-4DD4-8DD5-F4D6AB919485}.Debug|Any CPU.ActiveCfg = Debug|Any CPU
		{20AE039A-1792-4DD4-8DD5-F4D6AB919485}.Debug|Any CPU.Build.0 = Debug|Any CPU
		{20AE039A-1792-4DD4-8DD5-F4D6AB919485}.Release|Any CPU.ActiveCfg = Release|Any CPU
		{20AE039A-1792-4DD4-8DD5-F4D6AB919485}.Release|Any CPU.Build.0 = Release|Any CPU
		{D0F29B65-F35A-437F-B48C-8E77A8F04624}.Debug|Any CPU.ActiveCfg = Debug|Any CPU
		{D0F29B65-F35A-437F-B48C-8E77A8F04624}.Debug|Any CPU.Build.0 = Debug|Any CPU
		{D0F29B65-F35A-437F-B48C-8E77A8F04624}.Release|Any CPU.ActiveCfg = Release|Any CPU
		{D0F29B65-F35A-437F-B48C-8E77A8F04624}.Release|Any CPU.Build.0 = Release|Any CPU
	EndGlobalSection
	GlobalSection(SolutionProperties) = preSolution
		HideSolutionNode = FALSE
	EndGlobalSection
	GlobalSection(NestedProjects) = preSolution
		{D0F29B65-F35A-437F-B48C-8E77A8F04624} = {8B7C7F4C-E605-4F09-BF94-D536DF9DDA77}
	EndGlobalSection
EndGlobal
