
Microsoft Visual Studio Solution File, Format Version 12.00
# Visual Studio Version 16
VisualStudioVersion = 16.0.31515.178
MinimumVisualStudioVersion = 10.0.40219.1
Project("{2150E333-8FDC-42A3-9474-1A3956D46DE8}") = "client", "client", "{39E665A7-9902-4595-87F7-40012B1A9708}"
EndProject
Project("{9A19103F-16F7-4668-BE54-9A1E7A4F7556}") = "ToDoListClientTests", "ToDoListClientTests\ToDoListClientTests.csproj", "{B202F6A5-0C6C-43E9-A71D-4D57CC315391}"
EndProject
Project("{FAE04EC0-301F-11D3-BF4B-00C04F79EFBC}") = "ToDoApp", "ToDoApp\ToDoApp.csproj", "{4A8CF037-A45B-4005-91A7-D3F0B3ACF1FC}"
EndProject
Project("{FAE04EC0-301F-11D3-BF4B-00C04F79EFBC}") = "InputOutputManagers", "InputOutputManagers\InputOutputManagers.csproj", "{7D76172C-1EDA-4B75-8F7E-AB58683513F6}"
EndProject
Global
	GlobalSection(SolutionConfigurationPlatforms) = preSolution
		Debug|Any CPU = Debug|Any CPU
		Release|Any CPU = Release|Any CPU
	EndGlobalSection
	GlobalSection(ProjectConfigurationPlatforms) = postSolution
		{B202F6A5-0C6C-43E9-A71D-4D57CC315391}.Debug|Any CPU.ActiveCfg = Debug|Any CPU
		{B202F6A5-0C6C-43E9-A71D-4D57CC315391}.Debug|Any CPU.Build.0 = Debug|Any CPU
		{B202F6A5-0C6C-43E9-A71D-4D57CC315391}.Release|Any CPU.ActiveCfg = Release|Any CPU
		{B202F6A5-0C6C-43E9-A71D-4D57CC315391}.Release|Any CPU.Build.0 = Release|Any CPU
		{4A8CF037-A45B-4005-91A7-D3F0B3ACF1FC}.Debug|Any CPU.ActiveCfg = Debug|Any CPU
		{4A8CF037-A45B-4005-91A7-D3F0B3ACF1FC}.Debug|Any CPU.Build.0 = Debug|Any CPU
		{4A8CF037-A45B-4005-91A7-D3F0B3ACF1FC}.Release|Any CPU.ActiveCfg = Release|Any CPU
		{4A8CF037-A45B-4005-91A7-D3F0B3ACF1FC}.Release|Any CPU.Build.0 = Release|Any CPU
		{7D76172C-1EDA-4B75-8F7E-AB58683513F6}.Debug|Any CPU.ActiveCfg = Debug|Any CPU
		{7D76172C-1EDA-4B75-8F7E-AB58683513F6}.Debug|Any CPU.Build.0 = Debug|Any CPU
		{7D76172C-1EDA-4B75-8F7E-AB58683513F6}.Release|Any CPU.ActiveCfg = Release|Any CPU
		{7D76172C-1EDA-4B75-8F7E-AB58683513F6}.Release|Any CPU.Build.0 = Release|Any CPU
	EndGlobalSection
	GlobalSection(SolutionProperties) = preSolution
		HideSolutionNode = FALSE
	EndGlobalSection
	GlobalSection(NestedProjects) = preSolution
		{B202F6A5-0C6C-43E9-A71D-4D57CC315391} = {39E665A7-9902-4595-87F7-40012B1A9708}
		{4A8CF037-A45B-4005-91A7-D3F0B3ACF1FC} = {39E665A7-9902-4595-87F7-40012B1A9708}
		{7D76172C-1EDA-4B75-8F7E-AB58683513F6} = {39E665A7-9902-4595-87F7-40012B1A9708}
	EndGlobalSection
	GlobalSection(ExtensibilityGlobals) = postSolution
		SolutionGuid = {B8A9E9AF-AC7E-4187-9106-894D9F32C902}
	EndGlobalSection
EndGlobal
