
Microsoft Visual Studio Solution File, Format Version 12.00
# Visual Studio Version 16
VisualStudioVersion = 16.0.30225.117
MinimumVisualStudioVersion = 10.0.40219.1
Project("{FAE04EC0-301F-11D3-BF4B-00C04F79EFBC}") = "BillSplitter", "BillSplitter\BillSplitter.csproj", "{22BB60EC-8CCA-4D83-A040-CC4D51CEFF55}"
EndProject
Global
	GlobalSection(SolutionConfigurationPlatforms) = preSolution
		Debug|Any CPU = Debug|Any CPU
		Release|Any CPU = Release|Any CPU
	EndGlobalSection
	GlobalSection(ProjectConfigurationPlatforms) = postSolution
		{22BB60EC-8CCA-4D83-A040-CC4D51CEFF55}.Debug|Any CPU.ActiveCfg = Debug|Any CPU
		{22BB60EC-8CCA-4D83-A040-CC4D51CEFF55}.Debug|Any CPU.Build.0 = Debug|Any CPU
		{22BB60EC-8CCA-4D83-A040-CC4D51CEFF55}.Release|Any CPU.ActiveCfg = Release|Any CPU
		{22BB60EC-8CCA-4D83-A040-CC4D51CEFF55}.Release|Any CPU.Build.0 = Release|Any CPU
	EndGlobalSection
	GlobalSection(SolutionProperties) = preSolution
		HideSolutionNode = FALSE
	EndGlobalSection
	GlobalSection(ExtensibilityGlobals) = postSolution
		SolutionGuid = {0FFCCAB5-FDE4-4B63-A981-F1835B50B4CB}
	EndGlobalSection
EndGlobal
