
Microsoft Visual Studio Solution File, Format Version 12.00
# Visual Studio 15
VisualStudioVersion = 15.0.27703.2018
MinimumVisualStudioVersion = 10.0.40219.1
Project("{FAE04EC0-301F-11D3-BF4B-00C04F79EFBC}") = "ConsoleTournament", "ConsoleTournament\ConsoleTournament.csproj", "{25E1F724-EBD6-4E92-BA83-0AF153516537}"
EndProject
Global
	GlobalSection(SolutionConfigurationPlatforms) = preSolution
		Debug|Any CPU = Debug|Any CPU
		Release|Any CPU = Release|Any CPU
	EndGlobalSection
	GlobalSection(ProjectConfigurationPlatforms) = postSolution
		{25E1F724-EBD6-4E92-BA83-0AF153516537}.Debug|Any CPU.ActiveCfg = Debug|Any CPU
		{25E1F724-EBD6-4E92-BA83-0AF153516537}.Debug|Any CPU.Build.0 = Debug|Any CPU
		{25E1F724-EBD6-4E92-BA83-0AF153516537}.Release|Any CPU.ActiveCfg = Release|Any CPU
		{25E1F724-EBD6-4E92-BA83-0AF153516537}.Release|Any CPU.Build.0 = Release|Any CPU
	EndGlobalSection
	GlobalSection(SolutionProperties) = preSolution
		HideSolutionNode = FALSE
	EndGlobalSection
	GlobalSection(ExtensibilityGlobals) = postSolution
		SolutionGuid = {11E07520-DDD2-4898-994B-29301405B379}
	EndGlobalSection
EndGlobal
