
Microsoft Visual Studio Solution File, Format Version 12.00
# Visual Studio Version 16
VisualStudioVersion = 16.0.29025.244
MinimumVisualStudioVersion = 10.0.40219.1
Project("{FAE04EC0-301F-11D3-BF4B-00C04F79EFBC}") = "FolderSynchronizer", "FolderSynchronizer\FolderSynchronizer.csproj", "{5B765BF7-51F8-4E53-BA20-D197DD79FC64}"
EndProject
Project("{FAE04EC0-301F-11D3-BF4B-00C04F79EFBC}") = "Tests", "Tests\Tests.csproj", "{33F58B26-6DC9-4C44-9671-CC63F4C1167E}"
EndProject
Global
	GlobalSection(SolutionConfigurationPlatforms) = preSolution
		Debug|Any CPU = Debug|Any CPU
		Release|Any CPU = Release|Any CPU
	EndGlobalSection
	GlobalSection(ProjectConfigurationPlatforms) = postSolution
		{5B765BF7-51F8-4E53-BA20-D197DD79FC64}.Debug|Any CPU.ActiveCfg = Debug|Any CPU
		{5B765BF7-51F8-4E53-BA20-D197DD79FC64}.Debug|Any CPU.Build.0 = Debug|Any CPU
		{5B765BF7-51F8-4E53-BA20-D197DD79FC64}.Release|Any CPU.ActiveCfg = Release|Any CPU
		{5B765BF7-51F8-4E53-BA20-D197DD79FC64}.Release|Any CPU.Build.0 = Release|Any CPU
		{33F58B26-6DC9-4C44-9671-CC63F4C1167E}.Debug|Any CPU.ActiveCfg = Debug|Any CPU
		{33F58B26-6DC9-4C44-9671-CC63F4C1167E}.Debug|Any CPU.Build.0 = Debug|Any CPU
		{33F58B26-6DC9-4C44-9671-CC63F4C1167E}.Release|Any CPU.ActiveCfg = Release|Any CPU
		{33F58B26-6DC9-4C44-9671-CC63F4C1167E}.Release|Any CPU.Build.0 = Release|Any CPU
	EndGlobalSection
	GlobalSection(SolutionProperties) = preSolution
		HideSolutionNode = FALSE
	EndGlobalSection
	GlobalSection(ExtensibilityGlobals) = postSolution
		SolutionGuid = {333CB58A-6941-4439-B165-B87FFB42F46C}
	EndGlobalSection
EndGlobal
