
Microsoft Visual Studio Solution File, Format Version 12.00
# Visual Studio 15
VisualStudioVersion = 15.0.28307.329
MinimumVisualStudioVersion = 10.0.40219.1
Project("{FAE04EC0-301F-11D3-BF4B-00C04F79EFBC}") = "SynchLibrary", "SynchLibrary\SynchLibrary.csproj", "{62A0AB70-1099-4D50-A812-9287B18E3EBF}"
EndProject
Project("{FAE04EC0-301F-11D3-BF4B-00C04F79EFBC}") = "SyncApp", "SyncApp\SyncApp.csproj", "{4591C5BF-AF8C-45B9-ADDB-99BB987A8D61}"
EndProject
Global
	GlobalSection(SolutionConfigurationPlatforms) = preSolution
		Debug|Any CPU = Debug|Any CPU
		Release|Any CPU = Release|Any CPU
	EndGlobalSection
	GlobalSection(ProjectConfigurationPlatforms) = postSolution
		{62A0AB70-1099-4D50-A812-9287B18E3EBF}.Debug|Any CPU.ActiveCfg = Debug|Any CPU
		{62A0AB70-1099-4D50-A812-9287B18E3EBF}.Debug|Any CPU.Build.0 = Debug|Any CPU
		{62A0AB70-1099-4D50-A812-9287B18E3EBF}.Release|Any CPU.ActiveCfg = Release|Any CPU
		{62A0AB70-1099-4D50-A812-9287B18E3EBF}.Release|Any CPU.Build.0 = Release|Any CPU
		{4591C5BF-AF8C-45B9-ADDB-99BB987A8D61}.Debug|Any CPU.ActiveCfg = Debug|Any CPU
		{4591C5BF-AF8C-45B9-ADDB-99BB987A8D61}.Debug|Any CPU.Build.0 = Debug|Any CPU
		{4591C5BF-AF8C-45B9-ADDB-99BB987A8D61}.Release|Any CPU.ActiveCfg = Release|Any CPU
		{4591C5BF-AF8C-45B9-ADDB-99BB987A8D61}.Release|Any CPU.Build.0 = Release|Any CPU
	EndGlobalSection
	GlobalSection(SolutionProperties) = preSolution
		HideSolutionNode = FALSE
	EndGlobalSection
	GlobalSection(ExtensibilityGlobals) = postSolution
		SolutionGuid = {ECF558B0-4BFB-4149-8043-D79CEFD74395}
	EndGlobalSection
EndGlobal
