
Microsoft Visual Studio Solution File, Format Version 12.00
# Visual Studio Version 16
VisualStudioVersion = 16.0.29025.244
MinimumVisualStudioVersion = 10.0.40219.1
Project("{FAE04EC0-301F-11D3-BF4B-00C04F79EFBC}") = "SynchLibrary", "SynchLibrary\SynchLibrary.csproj", "{62A0AB70-1099-4D50-A812-9287B18E3EBF}"
EndProject
Project("{FAE04EC0-301F-11D3-BF4B-00C04F79EFBC}") = "SyncApp", "SyncApp\SyncApp.csproj", "{4591C5BF-AF8C-45B9-ADDB-99BB987A8D61}"
EndProject
Project("{FAE04EC0-301F-11D3-BF4B-00C04F79EFBC}") = "SynchLibrary.Tests", "SynchLibrary.Tests\SynchLibrary.Tests.csproj", "{38E0EE7A-D817-47E1-B5FA-26086CE0BCB2}"
EndProject
Project("{FAE04EC0-301F-11D3-BF4B-00C04F79EFBC}") = "GeneralizeSynchLibrary", "GeneralizeSynchLibrary\GeneralizeSynchLibrary.csproj", "{B6BF498A-D166-4763-BF58-4AF6845DE7E2}"
EndProject
Project("{FAE04EC0-301F-11D3-BF4B-00C04F79EFBC}") = "GeneralizeSyncApp", "GeneralizeSyncApp\GeneralizeSyncApp.csproj", "{DE690A81-97CC-463E-88AF-40516176369D}"
EndProject
Global
	GlobalSection(SolutionConfigurationPlatforms) = preSolution
		Debug|Any CPU = Debug|Any CPU
		Release|Any CPU = Release|Any CPU
	EndGlobalSection
	GlobalSection(ProjectConfigurationPlatforms) = postSolution
		{62A0AB70-1099-4D50-A812-9287B18E3EBF}.Debug|Any CPU.ActiveCfg = Debug|Any CPU
		{62A0AB70-1099-4D50-A812-9287B18E3EBF}.Debug|Any CPU.Build.0 = Debug|Any CPU
		{62A0AB70-1099-4D50-A812-9287B18E3EBF}.Release|Any CPU.ActiveCfg = Release|Any CPU
		{62A0AB70-1099-4D50-A812-9287B18E3EBF}.Release|Any CPU.Build.0 = Release|Any CPU
		{4591C5BF-AF8C-45B9-ADDB-99BB987A8D61}.Debug|Any CPU.ActiveCfg = Debug|Any CPU
		{4591C5BF-AF8C-45B9-ADDB-99BB987A8D61}.Debug|Any CPU.Build.0 = Debug|Any CPU
		{4591C5BF-AF8C-45B9-ADDB-99BB987A8D61}.Release|Any CPU.ActiveCfg = Release|Any CPU
		{4591C5BF-AF8C-45B9-ADDB-99BB987A8D61}.Release|Any CPU.Build.0 = Release|Any CPU
		{38E0EE7A-D817-47E1-B5FA-26086CE0BCB2}.Debug|Any CPU.ActiveCfg = Debug|Any CPU
		{38E0EE7A-D817-47E1-B5FA-26086CE0BCB2}.Debug|Any CPU.Build.0 = Debug|Any CPU
		{38E0EE7A-D817-47E1-B5FA-26086CE0BCB2}.Release|Any CPU.ActiveCfg = Release|Any CPU
		{38E0EE7A-D817-47E1-B5FA-26086CE0BCB2}.Release|Any CPU.Build.0 = Release|Any CPU
		{B6BF498A-D166-4763-BF58-4AF6845DE7E2}.Debug|Any CPU.ActiveCfg = Debug|Any CPU
		{B6BF498A-D166-4763-BF58-4AF6845DE7E2}.Debug|Any CPU.Build.0 = Debug|Any CPU
		{B6BF498A-D166-4763-BF58-4AF6845DE7E2}.Release|Any CPU.ActiveCfg = Release|Any CPU
		{B6BF498A-D166-4763-BF58-4AF6845DE7E2}.Release|Any CPU.Build.0 = Release|Any CPU
		{DE690A81-97CC-463E-88AF-40516176369D}.Debug|Any CPU.ActiveCfg = Debug|Any CPU
		{DE690A81-97CC-463E-88AF-40516176369D}.Debug|Any CPU.Build.0 = Debug|Any CPU
		{DE690A81-97CC-463E-88AF-40516176369D}.Release|Any CPU.ActiveCfg = Release|Any CPU
		{DE690A81-97CC-463E-88AF-40516176369D}.Release|Any CPU.Build.0 = Release|Any CPU
	EndGlobalSection
	GlobalSection(SolutionProperties) = preSolution
		HideSolutionNode = FALSE
	EndGlobalSection
	GlobalSection(ExtensibilityGlobals) = postSolution
		SolutionGuid = {ECF558B0-4BFB-4149-8043-D79CEFD74395}
	EndGlobalSection
EndGlobal
