
Microsoft Visual Studio Solution File, Format Version 12.00
# Visual Studio 2013
VisualStudioVersion = 12.0.21005.1
MinimumVisualStudioVersion = 10.0.40219.1
Project("{FAE04EC0-301F-11D3-BF4B-00C04F79EFBC}") = "Colors", "Colors\Colors.csproj", "{993EBEB3-E715-4895-A987-962183E800CA}"
EndProject
Project("{FAE04EC0-301F-11D3-BF4B-00C04F79EFBC}") = "Colors.Tests", "Colors.Tests\Colors.Tests.csproj", "{417841A0-5A50-4678-9E1F-D5CFBBB4C98A}"
EndProject
Global
	GlobalSection(SolutionConfigurationPlatforms) = preSolution
		Debug|Any CPU = Debug|Any CPU
		Release|Any CPU = Release|Any CPU
	EndGlobalSection
	GlobalSection(ProjectConfigurationPlatforms) = postSolution
		{993EBEB3-E715-4895-A987-962183E800CA}.Debug|Any CPU.ActiveCfg = Debug|Any CPU
		{993EBEB3-E715-4895-A987-962183E800CA}.Debug|Any CPU.Build.0 = Debug|Any CPU
		{993EBEB3-E715-4895-A987-962183E800CA}.Release|Any CPU.ActiveCfg = Release|Any CPU
		{993EBEB3-E715-4895-A987-962183E800CA}.Release|Any CPU.Build.0 = Release|Any CPU
		{417841A0-5A50-4678-9E1F-D5CFBBB4C98A}.Debug|Any CPU.ActiveCfg = Debug|Any CPU
		{417841A0-5A50-4678-9E1F-D5CFBBB4C98A}.Debug|Any CPU.Build.0 = Debug|Any CPU
		{417841A0-5A50-4678-9E1F-D5CFBBB4C98A}.Release|Any CPU.ActiveCfg = Release|Any CPU
		{417841A0-5A50-4678-9E1F-D5CFBBB4C98A}.Release|Any CPU.Build.0 = Release|Any CPU
	EndGlobalSection
	GlobalSection(SolutionProperties) = preSolution
		HideSolutionNode = FALSE
	EndGlobalSection
EndGlobal
