
Microsoft Visual Studio Solution File, Format Version 12.00
# Visual Studio 15
VisualStudioVersion = 15.0.27703.2042
MinimumVisualStudioVersion = 10.0.40219.1
Project("{FAE04EC0-301F-11D3-BF4B-00C04F79EFBC}") = "StackClassLibrary", "StackClassLibrary.csproj", "{D3323666-DE94-442C-B3B8-93BC12FD571F}"
EndProject
Project("{FAE04EC0-301F-11D3-BF4B-00C04F79EFBC}") = "CustomStackTests", "..\CustomStackTests\CustomStackTests.csproj", "{9F50B050-A15E-4CEC-8F47-9E0C56A93A19}"
EndProject
Global
	GlobalSection(SolutionConfigurationPlatforms) = preSolution
		Debug|Any CPU = Debug|Any CPU
		Release|Any CPU = Release|Any CPU
	EndGlobalSection
	GlobalSection(ProjectConfigurationPlatforms) = postSolution
		{D3323666-DE94-442C-B3B8-93BC12FD571F}.Debug|Any CPU.ActiveCfg = Debug|Any CPU
		{D3323666-DE94-442C-B3B8-93BC12FD571F}.Debug|Any CPU.Build.0 = Debug|Any CPU
		{D3323666-DE94-442C-B3B8-93BC12FD571F}.Release|Any CPU.ActiveCfg = Release|Any CPU
		{D3323666-DE94-442C-B3B8-93BC12FD571F}.Release|Any CPU.Build.0 = Release|Any CPU
		{9F50B050-A15E-4CEC-8F47-9E0C56A93A19}.Debug|Any CPU.ActiveCfg = Debug|Any CPU
		{9F50B050-A15E-4CEC-8F47-9E0C56A93A19}.Debug|Any CPU.Build.0 = Debug|Any CPU
		{9F50B050-A15E-4CEC-8F47-9E0C56A93A19}.Release|Any CPU.ActiveCfg = Release|Any CPU
		{9F50B050-A15E-4CEC-8F47-9E0C56A93A19}.Release|Any CPU.Build.0 = Release|Any CPU
	EndGlobalSection
	GlobalSection(SolutionProperties) = preSolution
		HideSolutionNode = FALSE
	EndGlobalSection
	GlobalSection(ExtensibilityGlobals) = postSolution
		SolutionGuid = {3C110890-136A-40A4-8B3E-E133F4DF4948}
	EndGlobalSection
EndGlobal
