
Microsoft Visual Studio Solution File, Format Version 12.00
# Visual Studio 2012
Project("{FAE04EC0-301F-11D3-BF4B-00C04F79EFBC}") = "FizzBuzz", "FizzBuzz\FizzBuzz.csproj", "{3C19A3EA-60F6-4AC0-AA9F-42EA45ACE543}"
EndProject
Project("{FAE04EC0-301F-11D3-BF4B-00C04F79EFBC}") = "FizzBuzz.Tests", "FizzBuzz.Tests\FizzBuzz.Tests.csproj", "{02BE892C-1D51-4954-8CA8-2627F64E2056}"
EndProject
Global
	GlobalSection(SolutionConfigurationPlatforms) = preSolution
		Debug|Any CPU = Debug|Any CPU
		Release|Any CPU = Release|Any CPU
	EndGlobalSection
	GlobalSection(ProjectConfigurationPlatforms) = postSolution
		{3C19A3EA-60F6-4AC0-AA9F-42EA45ACE543}.Debug|Any CPU.ActiveCfg = Debug|Any CPU
		{3C19A3EA-60F6-4AC0-AA9F-42EA45ACE543}.Debug|Any CPU.Build.0 = Debug|Any CPU
		{3C19A3EA-60F6-4AC0-AA9F-42EA45ACE543}.Release|Any CPU.ActiveCfg = Release|Any CPU
		{3C19A3EA-60F6-4AC0-AA9F-42EA45ACE543}.Release|Any CPU.Build.0 = Release|Any CPU
		{02BE892C-1D51-4954-8CA8-2627F64E2056}.Debug|Any CPU.ActiveCfg = Debug|Any CPU
		{02BE892C-1D51-4954-8CA8-2627F64E2056}.Debug|Any CPU.Build.0 = Debug|Any CPU
		{02BE892C-1D51-4954-8CA8-2627F64E2056}.Release|Any CPU.ActiveCfg = Release|Any CPU
		{02BE892C-1D51-4954-8CA8-2627F64E2056}.Release|Any CPU.Build.0 = Release|Any CPU
	EndGlobalSection
	GlobalSection(SolutionProperties) = preSolution
		HideSolutionNode = FALSE
	EndGlobalSection
EndGlobal
