
Microsoft Visual Studio Solution File, Format Version 12.00
# Visual Studio Version 16
VisualStudioVersion = 16.0.31005.135
MinimumVisualStudioVersion = 10.0.40219.1
Project("{9A19103F-16F7-4668-BE54-9A1E7A4F7556}") = "ToDo", "ToDoList\ToDo.csproj", "{7C2EC36E-FAFB-48B5-868B-45E69D6C85C5}"
EndProject
Project("{9A19103F-16F7-4668-BE54-9A1E7A4F7556}") = "ToDoListTests", "ToDoListTests\ToDoListTests.csproj", "{7739A27D-14B3-4CC7-A1DB-BED3DB0168BD}"
EndProject
Global
	GlobalSection(SolutionConfigurationPlatforms) = preSolution
		Debug|Any CPU = Debug|Any CPU
		Release|Any CPU = Release|Any CPU
	EndGlobalSection
	GlobalSection(ProjectConfigurationPlatforms) = postSolution
		{7C2EC36E-FAFB-48B5-868B-45E69D6C85C5}.Debug|Any CPU.ActiveCfg = Debug|Any CPU
		{7C2EC36E-FAFB-48B5-868B-45E69D6C85C5}.Debug|Any CPU.Build.0 = Debug|Any CPU
		{7C2EC36E-FAFB-48B5-868B-45E69D6C85C5}.Release|Any CPU.ActiveCfg = Release|Any CPU
		{7C2EC36E-FAFB-48B5-868B-45E69D6C85C5}.Release|Any CPU.Build.0 = Release|Any CPU
		{7739A27D-14B3-4CC7-A1DB-BED3DB0168BD}.Debug|Any CPU.ActiveCfg = Debug|Any CPU
		{7739A27D-14B3-4CC7-A1DB-BED3DB0168BD}.Debug|Any CPU.Build.0 = Debug|Any CPU
		{7739A27D-14B3-4CC7-A1DB-BED3DB0168BD}.Release|Any CPU.ActiveCfg = Release|Any CPU
		{7739A27D-14B3-4CC7-A1DB-BED3DB0168BD}.Release|Any CPU.Build.0 = Release|Any CPU
	EndGlobalSection
	GlobalSection(SolutionProperties) = preSolution
		HideSolutionNode = FALSE
	EndGlobalSection
	GlobalSection(ExtensibilityGlobals) = postSolution
		SolutionGuid = {967DB8EB-2B83-4C47-9472-2F199CD3BC32}
	EndGlobalSection
EndGlobal
