
Microsoft Visual Studio Solution File, Format Version 12.00
# Visual Studio Version 16
VisualStudioVersion = 16.0.29102.190
MinimumVisualStudioVersion = 10.0.40219.1
Project("{FAE04EC0-301F-11D3-BF4B-00C04F79EFBC}") = "DllLIb", "DllLIb\DllLIb.csproj", "{97DE9533-0145-43E1-AC5D-8FEFC116002F}"
EndProject
Project("{FAE04EC0-301F-11D3-BF4B-00C04F79EFBC}") = "DllTest", "DllTest\DllTest.csproj", "{91F95AF2-D452-412B-94BB-73A4F4E3E5A7}"
EndProject
Global
	GlobalSection(SolutionConfigurationPlatforms) = preSolution
		Debug|Any CPU = Debug|Any CPU
		Release|Any CPU = Release|Any CPU
	EndGlobalSection
	GlobalSection(ProjectConfigurationPlatforms) = postSolution
		{97DE9533-0145-43E1-AC5D-8FEFC116002F}.Debug|Any CPU.ActiveCfg = Debug|Any CPU
		{97DE9533-0145-43E1-AC5D-8FEFC116002F}.Debug|Any CPU.Build.0 = Debug|Any CPU
		{97DE9533-0145-43E1-AC5D-8FEFC116002F}.Release|Any CPU.ActiveCfg = Release|Any CPU
		{97DE9533-0145-43E1-AC5D-8FEFC116002F}.Release|Any CPU.Build.0 = Release|Any CPU
		{91F95AF2-D452-412B-94BB-73A4F4E3E5A7}.Debug|Any CPU.ActiveCfg = Debug|Any CPU
		{91F95AF2-D452-412B-94BB-73A4F4E3E5A7}.Debug|Any CPU.Build.0 = Debug|Any CPU
		{91F95AF2-D452-412B-94BB-73A4F4E3E5A7}.Release|Any CPU.ActiveCfg = Release|Any CPU
		{91F95AF2-D452-412B-94BB-73A4F4E3E5A7}.Release|Any CPU.Build.0 = Release|Any CPU
	EndGlobalSection
	GlobalSection(SolutionProperties) = preSolution
		HideSolutionNode = FALSE
	EndGlobalSection
	GlobalSection(ExtensibilityGlobals) = postSolution
		SolutionGuid = {0BFF670E-3477-40DF-A3CF-C5E8FCCC4A21}
	EndGlobalSection
EndGlobal
