
Microsoft Visual Studio Solution File, Format Version 12.00
# Visual Studio Version 16
VisualStudioVersion = 16.0.29102.190
MinimumVisualStudioVersion = 10.0.40219.1
Project("{FAE04EC0-301F-11D3-BF4B-00C04F79EFBC}") = "DoubleLinkedListLib", "DllLIb\DoubleLinkedListLib.csproj", "{97DE9533-0145-43E1-AC5D-8FEFC116002F}"
EndProject
Project("{FAE04EC0-301F-11D3-BF4B-00C04F79EFBC}") = "Tests", "Tests\Tests.csproj", "{77629920-584B-4EEC-956E-4FD151993A17}"
EndProject
Global
	GlobalSection(SolutionConfigurationPlatforms) = preSolution
		Debug|Any CPU = Debug|Any CPU
		Release|Any CPU = Release|Any CPU
	EndGlobalSection
	GlobalSection(ProjectConfigurationPlatforms) = postSolution
		{97DE9533-0145-43E1-AC5D-8FEFC116002F}.Debug|Any CPU.ActiveCfg = Debug|Any CPU
		{97DE9533-0145-43E1-AC5D-8FEFC116002F}.Debug|Any CPU.Build.0 = Debug|Any CPU
		{97DE9533-0145-43E1-AC5D-8FEFC116002F}.Release|Any CPU.ActiveCfg = Release|Any CPU
		{97DE9533-0145-43E1-AC5D-8FEFC116002F}.Release|Any CPU.Build.0 = Release|Any CPU
		{77629920-584B-4EEC-956E-4FD151993A17}.Debug|Any CPU.ActiveCfg = Debug|Any CPU
		{77629920-584B-4EEC-956E-4FD151993A17}.Debug|Any CPU.Build.0 = Debug|Any CPU
		{77629920-584B-4EEC-956E-4FD151993A17}.Release|Any CPU.ActiveCfg = Release|Any CPU
		{77629920-584B-4EEC-956E-4FD151993A17}.Release|Any CPU.Build.0 = Release|Any CPU
	EndGlobalSection
	GlobalSection(SolutionProperties) = preSolution
		HideSolutionNode = FALSE
	EndGlobalSection
	GlobalSection(ExtensibilityGlobals) = postSolution
		SolutionGuid = {0BFF670E-3477-40DF-A3CF-C5E8FCCC4A21}
	EndGlobalSection
EndGlobal
