
Microsoft Visual Studio Solution File, Format Version 12.00
# Visual Studio 2013
VisualStudioVersion = 12.0.31101.0
MinimumVisualStudioVersion = 10.0.40219.1
Project("{FAE04EC0-301F-11D3-BF4B-00C04F79EFBC}") = "LinkedList", "Homework1\LinkedList.csproj", "{16265A8B-44A6-4706-BD48-3163A81A8D8B}"
EndProject
Project("{FAE04EC0-301F-11D3-BF4B-00C04F79EFBC}") = "LinkedListTest", "LinkedListTest\LinkedListTest.csproj", "{63C52A5B-2396-4DB7-8B72-BCF270D5DBA5}"
EndProject
Global
	GlobalSection(SolutionConfigurationPlatforms) = preSolution
		Debug|Any CPU = Debug|Any CPU
		Release|Any CPU = Release|Any CPU
	EndGlobalSection
	GlobalSection(ProjectConfigurationPlatforms) = postSolution
		{16265A8B-44A6-4706-BD48-3163A81A8D8B}.Debug|Any CPU.ActiveCfg = Debug|Any CPU
		{16265A8B-44A6-4706-BD48-3163A81A8D8B}.Debug|Any CPU.Build.0 = Debug|Any CPU
		{16265A8B-44A6-4706-BD48-3163A81A8D8B}.Release|Any CPU.ActiveCfg = Release|Any CPU
		{16265A8B-44A6-4706-BD48-3163A81A8D8B}.Release|Any CPU.Build.0 = Release|Any CPU
		{63C52A5B-2396-4DB7-8B72-BCF270D5DBA5}.Debug|Any CPU.ActiveCfg = Debug|Any CPU
		{63C52A5B-2396-4DB7-8B72-BCF270D5DBA5}.Debug|Any CPU.Build.0 = Debug|Any CPU
		{63C52A5B-2396-4DB7-8B72-BCF270D5DBA5}.Release|Any CPU.ActiveCfg = Release|Any CPU
		{63C52A5B-2396-4DB7-8B72-BCF270D5DBA5}.Release|Any CPU.Build.0 = Release|Any CPU
	EndGlobalSection
	GlobalSection(SolutionProperties) = preSolution
		HideSolutionNode = FALSE
	EndGlobalSection
EndGlobal
