
Microsoft Visual Studio Solution File, Format Version 12.00
# Visual Studio 15
VisualStudioVersion = 15.0.28307.1082
MinimumVisualStudioVersion = 10.0.40219.1
Project("{FAE04EC0-301F-11D3-BF4B-00C04F79EFBC}") = "SkillTree", "SkillTree\SkillTree.csproj", "{8F0B7E09-19FF-47A9-B939-CA5416B781A0}"
EndProject
Project("{FAE04EC0-301F-11D3-BF4B-00C04F79EFBC}") = "SkillTreeBoard", "SkillTreeBoard\SkillTreeBoard.csproj", "{35A90A1E-5B18-40A1-A170-B5F15ACED66A}"
	ProjectSection(ProjectDependencies) = postProject
		{8F0B7E09-19FF-47A9-B939-CA5416B781A0} = {8F0B7E09-19FF-47A9-B939-CA5416B781A0}
	EndProjectSection
EndProject
Project("{FAE04EC0-301F-11D3-BF4B-00C04F79EFBC}") = "SkillApplication", "SkillApplication\SkillApplication.csproj", "{51A251E5-A68A-4167-8CF7-814F04D51773}"
EndProject
Project("{FAE04EC0-301F-11D3-BF4B-00C04F79EFBC}") = "SkillTreeUnitTests", "SkillTreeUnitTests\SkillTreeUnitTests.csproj", "{A9BAFE7A-1DEC-4FB1-AC14-F6FC1682C39B}"
EndProject
Global
	GlobalSection(SolutionConfigurationPlatforms) = preSolution
		Debug|Any CPU = Debug|Any CPU
		Release|Any CPU = Release|Any CPU
	EndGlobalSection
	GlobalSection(ProjectConfigurationPlatforms) = postSolution
		{8F0B7E09-19FF-47A9-B939-CA5416B781A0}.Debug|Any CPU.ActiveCfg = Debug|Any CPU
		{8F0B7E09-19FF-47A9-B939-CA5416B781A0}.Debug|Any CPU.Build.0 = Debug|Any CPU
		{8F0B7E09-19FF-47A9-B939-CA5416B781A0}.Release|Any CPU.ActiveCfg = Release|Any CPU
		{8F0B7E09-19FF-47A9-B939-CA5416B781A0}.Release|Any CPU.Build.0 = Release|Any CPU
		{35A90A1E-5B18-40A1-A170-B5F15ACED66A}.Debug|Any CPU.ActiveCfg = Debug|Any CPU
		{35A90A1E-5B18-40A1-A170-B5F15ACED66A}.Debug|Any CPU.Build.0 = Debug|Any CPU
		{35A90A1E-5B18-40A1-A170-B5F15ACED66A}.Release|Any CPU.ActiveCfg = Release|Any CPU
		{35A90A1E-5B18-40A1-A170-B5F15ACED66A}.Release|Any CPU.Build.0 = Release|Any CPU
		{51A251E5-A68A-4167-8CF7-814F04D51773}.Debug|Any CPU.ActiveCfg = Debug|Any CPU
		{51A251E5-A68A-4167-8CF7-814F04D51773}.Debug|Any CPU.Build.0 = Debug|Any CPU
		{51A251E5-A68A-4167-8CF7-814F04D51773}.Release|Any CPU.ActiveCfg = Release|Any CPU
		{51A251E5-A68A-4167-8CF7-814F04D51773}.Release|Any CPU.Build.0 = Release|Any CPU
		{A9BAFE7A-1DEC-4FB1-AC14-F6FC1682C39B}.Debug|Any CPU.ActiveCfg = Debug|Any CPU
		{A9BAFE7A-1DEC-4FB1-AC14-F6FC1682C39B}.Debug|Any CPU.Build.0 = Debug|Any CPU
		{A9BAFE7A-1DEC-4FB1-AC14-F6FC1682C39B}.Release|Any CPU.ActiveCfg = Release|Any CPU
		{A9BAFE7A-1DEC-4FB1-AC14-F6FC1682C39B}.Release|Any CPU.Build.0 = Release|Any CPU
	EndGlobalSection
	GlobalSection(SolutionProperties) = preSolution
		HideSolutionNode = FALSE
	EndGlobalSection
	GlobalSection(ExtensibilityGlobals) = postSolution
		SolutionGuid = {8EF3DBEC-4137-43C2-94B6-B39759D63E7B}
	EndGlobalSection
EndGlobal
