
Microsoft Visual Studio Solution File, Format Version 12.00
# Visual Studio Version 16
VisualStudioVersion = 16.0.31515.178
MinimumVisualStudioVersion = 10.0.40219.1
Project("{9A19103F-16F7-4668-BE54-9A1E7A4F7556}") = "ToDoApi", "ToDoApi\ToDoApi.csproj", "{46A5EBD4-5EDE-462C-809C-990BF00FDC8C}"
EndProject
Project("{9A19103F-16F7-4668-BE54-9A1E7A4F7556}") = "ToDoApiTests", "ToDoApiTests\ToDoApiTests.csproj", "{6E0426E1-A9A7-4589-82D4-6D95062C4C21}"
EndProject
Project("{9A19103F-16F7-4668-BE54-9A1E7A4F7556}") = "ToDo", "ToDo\ToDo.csproj", "{05629D9A-987D-459E-8795-FC1C3CCDE362}"
EndProject
Global
	GlobalSection(SolutionConfigurationPlatforms) = preSolution
		Debug|Any CPU = Debug|Any CPU
		Release|Any CPU = Release|Any CPU
	EndGlobalSection
	GlobalSection(ProjectConfigurationPlatforms) = postSolution
		{46A5EBD4-5EDE-462C-809C-990BF00FDC8C}.Debug|Any CPU.ActiveCfg = Debug|Any CPU
		{46A5EBD4-5EDE-462C-809C-990BF00FDC8C}.Debug|Any CPU.Build.0 = Debug|Any CPU
		{46A5EBD4-5EDE-462C-809C-990BF00FDC8C}.Release|Any CPU.ActiveCfg = Release|Any CPU
		{46A5EBD4-5EDE-462C-809C-990BF00FDC8C}.Release|Any CPU.Build.0 = Release|Any CPU
		{6E0426E1-A9A7-4589-82D4-6D95062C4C21}.Debug|Any CPU.ActiveCfg = Debug|Any CPU
		{6E0426E1-A9A7-4589-82D4-6D95062C4C21}.Debug|Any CPU.Build.0 = Debug|Any CPU
		{6E0426E1-A9A7-4589-82D4-6D95062C4C21}.Release|Any CPU.ActiveCfg = Release|Any CPU
		{6E0426E1-A9A7-4589-82D4-6D95062C4C21}.Release|Any CPU.Build.0 = Release|Any CPU
		{05629D9A-987D-459E-8795-FC1C3CCDE362}.Debug|Any CPU.ActiveCfg = Debug|Any CPU
		{05629D9A-987D-459E-8795-FC1C3CCDE362}.Debug|Any CPU.Build.0 = Debug|Any CPU
		{05629D9A-987D-459E-8795-FC1C3CCDE362}.Release|Any CPU.ActiveCfg = Release|Any CPU
		{05629D9A-987D-459E-8795-FC1C3CCDE362}.Release|Any CPU.Build.0 = Release|Any CPU
	EndGlobalSection
	GlobalSection(SolutionProperties) = preSolution
		HideSolutionNode = FALSE
	EndGlobalSection
	GlobalSection(ExtensibilityGlobals) = postSolution
		SolutionGuid = {4B2A22D2-7C97-422E-98DA-662859BAED0D}
	EndGlobalSection
EndGlobal
