
Microsoft Visual Studio Solution File, Format Version 12.00
# Visual Studio Version 16
VisualStudioVersion = 16.0.31205.134
MinimumVisualStudioVersion = 10.0.40219.1
Project("{FAE04EC0-301F-11D3-BF4B-00C04F79EFBC}") = "BinTree", "BinTree\BinTree.csproj", "{5658E2DE-2459-4EF7-A6AF-871E75D75769}"
EndProject
Project("{FAE04EC0-301F-11D3-BF4B-00C04F79EFBC}") = "BinTreeTest", "BinTreeTest\BinTreeTest.csproj", "{0F1E1CBA-0099-4D5E-9654-CAA60F357C92}"
EndProject
Global
	GlobalSection(SolutionConfigurationPlatforms) = preSolution
		Debug|Any CPU = Debug|Any CPU
		Release|Any CPU = Release|Any CPU
	EndGlobalSection
	GlobalSection(ProjectConfigurationPlatforms) = postSolution
		{5658E2DE-2459-4EF7-A6AF-871E75D75769}.Debug|Any CPU.ActiveCfg = Debug|Any CPU
		{5658E2DE-2459-4EF7-A6AF-871E75D75769}.Debug|Any CPU.Build.0 = Debug|Any CPU
		{5658E2DE-2459-4EF7-A6AF-871E75D75769}.Release|Any CPU.ActiveCfg = Release|Any CPU
		{5658E2DE-2459-4EF7-A6AF-871E75D75769}.Release|Any CPU.Build.0 = Release|Any CPU
		{0F1E1CBA-0099-4D5E-9654-CAA60F357C92}.Debug|Any CPU.ActiveCfg = Debug|Any CPU
		{0F1E1CBA-0099-4D5E-9654-CAA60F357C92}.Debug|Any CPU.Build.0 = Debug|Any CPU
		{0F1E1CBA-0099-4D5E-9654-CAA60F357C92}.Release|Any CPU.ActiveCfg = Release|Any CPU
		{0F1E1CBA-0099-4D5E-9654-CAA60F357C92}.Release|Any CPU.Build.0 = Release|Any CPU
	EndGlobalSection
	GlobalSection(SolutionProperties) = preSolution
		HideSolutionNode = FALSE
	EndGlobalSection
	GlobalSection(ExtensibilityGlobals) = postSolution
		SolutionGuid = {C2FD73B2-8467-4FA4-B5F8-EF662C54104B}
	EndGlobalSection
EndGlobal
