
Microsoft Visual Studio Solution File, Format Version 12.00
# Visual Studio 14
VisualStudioVersion = 14.0.23107.0
MinimumVisualStudioVersion = 10.0.40219.1
Project("{FAE04EC0-301F-11D3-BF4B-00C04F79EFBC}") = "Creatures", "Creatures\Creatures.csproj", "{DAE4F621-32BB-41E4-8E0A-10B9CFD76BD5}"
EndProject
Project("{FAE04EC0-301F-11D3-BF4B-00C04F79EFBC}") = "CellsAutomate", "CellsAutomate\CellsAutomate.csproj", "{FCD09CEA-D6A6-4CEE-A8D1-F16417231612}"
EndProject
Project("{FAE04EC0-301F-11D3-BF4B-00C04F79EFBC}") = "CreaturesTests", "Creaturestests\CreaturesTests.csproj", "{4564F8B9-0649-410B-9670-F0D73D0F84A5}"
EndProject
Global
	GlobalSection(SolutionConfigurationPlatforms) = preSolution
		Debug|Any CPU = Debug|Any CPU
		Release|Any CPU = Release|Any CPU
	EndGlobalSection
	GlobalSection(ProjectConfigurationPlatforms) = postSolution
		{DAE4F621-32BB-41E4-8E0A-10B9CFD76BD5}.Debug|Any CPU.ActiveCfg = Debug|Any CPU
		{DAE4F621-32BB-41E4-8E0A-10B9CFD76BD5}.Debug|Any CPU.Build.0 = Debug|Any CPU
		{DAE4F621-32BB-41E4-8E0A-10B9CFD76BD5}.Release|Any CPU.ActiveCfg = Release|Any CPU
		{DAE4F621-32BB-41E4-8E0A-10B9CFD76BD5}.Release|Any CPU.Build.0 = Release|Any CPU
		{FCD09CEA-D6A6-4CEE-A8D1-F16417231612}.Debug|Any CPU.ActiveCfg = Debug|Any CPU
		{FCD09CEA-D6A6-4CEE-A8D1-F16417231612}.Debug|Any CPU.Build.0 = Debug|Any CPU
		{FCD09CEA-D6A6-4CEE-A8D1-F16417231612}.Release|Any CPU.ActiveCfg = Release|Any CPU
		{FCD09CEA-D6A6-4CEE-A8D1-F16417231612}.Release|Any CPU.Build.0 = Release|Any CPU
		{4564F8B9-0649-410B-9670-F0D73D0F84A5}.Debug|Any CPU.ActiveCfg = Debug|Any CPU
		{4564F8B9-0649-410B-9670-F0D73D0F84A5}.Debug|Any CPU.Build.0 = Debug|Any CPU
		{4564F8B9-0649-410B-9670-F0D73D0F84A5}.Release|Any CPU.ActiveCfg = Release|Any CPU
		{4564F8B9-0649-410B-9670-F0D73D0F84A5}.Release|Any CPU.Build.0 = Release|Any CPU
	EndGlobalSection
	GlobalSection(SolutionProperties) = preSolution
		HideSolutionNode = FALSE
	EndGlobalSection
EndGlobal
