
Microsoft Visual Studio Solution File, Format Version 12.00
# Visual Studio 2013
VisualStudioVersion = 12.0.21005.1
MinimumVisualStudioVersion = 10.0.40219.1
Project("{FAE04EC0-301F-11D3-BF4B-00C04F79EFBC}") = "Search_Tree_Tests", "Search_Tree_Tests\Search_Tree_Tests.csproj", "{23ECE6B2-93AD-402D-AC33-1C466919A6B2}"
EndProject
Project("{FAE04EC0-301F-11D3-BF4B-00C04F79EFBC}") = "ForDebug", "ForDebug\ForDebug.csproj", "{D52AD5EE-EBF5-46C8-9A20-E9944DF9671D}"
EndProject
Project("{FAE04EC0-301F-11D3-BF4B-00C04F79EFBC}") = "Set", "Set\Set.csproj", "{F47A029C-56D4-4CEE-8643-3DB01A42AB2E}"
EndProject
Global
	GlobalSection(SolutionConfigurationPlatforms) = preSolution
		Debug|Any CPU = Debug|Any CPU
		Release|Any CPU = Release|Any CPU
	EndGlobalSection
	GlobalSection(ProjectConfigurationPlatforms) = postSolution
		{23ECE6B2-93AD-402D-AC33-1C466919A6B2}.Debug|Any CPU.ActiveCfg = Debug|Any CPU
		{23ECE6B2-93AD-402D-AC33-1C466919A6B2}.Debug|Any CPU.Build.0 = Debug|Any CPU
		{23ECE6B2-93AD-402D-AC33-1C466919A6B2}.Release|Any CPU.ActiveCfg = Release|Any CPU
		{23ECE6B2-93AD-402D-AC33-1C466919A6B2}.Release|Any CPU.Build.0 = Release|Any CPU
		{D52AD5EE-EBF5-46C8-9A20-E9944DF9671D}.Debug|Any CPU.ActiveCfg = Debug|Any CPU
		{D52AD5EE-EBF5-46C8-9A20-E9944DF9671D}.Debug|Any CPU.Build.0 = Debug|Any CPU
		{D52AD5EE-EBF5-46C8-9A20-E9944DF9671D}.Release|Any CPU.ActiveCfg = Release|Any CPU
		{D52AD5EE-EBF5-46C8-9A20-E9944DF9671D}.Release|Any CPU.Build.0 = Release|Any CPU
		{F47A029C-56D4-4CEE-8643-3DB01A42AB2E}.Debug|Any CPU.ActiveCfg = Debug|Any CPU
		{F47A029C-56D4-4CEE-8643-3DB01A42AB2E}.Debug|Any CPU.Build.0 = Debug|Any CPU
		{F47A029C-56D4-4CEE-8643-3DB01A42AB2E}.Release|Any CPU.ActiveCfg = Release|Any CPU
		{F47A029C-56D4-4CEE-8643-3DB01A42AB2E}.Release|Any CPU.Build.0 = Release|Any CPU
	EndGlobalSection
	GlobalSection(SolutionProperties) = preSolution
		HideSolutionNode = FALSE
	EndGlobalSection
EndGlobal
