
Microsoft Visual Studio Solution File, Format Version 12.00
# Visual Studio 15
VisualStudioVersion = 15.0.26430.15
MinimumVisualStudioVersion = 10.0.40219.1
Project("{FAE04EC0-301F-11D3-BF4B-00C04F79EFBC}") = "HomeWork3", "HomeWork3\HomeWork3.csproj", "{0564EF08-0996-4E4E-B293-1B5A322D938E}"
EndProject
Project("{FAE04EC0-301F-11D3-BF4B-00C04F79EFBC}") = "TestProject", "TestProject\TestProject.csproj", "{2010902D-061C-4BD3-8960-3EF02E4CF967}"
EndProject
Global
	GlobalSection(SolutionConfigurationPlatforms) = preSolution
		Debug|Any CPU = Debug|Any CPU
		Release|Any CPU = Release|Any CPU
	EndGlobalSection
	GlobalSection(ProjectConfigurationPlatforms) = postSolution
		{0564EF08-0996-4E4E-B293-1B5A322D938E}.Debug|Any CPU.ActiveCfg = Debug|Any CPU
		{0564EF08-0996-4E4E-B293-1B5A322D938E}.Debug|Any CPU.Build.0 = Debug|Any CPU
		{0564EF08-0996-4E4E-B293-1B5A322D938E}.Release|Any CPU.ActiveCfg = Release|Any CPU
		{0564EF08-0996-4E4E-B293-1B5A322D938E}.Release|Any CPU.Build.0 = Release|Any CPU
		{2010902D-061C-4BD3-8960-3EF02E4CF967}.Debug|Any CPU.ActiveCfg = Debug|Any CPU
		{2010902D-061C-4BD3-8960-3EF02E4CF967}.Debug|Any CPU.Build.0 = Debug|Any CPU
		{2010902D-061C-4BD3-8960-3EF02E4CF967}.Release|Any CPU.ActiveCfg = Release|Any CPU
		{2010902D-061C-4BD3-8960-3EF02E4CF967}.Release|Any CPU.Build.0 = Release|Any CPU
	EndGlobalSection
	GlobalSection(SolutionProperties) = preSolution
		HideSolutionNode = FALSE
	EndGlobalSection
EndGlobal
