
Microsoft Visual Studio Solution File, Format Version 12.00
# Visual Studio Version 16
VisualStudioVersion = 16.0.31515.178
MinimumVisualStudioVersion = 10.0.40219.1
Project("{9A19103F-16F7-4668-BE54-9A1E7A4F7556}") = "ToDoListApp", "ToDoListApp\ToDoListApp.csproj", "{AB9AFA36-4FB9-4776-8303-4BB62E5E2296}"
EndProject
Global
	GlobalSection(SolutionConfigurationPlatforms) = preSolution
		Debug|Any CPU = Debug|Any CPU
		Release|Any CPU = Release|Any CPU
	EndGlobalSection
	GlobalSection(ProjectConfigurationPlatforms) = postSolution
		{AB9AFA36-4FB9-4776-8303-4BB62E5E2296}.Debug|Any CPU.ActiveCfg = Debug|Any CPU
		{AB9AFA36-4FB9-4776-8303-4BB62E5E2296}.Debug|Any CPU.Build.0 = Debug|Any CPU
		{AB9AFA36-4FB9-4776-8303-4BB62E5E2296}.Release|Any CPU.ActiveCfg = Release|Any CPU
		{AB9AFA36-4FB9-4776-8303-4BB62E5E2296}.Release|Any CPU.Build.0 = Release|Any CPU
	EndGlobalSection
	GlobalSection(SolutionProperties) = preSolution
		HideSolutionNode = FALSE
	EndGlobalSection
	GlobalSection(ExtensibilityGlobals) = postSolution
		SolutionGuid = {38E0D1D0-0FFB-4AB1-9470-FCB20BFC84CC}
	EndGlobalSection
EndGlobal
