
Microsoft Visual Studio Solution File, Format Version 12.00
# Visual Studio 14
VisualStudioVersion = 14.0.25420.1
MinimumVisualStudioVersion = 10.0.40219.1
Project("{FAE04EC0-301F-11D3-BF4B-00C04F79EFBC}") = "AutomatedTasker.Lib", "AutomatedTasker\AutomatedTasker.Lib.csproj", "{E86C9BC8-427A-49EF-9B4A-08AE67DD7C1D}"
EndProject
Project("{FAE04EC0-301F-11D3-BF4B-00C04F79EFBC}") = "AutomatedTasker.Test", "AutomatedTasker.Test\AutomatedTasker.Test.csproj", "{1F23585B-43F9-4041-B7E7-1FC76661FFF6}"
EndProject
Project("{FAE04EC0-301F-11D3-BF4B-00C04F79EFBC}") = "AutomatedTasker.App", "AutomatedTasker.App\AutomatedTasker.App.csproj", "{DD426988-449F-40C6-86FF-EE461188EFCE}"
EndProject
Global
	GlobalSection(SolutionConfigurationPlatforms) = preSolution
		Debug|Any CPU = Debug|Any CPU
		Release|Any CPU = Release|Any CPU
	EndGlobalSection
	GlobalSection(ProjectConfigurationPlatforms) = postSolution
		{E86C9BC8-427A-49EF-9B4A-08AE67DD7C1D}.Debug|Any CPU.ActiveCfg = Debug|Any CPU
		{E86C9BC8-427A-49EF-9B4A-08AE67DD7C1D}.Debug|Any CPU.Build.0 = Debug|Any CPU
		{E86C9BC8-427A-49EF-9B4A-08AE67DD7C1D}.Release|Any CPU.ActiveCfg = Release|Any CPU
		{E86C9BC8-427A-49EF-9B4A-08AE67DD7C1D}.Release|Any CPU.Build.0 = Release|Any CPU
		{1F23585B-43F9-4041-B7E7-1FC76661FFF6}.Debug|Any CPU.ActiveCfg = Debug|Any CPU
		{1F23585B-43F9-4041-B7E7-1FC76661FFF6}.Debug|Any CPU.Build.0 = Debug|Any CPU
		{1F23585B-43F9-4041-B7E7-1FC76661FFF6}.Release|Any CPU.ActiveCfg = Release|Any CPU
		{1F23585B-43F9-4041-B7E7-1FC76661FFF6}.Release|Any CPU.Build.0 = Release|Any CPU
		{DD426988-449F-40C6-86FF-EE461188EFCE}.Debug|Any CPU.ActiveCfg = Debug|Any CPU
		{DD426988-449F-40C6-86FF-EE461188EFCE}.Debug|Any CPU.Build.0 = Debug|Any CPU
		{DD426988-449F-40C6-86FF-EE461188EFCE}.Release|Any CPU.ActiveCfg = Release|Any CPU
		{DD426988-449F-40C6-86FF-EE461188EFCE}.Release|Any CPU.Build.0 = Release|Any CPU
	EndGlobalSection
	GlobalSection(SolutionProperties) = preSolution
		HideSolutionNode = FALSE
	EndGlobalSection
EndGlobal
