
Microsoft Visual Studio Solution File, Format Version 12.00
# Visual Studio 14
VisualStudioVersion = 14.0.25420.1
MinimumVisualStudioVersion = 10.0.40219.1
Project("{FAE04EC0-301F-11D3-BF4B-00C04F79EFBC}") = "MP3Renamer", "MP3Renamer\MP3Renamer.csproj", "{9B9006F6-6392-4F00-9EA0-DC9D6831962D}"
EndProject
Project("{FAE04EC0-301F-11D3-BF4B-00C04F79EFBC}") = "MP3Renamer.Tests", "MP3Renamer.Tests\MP3Renamer.Tests.csproj", "{06E6ADA6-25E0-48D8-A4E0-EEB5C09209D6}"
EndProject
Project("{FAE04EC0-301F-11D3-BF4B-00C04F79EFBC}") = "MP3RenamerLib", "RenamerLib\MP3RenamerLib.csproj", "{1132776F-A81F-49B0-B898-D3A3F0084B8C}"
EndProject
Project("{FAE04EC0-301F-11D3-BF4B-00C04F79EFBC}") = "Logger", "Logger\Logger.csproj", "{8DEF44EB-869F-42C9-8827-F7C0E3338312}"
EndProject
Global
	GlobalSection(SolutionConfigurationPlatforms) = preSolution
		Debug|Any CPU = Debug|Any CPU
		Release|Any CPU = Release|Any CPU
	EndGlobalSection
	GlobalSection(ProjectConfigurationPlatforms) = postSolution
		{9B9006F6-6392-4F00-9EA0-DC9D6831962D}.Debug|Any CPU.ActiveCfg = Debug|Any CPU
		{9B9006F6-6392-4F00-9EA0-DC9D6831962D}.Debug|Any CPU.Build.0 = Debug|Any CPU
		{9B9006F6-6392-4F00-9EA0-DC9D6831962D}.Release|Any CPU.ActiveCfg = Release|Any CPU
		{9B9006F6-6392-4F00-9EA0-DC9D6831962D}.Release|Any CPU.Build.0 = Release|Any CPU
		{06E6ADA6-25E0-48D8-A4E0-EEB5C09209D6}.Debug|Any CPU.ActiveCfg = Debug|Any CPU
		{06E6ADA6-25E0-48D8-A4E0-EEB5C09209D6}.Debug|Any CPU.Build.0 = Debug|Any CPU
		{06E6ADA6-25E0-48D8-A4E0-EEB5C09209D6}.Release|Any CPU.ActiveCfg = Release|Any CPU
		{06E6ADA6-25E0-48D8-A4E0-EEB5C09209D6}.Release|Any CPU.Build.0 = Release|Any CPU
		{1132776F-A81F-49B0-B898-D3A3F0084B8C}.Debug|Any CPU.ActiveCfg = Debug|Any CPU
		{1132776F-A81F-49B0-B898-D3A3F0084B8C}.Debug|Any CPU.Build.0 = Debug|Any CPU
		{1132776F-A81F-49B0-B898-D3A3F0084B8C}.Release|Any CPU.ActiveCfg = Release|Any CPU
		{1132776F-A81F-49B0-B898-D3A3F0084B8C}.Release|Any CPU.Build.0 = Release|Any CPU
		{8DEF44EB-869F-42C9-8827-F7C0E3338312}.Debug|Any CPU.ActiveCfg = Debug|Any CPU
		{8DEF44EB-869F-42C9-8827-F7C0E3338312}.Debug|Any CPU.Build.0 = Debug|Any CPU
		{8DEF44EB-869F-42C9-8827-F7C0E3338312}.Release|Any CPU.ActiveCfg = Release|Any CPU
		{8DEF44EB-869F-42C9-8827-F7C0E3338312}.Release|Any CPU.Build.0 = Release|Any CPU
	EndGlobalSection
	GlobalSection(SolutionProperties) = preSolution
		HideSolutionNode = FALSE
	EndGlobalSection
EndGlobal
