
Microsoft Visual Studio Solution File, Format Version 12.00
# Visual Studio 15
VisualStudioVersion = 15.0.27703.2035
MinimumVisualStudioVersion = 10.0.40219.1
Project("{FAE04EC0-301F-11D3-BF4B-00C04F79EFBC}") = "MyDictionary", "MyDictionary\MyDictionary.csproj", "{67AECAC6-F1C4-4019-892D-B797E81D7197}"
EndProject
Project("{FAE04EC0-301F-11D3-BF4B-00C04F79EFBC}") = "MyDictionaryTest", "MyDictionaryTest\MyDictionaryTest.csproj", "{718EA354-053B-4E06-BE24-016091F6C6B1}"
EndProject
Global
	GlobalSection(SolutionConfigurationPlatforms) = preSolution
		Debug|Any CPU = Debug|Any CPU
		Release|Any CPU = Release|Any CPU
	EndGlobalSection
	GlobalSection(ProjectConfigurationPlatforms) = postSolution
		{67AECAC6-F1C4-4019-892D-B797E81D7197}.Debug|Any CPU.ActiveCfg = Debug|Any CPU
		{67AECAC6-F1C4-4019-892D-B797E81D7197}.Debug|Any CPU.Build.0 = Debug|Any CPU
		{67AECAC6-F1C4-4019-892D-B797E81D7197}.Release|Any CPU.ActiveCfg = Release|Any CPU
		{67AECAC6-F1C4-4019-892D-B797E81D7197}.Release|Any CPU.Build.0 = Release|Any CPU
		{718EA354-053B-4E06-BE24-016091F6C6B1}.Debug|Any CPU.ActiveCfg = Debug|Any CPU
		{718EA354-053B-4E06-BE24-016091F6C6B1}.Debug|Any CPU.Build.0 = Debug|Any CPU
		{718EA354-053B-4E06-BE24-016091F6C6B1}.Release|Any CPU.ActiveCfg = Release|Any CPU
		{718EA354-053B-4E06-BE24-016091F6C6B1}.Release|Any CPU.Build.0 = Release|Any CPU
	EndGlobalSection
	GlobalSection(SolutionProperties) = preSolution
		HideSolutionNode = FALSE
	EndGlobalSection
	GlobalSection(ExtensibilityGlobals) = postSolution
		SolutionGuid = {198CC30B-BC48-4848-999B-36282EED5918}
	EndGlobalSection
EndGlobal
