
Microsoft Visual Studio Solution File, Format Version 11.00
# Visual Studio 2010
Project("{FAE04EC0-301F-11D3-BF4B-00C04F79EFBC}") = "CacheLibrary", "CacheLibrary\CacheLibrary.csproj", "{7C5C1644-B799-4E9C-80B0-04DB3CD0DDDE}"
EndProject
Project("{FAE04EC0-301F-11D3-BF4B-00C04F79EFBC}") = "CacheWithoutTimers", "CacheWithoutTimers\CacheWithoutTimers.csproj", "{46D92C20-11AE-446C-B61F-7E55D0A4CCF1}"
EndProject
Project("{FAE04EC0-301F-11D3-BF4B-00C04F79EFBC}") = "CacheLibrary.UnitTests", "CacheLibrary.UnitTests\CacheLibrary.UnitTests.csproj", "{E70377E8-0757-453B-AD51-14E587D1A5BA}"
EndProject
Project("{2150E333-8FDC-42A3-9474-1A3956D46DE8}") = "Solution Items", "Solution Items", "{950F16DA-7CC8-4D6F-A75D-1988974A6293}"
	ProjectSection(SolutionItems) = preProject
		CacheLibrary.vsmdi = CacheLibrary.vsmdi
		Local.testsettings = Local.testsettings
		TraceAndTestImpact.testsettings = TraceAndTestImpact.testsettings
	EndProjectSection
EndProject
Global
	GlobalSection(TestCaseManagementSettings) = postSolution
		CategoryFile = CacheLibrary.vsmdi
	EndGlobalSection
	GlobalSection(SolutionConfigurationPlatforms) = preSolution
		Debug|Any CPU = Debug|Any CPU
		Release|Any CPU = Release|Any CPU
	EndGlobalSection
	GlobalSection(ProjectConfigurationPlatforms) = postSolution
		{7C5C1644-B799-4E9C-80B0-04DB3CD0DDDE}.Debug|Any CPU.ActiveCfg = Debug|Any CPU
		{7C5C1644-B799-4E9C-80B0-04DB3CD0DDDE}.Debug|Any CPU.Build.0 = Debug|Any CPU
		{7C5C1644-B799-4E9C-80B0-04DB3CD0DDDE}.Release|Any CPU.ActiveCfg = Release|Any CPU
		{7C5C1644-B799-4E9C-80B0-04DB3CD0DDDE}.Release|Any CPU.Build.0 = Release|Any CPU
		{46D92C20-11AE-446C-B61F-7E55D0A4CCF1}.Debug|Any CPU.ActiveCfg = Debug|Any CPU
		{46D92C20-11AE-446C-B61F-7E55D0A4CCF1}.Debug|Any CPU.Build.0 = Debug|Any CPU
		{46D92C20-11AE-446C-B61F-7E55D0A4CCF1}.Release|Any CPU.ActiveCfg = Release|Any CPU
		{46D92C20-11AE-446C-B61F-7E55D0A4CCF1}.Release|Any CPU.Build.0 = Release|Any CPU
		{E70377E8-0757-453B-AD51-14E587D1A5BA}.Debug|Any CPU.ActiveCfg = Debug|Any CPU
		{E70377E8-0757-453B-AD51-14E587D1A5BA}.Debug|Any CPU.Build.0 = Debug|Any CPU
		{E70377E8-0757-453B-AD51-14E587D1A5BA}.Release|Any CPU.ActiveCfg = Release|Any CPU
		{E70377E8-0757-453B-AD51-14E587D1A5BA}.Release|Any CPU.Build.0 = Release|Any CPU
	EndGlobalSection
	GlobalSection(SolutionProperties) = preSolution
		HideSolutionNode = FALSE
	EndGlobalSection
EndGlobal
