
Microsoft Visual Studio Solution File, Format Version 12.00
# Visual Studio 2013
VisualStudioVersion = 12.0.21005.1
MinimumVisualStudioVersion = 10.0.40219.1
Project("{FAE04EC0-301F-11D3-BF4B-00C04F79EFBC}") = "Mp3Tager", "MP3_tager\Mp3Tager.csproj", "{446BFE4E-DF2A-443B-B60F-8BB53827FC58}"
EndProject
Project("{FAE04EC0-301F-11D3-BF4B-00C04F79EFBC}") = "Tests", "ParserTests\Tests.csproj", "{158F2A62-73A5-462E-A59A-973DC902C71F}"
EndProject
Project("{FAE04EC0-301F-11D3-BF4B-00C04F79EFBC}") = "Mp3HandlerLib", "Retager\Mp3HandlerLib.csproj", "{D0DB0956-45A9-448B-9EC0-A87B2CD7AE46}"
EndProject
Global
	GlobalSection(SolutionConfigurationPlatforms) = preSolution
		Debug|Any CPU = Debug|Any CPU
		Release|Any CPU = Release|Any CPU
	EndGlobalSection
	GlobalSection(ProjectConfigurationPlatforms) = postSolution
		{446BFE4E-DF2A-443B-B60F-8BB53827FC58}.Debug|Any CPU.ActiveCfg = Debug|Any CPU
		{446BFE4E-DF2A-443B-B60F-8BB53827FC58}.Debug|Any CPU.Build.0 = Debug|Any CPU
		{446BFE4E-DF2A-443B-B60F-8BB53827FC58}.Release|Any CPU.ActiveCfg = Release|Any CPU
		{446BFE4E-DF2A-443B-B60F-8BB53827FC58}.Release|Any CPU.Build.0 = Release|Any CPU
		{158F2A62-73A5-462E-A59A-973DC902C71F}.Debug|Any CPU.ActiveCfg = Debug|Any CPU
		{158F2A62-73A5-462E-A59A-973DC902C71F}.Debug|Any CPU.Build.0 = Debug|Any CPU
		{158F2A62-73A5-462E-A59A-973DC902C71F}.Release|Any CPU.ActiveCfg = Release|Any CPU
		{158F2A62-73A5-462E-A59A-973DC902C71F}.Release|Any CPU.Build.0 = Release|Any CPU
		{D0DB0956-45A9-448B-9EC0-A87B2CD7AE46}.Debug|Any CPU.ActiveCfg = Debug|Any CPU
		{D0DB0956-45A9-448B-9EC0-A87B2CD7AE46}.Debug|Any CPU.Build.0 = Debug|Any CPU
		{D0DB0956-45A9-448B-9EC0-A87B2CD7AE46}.Release|Any CPU.ActiveCfg = Release|Any CPU
		{D0DB0956-45A9-448B-9EC0-A87B2CD7AE46}.Release|Any CPU.Build.0 = Release|Any CPU
	EndGlobalSection
	GlobalSection(SolutionProperties) = preSolution
		HideSolutionNode = FALSE
	EndGlobalSection
EndGlobal
