
Microsoft Visual Studio Solution File, Format Version 12.00
# Visual Studio 15
VisualStudioVersion = 15.0.26403.7
MinimumVisualStudioVersion = 10.0.40219.1
Project("{FAE04EC0-301F-11D3-BF4B-00C04F79EFBC}") = "Mp3UtilConsole", "Mp3UtilConsole\Mp3UtilConsole.csproj", "{B7C050D3-4E34-448E-B3A7-4ABE5DE94A82}"
EndProject
Project("{FAE04EC0-301F-11D3-BF4B-00C04F79EFBC}") = "Mp3UtilTests", "Mp3UtilTests\Mp3UtilTests.csproj", "{4C5B594C-3ED9-4F21-A4DD-14B93F07A038}"
EndProject
Project("{FAE04EC0-301F-11D3-BF4B-00C04F79EFBC}") = "Mp3UtilLib", "Mp3UtilLib\Mp3UtilLib.csproj", "{EA76037C-DA17-401B-98D9-0C14B66C39F8}"
EndProject
Global
	GlobalSection(SolutionConfigurationPlatforms) = preSolution
		Debug|Any CPU = Debug|Any CPU
		Release|Any CPU = Release|Any CPU
	EndGlobalSection
	GlobalSection(ProjectConfigurationPlatforms) = postSolution
		{B7C050D3-4E34-448E-B3A7-4ABE5DE94A82}.Debug|Any CPU.ActiveCfg = Debug|Any CPU
		{B7C050D3-4E34-448E-B3A7-4ABE5DE94A82}.Debug|Any CPU.Build.0 = Debug|Any CPU
		{B7C050D3-4E34-448E-B3A7-4ABE5DE94A82}.Release|Any CPU.ActiveCfg = Release|Any CPU
		{B7C050D3-4E34-448E-B3A7-4ABE5DE94A82}.Release|Any CPU.Build.0 = Release|Any CPU
		{4C5B594C-3ED9-4F21-A4DD-14B93F07A038}.Debug|Any CPU.ActiveCfg = Debug|Any CPU
		{4C5B594C-3ED9-4F21-A4DD-14B93F07A038}.Debug|Any CPU.Build.0 = Debug|Any CPU
		{4C5B594C-3ED9-4F21-A4DD-14B93F07A038}.Release|Any CPU.ActiveCfg = Release|Any CPU
		{4C5B594C-3ED9-4F21-A4DD-14B93F07A038}.Release|Any CPU.Build.0 = Release|Any CPU
		{EA76037C-DA17-401B-98D9-0C14B66C39F8}.Debug|Any CPU.ActiveCfg = Debug|Any CPU
		{EA76037C-DA17-401B-98D9-0C14B66C39F8}.Debug|Any CPU.Build.0 = Debug|Any CPU
		{EA76037C-DA17-401B-98D9-0C14B66C39F8}.Release|Any CPU.ActiveCfg = Release|Any CPU
		{EA76037C-DA17-401B-98D9-0C14B66C39F8}.Release|Any CPU.Build.0 = Release|Any CPU
	EndGlobalSection
	GlobalSection(SolutionProperties) = preSolution
		HideSolutionNode = FALSE
	EndGlobalSection
EndGlobal
