
Microsoft Visual Studio Solution File, Format Version 12.00
# Visual Studio 15
VisualStudioVersion = 15.0.28307.757
MinimumVisualStudioVersion = 10.0.40219.1
Project("{FAE04EC0-301F-11D3-BF4B-00C04F79EFBC}") = "UnitTestQueue", "UnitTestQueue\UnitTestQueue.csproj", "{AE31E4C1-F84C-4AD1-8641-A094C060E172}"
EndProject
Project("{FAE04EC0-301F-11D3-BF4B-00C04F79EFBC}") = "Queue", "Queue\Queue.csproj", "{2610B10B-B1F7-4A5A-83A0-32D08D438842}"
EndProject
Global
	GlobalSection(SolutionConfigurationPlatforms) = preSolution
		Debug|Any CPU = Debug|Any CPU
		Release|Any CPU = Release|Any CPU
	EndGlobalSection
	GlobalSection(ProjectConfigurationPlatforms) = postSolution
		{AE31E4C1-F84C-4AD1-8641-A094C060E172}.Debug|Any CPU.ActiveCfg = Debug|Any CPU
		{AE31E4C1-F84C-4AD1-8641-A094C060E172}.Debug|Any CPU.Build.0 = Debug|Any CPU
		{AE31E4C1-F84C-4AD1-8641-A094C060E172}.Release|Any CPU.ActiveCfg = Release|Any CPU
		{AE31E4C1-F84C-4AD1-8641-A094C060E172}.Release|Any CPU.Build.0 = Release|Any CPU
		{2610B10B-B1F7-4A5A-83A0-32D08D438842}.Debug|Any CPU.ActiveCfg = Debug|Any CPU
		{2610B10B-B1F7-4A5A-83A0-32D08D438842}.Debug|Any CPU.Build.0 = Debug|Any CPU
		{2610B10B-B1F7-4A5A-83A0-32D08D438842}.Release|Any CPU.ActiveCfg = Release|Any CPU
		{2610B10B-B1F7-4A5A-83A0-32D08D438842}.Release|Any CPU.Build.0 = Release|Any CPU
	EndGlobalSection
	GlobalSection(SolutionProperties) = preSolution
		HideSolutionNode = FALSE
	EndGlobalSection
	GlobalSection(ExtensibilityGlobals) = postSolution
		SolutionGuid = {6A42BD30-7BDB-482A-8D01-086A1DD95DD6}
	EndGlobalSection
EndGlobal
