
Microsoft Visual Studio Solution File, Format Version 12.00
# Visual Studio 2013
VisualStudioVersion = 12.0.30501.0
MinimumVisualStudioVersion = 10.0.40219.1
Project("{FAE04EC0-301F-11D3-BF4B-00C04F79EFBC}") = "RomaCalculator", "RomaCalculator\RomaCalculator.csproj", "{41DA0793-A9E8-4F78-A195-94C62ED1DBAF}"
EndProject
Project("{FAE04EC0-301F-11D3-BF4B-00C04F79EFBC}") = "UnitTestsForRomaCalculator", "UnitTestsForRomaCalculator\UnitTestsForRomaCalculator.csproj", "{54EA8BD5-7369-42CE-8587-5860BDF370F5}"
EndProject
Project("{FAE04EC0-301F-11D3-BF4B-00C04F79EFBC}") = "TestApp", "TestApp\TestApp.csproj", "{A6DD7129-9D4A-40F7-9A27-C2CC0DBDDDD3}"
EndProject
Global
	GlobalSection(SolutionConfigurationPlatforms) = preSolution
		Debug|Any CPU = Debug|Any CPU
		Release|Any CPU = Release|Any CPU
	EndGlobalSection
	GlobalSection(ProjectConfigurationPlatforms) = postSolution
		{41DA0793-A9E8-4F78-A195-94C62ED1DBAF}.Debug|Any CPU.ActiveCfg = Debug|Any CPU
		{41DA0793-A9E8-4F78-A195-94C62ED1DBAF}.Debug|Any CPU.Build.0 = Debug|Any CPU
		{41DA0793-A9E8-4F78-A195-94C62ED1DBAF}.Release|Any CPU.ActiveCfg = Release|Any CPU
		{41DA0793-A9E8-4F78-A195-94C62ED1DBAF}.Release|Any CPU.Build.0 = Release|Any CPU
		{54EA8BD5-7369-42CE-8587-5860BDF370F5}.Debug|Any CPU.ActiveCfg = Debug|Any CPU
		{54EA8BD5-7369-42CE-8587-5860BDF370F5}.Debug|Any CPU.Build.0 = Debug|Any CPU
		{54EA8BD5-7369-42CE-8587-5860BDF370F5}.Release|Any CPU.ActiveCfg = Release|Any CPU
		{54EA8BD5-7369-42CE-8587-5860BDF370F5}.Release|Any CPU.Build.0 = Release|Any CPU
		{A6DD7129-9D4A-40F7-9A27-C2CC0DBDDDD3}.Debug|Any CPU.ActiveCfg = Debug|Any CPU
		{A6DD7129-9D4A-40F7-9A27-C2CC0DBDDDD3}.Debug|Any CPU.Build.0 = Debug|Any CPU
		{A6DD7129-9D4A-40F7-9A27-C2CC0DBDDDD3}.Release|Any CPU.ActiveCfg = Release|Any CPU
		{A6DD7129-9D4A-40F7-9A27-C2CC0DBDDDD3}.Release|Any CPU.Build.0 = Release|Any CPU
	EndGlobalSection
	GlobalSection(SolutionProperties) = preSolution
		HideSolutionNode = FALSE
	EndGlobalSection
EndGlobal
