
Microsoft Visual Studio Solution File, Format Version 12.00
# Visual Studio Version 16
VisualStudioVersion = 16.0.29025.244
MinimumVisualStudioVersion = 10.0.40219.1
Project("{FAE04EC0-301F-11D3-BF4B-00C04F79EFBC}") = "Stack_based_on_array", "Stack_based_on_array\Stack_based_on_array.csproj", "{4EE275D2-82B1-4B90-B33B-D3E8031CB79C}"
EndProject
Project("{FAE04EC0-301F-11D3-BF4B-00C04F79EFBC}") = "StackTests", "UnitTests\StackTests.csproj", "{200D9D7F-FB13-46B0-8618-948B3E30A90C}"
EndProject
Global
	GlobalSection(SolutionConfigurationPlatforms) = preSolution
		Debug|Any CPU = Debug|Any CPU
		Release|Any CPU = Release|Any CPU
	EndGlobalSection
	GlobalSection(ProjectConfigurationPlatforms) = postSolution
		{4EE275D2-82B1-4B90-B33B-D3E8031CB79C}.Debug|Any CPU.ActiveCfg = Debug|Any CPU
		{4EE275D2-82B1-4B90-B33B-D3E8031CB79C}.Debug|Any CPU.Build.0 = Debug|Any CPU
		{4EE275D2-82B1-4B90-B33B-D3E8031CB79C}.Release|Any CPU.ActiveCfg = Release|Any CPU
		{4EE275D2-82B1-4B90-B33B-D3E8031CB79C}.Release|Any CPU.Build.0 = Release|Any CPU
		{200D9D7F-FB13-46B0-8618-948B3E30A90C}.Debug|Any CPU.ActiveCfg = Debug|Any CPU
		{200D9D7F-FB13-46B0-8618-948B3E30A90C}.Debug|Any CPU.Build.0 = Debug|Any CPU
		{200D9D7F-FB13-46B0-8618-948B3E30A90C}.Release|Any CPU.ActiveCfg = Release|Any CPU
		{200D9D7F-FB13-46B0-8618-948B3E30A90C}.Release|Any CPU.Build.0 = Release|Any CPU
	EndGlobalSection
	GlobalSection(SolutionProperties) = preSolution
		HideSolutionNode = FALSE
	EndGlobalSection
	GlobalSection(ExtensibilityGlobals) = postSolution
		SolutionGuid = {452D1795-5303-48C8-A283-E6ACE77E05D6}
	EndGlobalSection
EndGlobal
