
Microsoft Visual Studio Solution File, Format Version 12.00
# Visual Studio Version 16
VisualStudioVersion = 16.0.30503.244
MinimumVisualStudioVersion = 10.0.40219.1
Project("{FAE04EC0-301F-11D3-BF4B-00C04F79EFBC}") = "ToDoListNikeshina", "ToDoListNikeshina\ToDoListNikeshina.csproj", "{8DDA0AB3-AE20-4F38-B904-1715B8443D0F}"
EndProject
Project("{FAE04EC0-301F-11D3-BF4B-00C04F79EFBC}") = "ToDoListApp", "ToDoListApp\ToDoListApp.csproj", "{B908B988-060F-4A26-B43C-014007F4B026}"
EndProject
Global
	GlobalSection(SolutionConfigurationPlatforms) = preSolution
		Debug|Any CPU = Debug|Any CPU
		Release|Any CPU = Release|Any CPU
	EndGlobalSection
	GlobalSection(ProjectConfigurationPlatforms) = postSolution
		{8DDA0AB3-AE20-4F38-B904-1715B8443D0F}.Debug|Any CPU.ActiveCfg = Debug|Any CPU
		{8DDA0AB3-AE20-4F38-B904-1715B8443D0F}.Debug|Any CPU.Build.0 = Debug|Any CPU
		{8DDA0AB3-AE20-4F38-B904-1715B8443D0F}.Release|Any CPU.ActiveCfg = Release|Any CPU
		{8DDA0AB3-AE20-4F38-B904-1715B8443D0F}.Release|Any CPU.Build.0 = Release|Any CPU
		{B908B988-060F-4A26-B43C-014007F4B026}.Debug|Any CPU.ActiveCfg = Debug|Any CPU
		{B908B988-060F-4A26-B43C-014007F4B026}.Debug|Any CPU.Build.0 = Debug|Any CPU
		{B908B988-060F-4A26-B43C-014007F4B026}.Release|Any CPU.ActiveCfg = Release|Any CPU
		{B908B988-060F-4A26-B43C-014007F4B026}.Release|Any CPU.Build.0 = Release|Any CPU
	EndGlobalSection
	GlobalSection(SolutionProperties) = preSolution
		HideSolutionNode = FALSE
	EndGlobalSection
	GlobalSection(ExtensibilityGlobals) = postSolution
		SolutionGuid = {741944F1-7A76-45B9-91AB-7E01726856FD}
	EndGlobalSection
EndGlobal
