
Microsoft Visual Studio Solution File, Format Version 12.00
# Visual Studio 2013
VisualStudioVersion = 12.0.30501.0
MinimumVisualStudioVersion = 10.0.40219.1
Project("{FAE04EC0-301F-11D3-BF4B-00C04F79EFBC}") = "RomeDigitLibrary", "RomeDigitLibrary\RomeDigitLibrary.csproj", "{8D1356C7-D505-4C78-A8AB-CB51ED570569}"
EndProject
Project("{FAE04EC0-301F-11D3-BF4B-00C04F79EFBC}") = "TestRomanDigit", "TestRomanDigit\TestRomanDigit.csproj", "{F2F03355-BFED-49A4-9F42-F7F963EC7592}"
EndProject
Global
	GlobalSection(SolutionConfigurationPlatforms) = preSolution
		Debug|Any CPU = Debug|Any CPU
		Release|Any CPU = Release|Any CPU
	EndGlobalSection
	GlobalSection(ProjectConfigurationPlatforms) = postSolution
		{8D1356C7-D505-4C78-A8AB-CB51ED570569}.Debug|Any CPU.ActiveCfg = Debug|Any CPU
		{8D1356C7-D505-4C78-A8AB-CB51ED570569}.Debug|Any CPU.Build.0 = Debug|Any CPU
		{8D1356C7-D505-4C78-A8AB-CB51ED570569}.Release|Any CPU.ActiveCfg = Release|Any CPU
		{8D1356C7-D505-4C78-A8AB-CB51ED570569}.Release|Any CPU.Build.0 = Release|Any CPU
		{F2F03355-BFED-49A4-9F42-F7F963EC7592}.Debug|Any CPU.ActiveCfg = Debug|Any CPU
		{F2F03355-BFED-49A4-9F42-F7F963EC7592}.Debug|Any CPU.Build.0 = Debug|Any CPU
		{F2F03355-BFED-49A4-9F42-F7F963EC7592}.Release|Any CPU.ActiveCfg = Release|Any CPU
		{F2F03355-BFED-49A4-9F42-F7F963EC7592}.Release|Any CPU.Build.0 = Release|Any CPU
	EndGlobalSection
	GlobalSection(SolutionProperties) = preSolution
		HideSolutionNode = FALSE
	EndGlobalSection
EndGlobal
