
Microsoft Visual Studio Solution File, Format Version 12.00
# Visual Studio Version 16
VisualStudioVersion = 16.0.29025.244
MinimumVisualStudioVersion = 10.0.40219.1
Project("{FAE04EC0-301F-11D3-BF4B-00C04F79EFBC}") = "FaultTolerance", "FaultTolerance\FaultTolerance.csproj", "{8436E46F-E747-420B-8FBD-C0EDA2E51862}"
EndProject
Project("{FAE04EC0-301F-11D3-BF4B-00C04F79EFBC}") = "FaultToleranceTests", "FaultToleranceTests\FaultToleranceTests.csproj", "{DC234938-D6EA-471E-9136-05D67B339696}"
EndProject
Project("{FAE04EC0-301F-11D3-BF4B-00C04F79EFBC}") = "test", "test\test.csproj", "{33BCD0D1-2FAD-4DA0-9CCE-BE042A3DCA25}"
EndProject
Global
	GlobalSection(SolutionConfigurationPlatforms) = preSolution
		Debug|Any CPU = Debug|Any CPU
		Release|Any CPU = Release|Any CPU
	EndGlobalSection
	GlobalSection(ProjectConfigurationPlatforms) = postSolution
		{8436E46F-E747-420B-8FBD-C0EDA2E51862}.Debug|Any CPU.ActiveCfg = Debug|Any CPU
		{8436E46F-E747-420B-8FBD-C0EDA2E51862}.Debug|Any CPU.Build.0 = Debug|Any CPU
		{8436E46F-E747-420B-8FBD-C0EDA2E51862}.Release|Any CPU.ActiveCfg = Release|Any CPU
		{8436E46F-E747-420B-8FBD-C0EDA2E51862}.Release|Any CPU.Build.0 = Release|Any CPU
		{DC234938-D6EA-471E-9136-05D67B339696}.Debug|Any CPU.ActiveCfg = Debug|Any CPU
		{DC234938-D6EA-471E-9136-05D67B339696}.Debug|Any CPU.Build.0 = Debug|Any CPU
		{DC234938-D6EA-471E-9136-05D67B339696}.Release|Any CPU.ActiveCfg = Release|Any CPU
		{DC234938-D6EA-471E-9136-05D67B339696}.Release|Any CPU.Build.0 = Release|Any CPU
		{33BCD0D1-2FAD-4DA0-9CCE-BE042A3DCA25}.Debug|Any CPU.ActiveCfg = Debug|Any CPU
		{33BCD0D1-2FAD-4DA0-9CCE-BE042A3DCA25}.Debug|Any CPU.Build.0 = Debug|Any CPU
		{33BCD0D1-2FAD-4DA0-9CCE-BE042A3DCA25}.Release|Any CPU.ActiveCfg = Release|Any CPU
		{33BCD0D1-2FAD-4DA0-9CCE-BE042A3DCA25}.Release|Any CPU.Build.0 = Release|Any CPU
	EndGlobalSection
	GlobalSection(SolutionProperties) = preSolution
		HideSolutionNode = FALSE
	EndGlobalSection
	GlobalSection(ExtensibilityGlobals) = postSolution
		SolutionGuid = {FD3E462C-0FD1-4BB1-A4C2-CC6934CA64A3}
	EndGlobalSection
EndGlobal
