
Microsoft Visual Studio Solution File, Format Version 12.00
# Visual Studio 2013
VisualStudioVersion = 12.0.30501.0
MinimumVisualStudioVersion = 10.0.40219.1
Project("{FAE04EC0-301F-11D3-BF4B-00C04F79EFBC}") = "QueueLib", "QueueLib\QueueLib.csproj", "{FDEDC6B6-5EAE-4ADA-B3CE-F6164A0A96F3}"
EndProject
Project("{FAE04EC0-301F-11D3-BF4B-00C04F79EFBC}") = "Queue.UnitTest", "UnitTest\Queue.UnitTest.csproj", "{F85FBB67-8AE2-4777-9866-DC39B06059A4}"
EndProject
Project("{FAE04EC0-301F-11D3-BF4B-00C04F79EFBC}") = "QueueOnArray", "QueueOnArray\QueueOnArray.csproj", "{AF8FB435-566A-4A54-B41D-06F74CB3C057}"
EndProject
Project("{FAE04EC0-301F-11D3-BF4B-00C04F79EFBC}") = "QueueInterface", "QueueInterface\QueueInterface.csproj", "{99E90C49-FB0F-417D-84AA-1E32B4237CAF}"
EndProject
Global
	GlobalSection(SolutionConfigurationPlatforms) = preSolution
		Debug|Any CPU = Debug|Any CPU
		Release|Any CPU = Release|Any CPU
	EndGlobalSection
	GlobalSection(ProjectConfigurationPlatforms) = postSolution
		{FDEDC6B6-5EAE-4ADA-B3CE-F6164A0A96F3}.Debug|Any CPU.ActiveCfg = Debug|Any CPU
		{FDEDC6B6-5EAE-4ADA-B3CE-F6164A0A96F3}.Debug|Any CPU.Build.0 = Debug|Any CPU
		{FDEDC6B6-5EAE-4ADA-B3CE-F6164A0A96F3}.Release|Any CPU.ActiveCfg = Release|Any CPU
		{FDEDC6B6-5EAE-4ADA-B3CE-F6164A0A96F3}.Release|Any CPU.Build.0 = Release|Any CPU
		{F85FBB67-8AE2-4777-9866-DC39B06059A4}.Debug|Any CPU.ActiveCfg = Debug|Any CPU
		{F85FBB67-8AE2-4777-9866-DC39B06059A4}.Debug|Any CPU.Build.0 = Debug|Any CPU
		{F85FBB67-8AE2-4777-9866-DC39B06059A4}.Release|Any CPU.ActiveCfg = Release|Any CPU
		{F85FBB67-8AE2-4777-9866-DC39B06059A4}.Release|Any CPU.Build.0 = Release|Any CPU
		{AF8FB435-566A-4A54-B41D-06F74CB3C057}.Debug|Any CPU.ActiveCfg = Debug|Any CPU
		{AF8FB435-566A-4A54-B41D-06F74CB3C057}.Debug|Any CPU.Build.0 = Debug|Any CPU
		{AF8FB435-566A-4A54-B41D-06F74CB3C057}.Release|Any CPU.ActiveCfg = Release|Any CPU
		{AF8FB435-566A-4A54-B41D-06F74CB3C057}.Release|Any CPU.Build.0 = Release|Any CPU
		{99E90C49-FB0F-417D-84AA-1E32B4237CAF}.Debug|Any CPU.ActiveCfg = Debug|Any CPU
		{99E90C49-FB0F-417D-84AA-1E32B4237CAF}.Debug|Any CPU.Build.0 = Debug|Any CPU
		{99E90C49-FB0F-417D-84AA-1E32B4237CAF}.Release|Any CPU.ActiveCfg = Release|Any CPU
		{99E90C49-FB0F-417D-84AA-1E32B4237CAF}.Release|Any CPU.Build.0 = Release|Any CPU
	EndGlobalSection
	GlobalSection(SolutionProperties) = preSolution
		HideSolutionNode = FALSE
	EndGlobalSection
EndGlobal
