
Microsoft Visual Studio Solution File, Format Version 12.00
# Visual Studio 2012
Project("{FAE04EC0-301F-11D3-BF4B-00C04F79EFBC}") = "Tree", "Tree\Tree.csproj", "{7C2548F6-49AD-4F94-AC53-2A1FCCA15CE3}"
EndProject
Project("{FAE04EC0-301F-11D3-BF4B-00C04F79EFBC}") = "Tree.Tests", "Tree.Tests\Tree.Tests.csproj", "{982A316D-F461-4F9E-A392-AC2EB5B2CCE6}"
EndProject
Global
	GlobalSection(SolutionConfigurationPlatforms) = preSolution
		Debug|Any CPU = Debug|Any CPU
		Release|Any CPU = Release|Any CPU
	EndGlobalSection
	GlobalSection(ProjectConfigurationPlatforms) = postSolution
		{7C2548F6-49AD-4F94-AC53-2A1FCCA15CE3}.Debug|Any CPU.ActiveCfg = Debug|Any CPU
		{7C2548F6-49AD-4F94-AC53-2A1FCCA15CE3}.Debug|Any CPU.Build.0 = Debug|Any CPU
		{7C2548F6-49AD-4F94-AC53-2A1FCCA15CE3}.Release|Any CPU.ActiveCfg = Release|Any CPU
		{7C2548F6-49AD-4F94-AC53-2A1FCCA15CE3}.Release|Any CPU.Build.0 = Release|Any CPU
		{982A316D-F461-4F9E-A392-AC2EB5B2CCE6}.Debug|Any CPU.ActiveCfg = Debug|Any CPU
		{982A316D-F461-4F9E-A392-AC2EB5B2CCE6}.Debug|Any CPU.Build.0 = Debug|Any CPU
		{982A316D-F461-4F9E-A392-AC2EB5B2CCE6}.Release|Any CPU.ActiveCfg = Release|Any CPU
		{982A316D-F461-4F9E-A392-AC2EB5B2CCE6}.Release|Any CPU.Build.0 = Release|Any CPU
	EndGlobalSection
	GlobalSection(SolutionProperties) = preSolution
		HideSolutionNode = FALSE
	EndGlobalSection
EndGlobal
