
Microsoft Visual Studio Solution File, Format Version 12.00
# Visual Studio Version 16
VisualStudioVersion = 16.0.29403.142
MinimumVisualStudioVersion = 10.0.40219.1
Project("{9A19103F-16F7-4668-BE54-9A1E7A4F7556}") = "SkillTreeRealization", "SkillTreeRealization\SkillTreeRealization.csproj", "{A81CE60C-E671-4454-9C26-BD5F25B3B472}"
EndProject
Project("{9A19103F-16F7-4668-BE54-9A1E7A4F7556}") = "SkillTree", "SkillTree\SkillTree.csproj", "{ED2E7151-4942-4EED-8990-589FBA054451}"
EndProject
Project("{9A19103F-16F7-4668-BE54-9A1E7A4F7556}") = "SkillTreeTest", "SkillTreeTest\SkillTreeTest.csproj", "{6489CE39-5985-43AC-A39D-61215866D78A}"
EndProject
Project("{9A19103F-16F7-4668-BE54-9A1E7A4F7556}") = "User", "User\User.csproj", "{6D24C7C4-F6DE-46FB-8127-9A3D22E7B9D9}"
EndProject
Project("{FAE04EC0-301F-11D3-BF4B-00C04F79EFBC}") = "SkillTreeController", "SkillTreeController\SkillTreeController.csproj", "{B7222B77-8160-4D4C-907F-4E6DA8D43B12}"
EndProject
Project("{FAE04EC0-301F-11D3-BF4B-00C04F79EFBC}") = "UserController", "UserController\UserController.csproj", "{FAE901FE-CC67-4F1F-9B86-92BA6376E92E}"
EndProject
Global
	GlobalSection(SolutionConfigurationPlatforms) = preSolution
		Debug|Any CPU = Debug|Any CPU
		Release|Any CPU = Release|Any CPU
	EndGlobalSection
	GlobalSection(ProjectConfigurationPlatforms) = postSolution
		{A81CE60C-E671-4454-9C26-BD5F25B3B472}.Debug|Any CPU.ActiveCfg = Debug|Any CPU
		{A81CE60C-E671-4454-9C26-BD5F25B3B472}.Debug|Any CPU.Build.0 = Debug|Any CPU
		{A81CE60C-E671-4454-9C26-BD5F25B3B472}.Release|Any CPU.ActiveCfg = Release|Any CPU
		{A81CE60C-E671-4454-9C26-BD5F25B3B472}.Release|Any CPU.Build.0 = Release|Any CPU
		{ED2E7151-4942-4EED-8990-589FBA054451}.Debug|Any CPU.ActiveCfg = Debug|Any CPU
		{ED2E7151-4942-4EED-8990-589FBA054451}.Debug|Any CPU.Build.0 = Debug|Any CPU
		{ED2E7151-4942-4EED-8990-589FBA054451}.Release|Any CPU.ActiveCfg = Release|Any CPU
		{ED2E7151-4942-4EED-8990-589FBA054451}.Release|Any CPU.Build.0 = Release|Any CPU
		{6489CE39-5985-43AC-A39D-61215866D78A}.Debug|Any CPU.ActiveCfg = Debug|Any CPU
		{6489CE39-5985-43AC-A39D-61215866D78A}.Debug|Any CPU.Build.0 = Debug|Any CPU
		{6489CE39-5985-43AC-A39D-61215866D78A}.Release|Any CPU.ActiveCfg = Release|Any CPU
		{6489CE39-5985-43AC-A39D-61215866D78A}.Release|Any CPU.Build.0 = Release|Any CPU
		{6D24C7C4-F6DE-46FB-8127-9A3D22E7B9D9}.Debug|Any CPU.ActiveCfg = Debug|Any CPU
		{6D24C7C4-F6DE-46FB-8127-9A3D22E7B9D9}.Debug|Any CPU.Build.0 = Debug|Any CPU
		{6D24C7C4-F6DE-46FB-8127-9A3D22E7B9D9}.Release|Any CPU.ActiveCfg = Release|Any CPU
		{6D24C7C4-F6DE-46FB-8127-9A3D22E7B9D9}.Release|Any CPU.Build.0 = Release|Any CPU
		{B7222B77-8160-4D4C-907F-4E6DA8D43B12}.Debug|Any CPU.ActiveCfg = Debug|Any CPU
		{B7222B77-8160-4D4C-907F-4E6DA8D43B12}.Debug|Any CPU.Build.0 = Debug|Any CPU
		{B7222B77-8160-4D4C-907F-4E6DA8D43B12}.Release|Any CPU.ActiveCfg = Release|Any CPU
		{B7222B77-8160-4D4C-907F-4E6DA8D43B12}.Release|Any CPU.Build.0 = Release|Any CPU
		{FAE901FE-CC67-4F1F-9B86-92BA6376E92E}.Debug|Any CPU.ActiveCfg = Debug|Any CPU
		{FAE901FE-CC67-4F1F-9B86-92BA6376E92E}.Debug|Any CPU.Build.0 = Debug|Any CPU
		{FAE901FE-CC67-4F1F-9B86-92BA6376E92E}.Release|Any CPU.ActiveCfg = Release|Any CPU
		{FAE901FE-CC67-4F1F-9B86-92BA6376E92E}.Release|Any CPU.Build.0 = Release|Any CPU
	EndGlobalSection
	GlobalSection(SolutionProperties) = preSolution
		HideSolutionNode = FALSE
	EndGlobalSection
	GlobalSection(ExtensibilityGlobals) = postSolution
		SolutionGuid = {A6BA5D88-154A-416F-8A11-115C363377F0}
	EndGlobalSection
EndGlobal
