
Microsoft Visual Studio Solution File, Format Version 12.00
# Visual Studio 15
VisualStudioVersion = 15.0.26430.15
MinimumVisualStudioVersion = 10.0.40219.1
Project("{FAE04EC0-301F-11D3-BF4B-00C04F79EFBC}") = "MusicFileRenameClient", "MusicFileRenameClient\MusicFileRenameClient.csproj", "{8F30E3A2-A0B2-41A4-AAE8-A96EF206BBC4}"
EndProject
Project("{FAE04EC0-301F-11D3-BF4B-00C04F79EFBC}") = "MusicFileRenameLibrary", "MusicFileRenameLibrary\MusicFileRenameLibrary.csproj", "{76E79619-EE43-443C-8F26-FD56DAE33108}"
EndProject
Project("{FAE04EC0-301F-11D3-BF4B-00C04F79EFBC}") = "FileRenamerTest", "FileRenamerTest\FileRenamerTest.csproj", "{B55A7C5B-4943-45E7-9698-55F29600F62C}"
EndProject
Global
	GlobalSection(SolutionConfigurationPlatforms) = preSolution
		Debug|Any CPU = Debug|Any CPU
		Release|Any CPU = Release|Any CPU
	EndGlobalSection
	GlobalSection(ProjectConfigurationPlatforms) = postSolution
		{8F30E3A2-A0B2-41A4-AAE8-A96EF206BBC4}.Debug|Any CPU.ActiveCfg = Debug|Any CPU
		{8F30E3A2-A0B2-41A4-AAE8-A96EF206BBC4}.Debug|Any CPU.Build.0 = Debug|Any CPU
		{8F30E3A2-A0B2-41A4-AAE8-A96EF206BBC4}.Release|Any CPU.ActiveCfg = Release|Any CPU
		{8F30E3A2-A0B2-41A4-AAE8-A96EF206BBC4}.Release|Any CPU.Build.0 = Release|Any CPU
		{76E79619-EE43-443C-8F26-FD56DAE33108}.Debug|Any CPU.ActiveCfg = Debug|Any CPU
		{76E79619-EE43-443C-8F26-FD56DAE33108}.Debug|Any CPU.Build.0 = Debug|Any CPU
		{76E79619-EE43-443C-8F26-FD56DAE33108}.Release|Any CPU.ActiveCfg = Release|Any CPU
		{76E79619-EE43-443C-8F26-FD56DAE33108}.Release|Any CPU.Build.0 = Release|Any CPU
		{B55A7C5B-4943-45E7-9698-55F29600F62C}.Debug|Any CPU.ActiveCfg = Debug|Any CPU
		{B55A7C5B-4943-45E7-9698-55F29600F62C}.Debug|Any CPU.Build.0 = Debug|Any CPU
		{B55A7C5B-4943-45E7-9698-55F29600F62C}.Release|Any CPU.ActiveCfg = Release|Any CPU
		{B55A7C5B-4943-45E7-9698-55F29600F62C}.Release|Any CPU.Build.0 = Release|Any CPU
	EndGlobalSection
	GlobalSection(SolutionProperties) = preSolution
		HideSolutionNode = FALSE
	EndGlobalSection
EndGlobal
