
Microsoft Visual Studio Solution File, Format Version 12.00
# Visual Studio Version 16
VisualStudioVersion = 16.0.31515.178
MinimumVisualStudioVersion = 10.0.40219.1
Project("{2150E333-8FDC-42A3-9474-1A3956D46DE8}") = "server", "server", "{37FEE0F6-F579-4A0D-A859-A50022810E07}"
EndProject
Project("{9A19103F-16F7-4668-BE54-9A1E7A4F7556}") = "ToDoListServerTests", "ToDoListServerTests\ToDoListServerTests.csproj", "{86B47718-C815-4D8D-8750-2FDD09BECBF1}"
EndProject
Project("{9A19103F-16F7-4668-BE54-9A1E7A4F7556}") = "ToDoApi", "ToDoApi\ToDoApi.csproj", "{6D036BDE-935A-4E9B-B424-5B6AED22BBD0}"
EndProject
Global
	GlobalSection(SolutionConfigurationPlatforms) = preSolution
		Debug|Any CPU = Debug|Any CPU
		Release|Any CPU = Release|Any CPU
	EndGlobalSection
	GlobalSection(ProjectConfigurationPlatforms) = postSolution
		{86B47718-C815-4D8D-8750-2FDD09BECBF1}.Debug|Any CPU.ActiveCfg = Debug|Any CPU
		{86B47718-C815-4D8D-8750-2FDD09BECBF1}.Debug|Any CPU.Build.0 = Debug|Any CPU
		{86B47718-C815-4D8D-8750-2FDD09BECBF1}.Release|Any CPU.ActiveCfg = Release|Any CPU
		{86B47718-C815-4D8D-8750-2FDD09BECBF1}.Release|Any CPU.Build.0 = Release|Any CPU
		{6D036BDE-935A-4E9B-B424-5B6AED22BBD0}.Debug|Any CPU.ActiveCfg = Debug|Any CPU
		{6D036BDE-935A-4E9B-B424-5B6AED22BBD0}.Debug|Any CPU.Build.0 = Debug|Any CPU
		{6D036BDE-935A-4E9B-B424-5B6AED22BBD0}.Release|Any CPU.ActiveCfg = Release|Any CPU
		{6D036BDE-935A-4E9B-B424-5B6AED22BBD0}.Release|Any CPU.Build.0 = Release|Any CPU
	EndGlobalSection
	GlobalSection(SolutionProperties) = preSolution
		HideSolutionNode = FALSE
	EndGlobalSection
	GlobalSection(NestedProjects) = preSolution
		{86B47718-C815-4D8D-8750-2FDD09BECBF1} = {37FEE0F6-F579-4A0D-A859-A50022810E07}
		{6D036BDE-935A-4E9B-B424-5B6AED22BBD0} = {37FEE0F6-F579-4A0D-A859-A50022810E07}
	EndGlobalSection
	GlobalSection(ExtensibilityGlobals) = postSolution
		SolutionGuid = {CD687AEB-55CB-4867-AFFA-73DD6C6FDE4E}
	EndGlobalSection
EndGlobal
