
Microsoft Visual Studio Solution File, Format Version 12.00
# Visual Studio Version 16
VisualStudioVersion = 16.0.30503.244
MinimumVisualStudioVersion = 10.0.40219.1
Project("{9A19103F-16F7-4668-BE54-9A1E7A4F7556}") = "StackStructure", "StackStructure\StackStructure.csproj", "{FDD2AC1F-FA49-45BD-B99A-E57B2B255CF4}"
EndProject
Project("{9A19103F-16F7-4668-BE54-9A1E7A4F7556}") = "StackTesting", "StackTesting\StackTesting.csproj", "{2935D2B0-E69F-40A1-8C74-96ACEFC5B07E}"
EndProject
Project("{9A19103F-16F7-4668-BE54-9A1E7A4F7556}") = "ToDoListLib", "ToDoListLib\ToDoListLib.csproj", "{19ADCD98-2F7F-4C65-96C0-8C54A4F8CF36}"
EndProject
Project("{FAE04EC0-301F-11D3-BF4B-00C04F79EFBC}") = "ToDoListApp", "ToDoListApp\ToDoListApp.csproj", "{5616E33E-198E-4FC1-BBA6-28C9E1758C37}"
EndProject
Global
	GlobalSection(SolutionConfigurationPlatforms) = preSolution
		Debug|Any CPU = Debug|Any CPU
		Release|Any CPU = Release|Any CPU
	EndGlobalSection
	GlobalSection(ProjectConfigurationPlatforms) = postSolution
		{FDD2AC1F-FA49-45BD-B99A-E57B2B255CF4}.Debug|Any CPU.ActiveCfg = Debug|Any CPU
		{FDD2AC1F-FA49-45BD-B99A-E57B2B255CF4}.Debug|Any CPU.Build.0 = Debug|Any CPU
		{FDD2AC1F-FA49-45BD-B99A-E57B2B255CF4}.Release|Any CPU.ActiveCfg = Release|Any CPU
		{FDD2AC1F-FA49-45BD-B99A-E57B2B255CF4}.Release|Any CPU.Build.0 = Release|Any CPU
		{2935D2B0-E69F-40A1-8C74-96ACEFC5B07E}.Debug|Any CPU.ActiveCfg = Debug|Any CPU
		{2935D2B0-E69F-40A1-8C74-96ACEFC5B07E}.Debug|Any CPU.Build.0 = Debug|Any CPU
		{2935D2B0-E69F-40A1-8C74-96ACEFC5B07E}.Release|Any CPU.ActiveCfg = Release|Any CPU
		{2935D2B0-E69F-40A1-8C74-96ACEFC5B07E}.Release|Any CPU.Build.0 = Release|Any CPU
		{19ADCD98-2F7F-4C65-96C0-8C54A4F8CF36}.Debug|Any CPU.ActiveCfg = Debug|Any CPU
		{19ADCD98-2F7F-4C65-96C0-8C54A4F8CF36}.Debug|Any CPU.Build.0 = Debug|Any CPU
		{19ADCD98-2F7F-4C65-96C0-8C54A4F8CF36}.Release|Any CPU.ActiveCfg = Release|Any CPU
		{19ADCD98-2F7F-4C65-96C0-8C54A4F8CF36}.Release|Any CPU.Build.0 = Release|Any CPU
		{5616E33E-198E-4FC1-BBA6-28C9E1758C37}.Debug|Any CPU.ActiveCfg = Debug|Any CPU
		{5616E33E-198E-4FC1-BBA6-28C9E1758C37}.Debug|Any CPU.Build.0 = Debug|Any CPU
		{5616E33E-198E-4FC1-BBA6-28C9E1758C37}.Release|Any CPU.ActiveCfg = Release|Any CPU
		{5616E33E-198E-4FC1-BBA6-28C9E1758C37}.Release|Any CPU.Build.0 = Release|Any CPU
	EndGlobalSection
	GlobalSection(SolutionProperties) = preSolution
		HideSolutionNode = FALSE
	EndGlobalSection
	GlobalSection(ExtensibilityGlobals) = postSolution
		SolutionGuid = {F7546492-C2F8-4C7A-9B64-E8C5079412C4}
	EndGlobalSection
EndGlobal
