
Microsoft Visual Studio Solution File, Format Version 12.00
# Visual Studio 2013
VisualStudioVersion = 12.0.21005.1
MinimumVisualStudioVersion = 10.0.40219.1
Project("{FAE04EC0-301F-11D3-BF4B-00C04F79EFBC}") = "HospitalLib", "HospitalLib\HospitalLib.csproj", "{C9506230-0A81-4276-B130-90149BFE31B5}"
EndProject
Project("{FAE04EC0-301F-11D3-BF4B-00C04F79EFBC}") = "Hospital.Tests", "Hospital.Tests\Hospital.Tests.csproj", "{1A2F9079-DA93-4D0D-A3A0-77ECBF1EA69F}"
EndProject
Project("{FAE04EC0-301F-11D3-BF4B-00C04F79EFBC}") = "HospitalApp", "HospitalApp\HospitalApp.csproj", "{42BCEDA4-C63E-4712-B5FB-E73260BFF896}"
EndProject
Project("{FAE04EC0-301F-11D3-BF4B-00C04F79EFBC}") = "TestApp", "TestApp\TestApp.csproj", "{83957F4E-812C-4799-B47D-167D39F54650}"
EndProject
Global
	GlobalSection(SolutionConfigurationPlatforms) = preSolution
		Debug|Any CPU = Debug|Any CPU
		Release|Any CPU = Release|Any CPU
	EndGlobalSection
	GlobalSection(ProjectConfigurationPlatforms) = postSolution
		{C9506230-0A81-4276-B130-90149BFE31B5}.Debug|Any CPU.ActiveCfg = Debug|Any CPU
		{C9506230-0A81-4276-B130-90149BFE31B5}.Debug|Any CPU.Build.0 = Debug|Any CPU
		{C9506230-0A81-4276-B130-90149BFE31B5}.Release|Any CPU.ActiveCfg = Release|Any CPU
		{C9506230-0A81-4276-B130-90149BFE31B5}.Release|Any CPU.Build.0 = Release|Any CPU
		{1A2F9079-DA93-4D0D-A3A0-77ECBF1EA69F}.Debug|Any CPU.ActiveCfg = Debug|Any CPU
		{1A2F9079-DA93-4D0D-A3A0-77ECBF1EA69F}.Debug|Any CPU.Build.0 = Debug|Any CPU
		{1A2F9079-DA93-4D0D-A3A0-77ECBF1EA69F}.Release|Any CPU.ActiveCfg = Release|Any CPU
		{1A2F9079-DA93-4D0D-A3A0-77ECBF1EA69F}.Release|Any CPU.Build.0 = Release|Any CPU
		{42BCEDA4-C63E-4712-B5FB-E73260BFF896}.Debug|Any CPU.ActiveCfg = Debug|Any CPU
		{42BCEDA4-C63E-4712-B5FB-E73260BFF896}.Debug|Any CPU.Build.0 = Debug|Any CPU
		{42BCEDA4-C63E-4712-B5FB-E73260BFF896}.Release|Any CPU.ActiveCfg = Release|Any CPU
		{42BCEDA4-C63E-4712-B5FB-E73260BFF896}.Release|Any CPU.Build.0 = Release|Any CPU
		{83957F4E-812C-4799-B47D-167D39F54650}.Debug|Any CPU.ActiveCfg = Debug|Any CPU
		{83957F4E-812C-4799-B47D-167D39F54650}.Debug|Any CPU.Build.0 = Debug|Any CPU
		{83957F4E-812C-4799-B47D-167D39F54650}.Release|Any CPU.ActiveCfg = Release|Any CPU
		{83957F4E-812C-4799-B47D-167D39F54650}.Release|Any CPU.Build.0 = Release|Any CPU
	EndGlobalSection
	GlobalSection(SolutionProperties) = preSolution
		HideSolutionNode = FALSE
	EndGlobalSection
EndGlobal
