
Microsoft Visual Studio Solution File, Format Version 12.00
# Visual Studio 2013
VisualStudioVersion = 12.0.30501.0
MinimumVisualStudioVersion = 10.0.40219.1
Project("{FAE04EC0-301F-11D3-BF4B-00C04F79EFBC}") = "TestApp", "RefactoringByKirill\TestApp.csproj", "{96E25ABE-79CE-4E54-84D6-17DF5691E7E1}"
EndProject
Project("{FAE04EC0-301F-11D3-BF4B-00C04F79EFBC}") = "FilmService", "FilmService\FilmService.csproj", "{208EFA33-DD25-4965-8929-77708C146467}"
EndProject
Project("{FAE04EC0-301F-11D3-BF4B-00C04F79EFBC}") = "UnitTestsForFilmService", "UnitTestsForFilmService\UnitTestsForFilmService.csproj", "{3453DA0C-285C-4398-A0E3-61172D652E40}"
EndProject
Global
	GlobalSection(SolutionConfigurationPlatforms) = preSolution
		Debug|Any CPU = Debug|Any CPU
		Release|Any CPU = Release|Any CPU
	EndGlobalSection
	GlobalSection(ProjectConfigurationPlatforms) = postSolution
		{96E25ABE-79CE-4E54-84D6-17DF5691E7E1}.Debug|Any CPU.ActiveCfg = Debug|Any CPU
		{96E25ABE-79CE-4E54-84D6-17DF5691E7E1}.Debug|Any CPU.Build.0 = Debug|Any CPU
		{96E25ABE-79CE-4E54-84D6-17DF5691E7E1}.Release|Any CPU.ActiveCfg = Release|Any CPU
		{96E25ABE-79CE-4E54-84D6-17DF5691E7E1}.Release|Any CPU.Build.0 = Release|Any CPU
		{208EFA33-DD25-4965-8929-77708C146467}.Debug|Any CPU.ActiveCfg = Debug|Any CPU
		{208EFA33-DD25-4965-8929-77708C146467}.Debug|Any CPU.Build.0 = Debug|Any CPU
		{208EFA33-DD25-4965-8929-77708C146467}.Release|Any CPU.ActiveCfg = Release|Any CPU
		{208EFA33-DD25-4965-8929-77708C146467}.Release|Any CPU.Build.0 = Release|Any CPU
		{3453DA0C-285C-4398-A0E3-61172D652E40}.Debug|Any CPU.ActiveCfg = Debug|Any CPU
		{3453DA0C-285C-4398-A0E3-61172D652E40}.Debug|Any CPU.Build.0 = Debug|Any CPU
		{3453DA0C-285C-4398-A0E3-61172D652E40}.Release|Any CPU.ActiveCfg = Release|Any CPU
		{3453DA0C-285C-4398-A0E3-61172D652E40}.Release|Any CPU.Build.0 = Release|Any CPU
	EndGlobalSection
	GlobalSection(SolutionProperties) = preSolution
		HideSolutionNode = FALSE
	EndGlobalSection
EndGlobal
