
Microsoft Visual Studio Solution File, Format Version 12.00
# Visual Studio Version 16
VisualStudioVersion = 16.0.31205.134
MinimumVisualStudioVersion = 10.0.40219.1
Project("{9A19103F-16F7-4668-BE54-9A1E7A4F7556}") = "MyTODO", "MyTODO\MyTODO.csproj", "{0F905F64-8A4A-4727-B17B-61A17416D39C}"
EndProject
Project("{9A19103F-16F7-4668-BE54-9A1E7A4F7556}") = "TodoTest", "TestTODO\TodoTest.csproj", "{4767D3F6-9D77-47A5-9641-90EDE3661871}"
EndProject
Global
	GlobalSection(SolutionConfigurationPlatforms) = preSolution
		Debug|Any CPU = Debug|Any CPU
		Release|Any CPU = Release|Any CPU
	EndGlobalSection
	GlobalSection(ProjectConfigurationPlatforms) = postSolution
		{0F905F64-8A4A-4727-B17B-61A17416D39C}.Debug|Any CPU.ActiveCfg = Debug|Any CPU
		{0F905F64-8A4A-4727-B17B-61A17416D39C}.Debug|Any CPU.Build.0 = Debug|Any CPU
		{0F905F64-8A4A-4727-B17B-61A17416D39C}.Release|Any CPU.ActiveCfg = Release|Any CPU
		{0F905F64-8A4A-4727-B17B-61A17416D39C}.Release|Any CPU.Build.0 = Release|Any CPU
		{4767D3F6-9D77-47A5-9641-90EDE3661871}.Debug|Any CPU.ActiveCfg = Debug|Any CPU
		{4767D3F6-9D77-47A5-9641-90EDE3661871}.Debug|Any CPU.Build.0 = Debug|Any CPU
		{4767D3F6-9D77-47A5-9641-90EDE3661871}.Release|Any CPU.ActiveCfg = Release|Any CPU
		{4767D3F6-9D77-47A5-9641-90EDE3661871}.Release|Any CPU.Build.0 = Release|Any CPU
	EndGlobalSection
	GlobalSection(SolutionProperties) = preSolution
		HideSolutionNode = FALSE
	EndGlobalSection
	GlobalSection(ExtensibilityGlobals) = postSolution
		SolutionGuid = {C0DA48BC-0E59-48AE-9A6F-5760660E20D2}
	EndGlobalSection
EndGlobal
