
Microsoft Visual Studio Solution File, Format Version 12.00
# Visual Studio 15
VisualStudioVersion = 15.0.26430.15
MinimumVisualStudioVersion = 10.0.40219.1
Project("{FAE04EC0-301F-11D3-BF4B-00C04F79EFBC}") = "Rename", "Rename\Rename.csproj", "{1BE2672D-0B59-434A-8F93-4E0B66C704F5}"
EndProject
Project("{FAE04EC0-301F-11D3-BF4B-00C04F79EFBC}") = "RenamerTests", "RenamerTests\RenamerTests.csproj", "{1B5652F7-55D2-4130-95B3-DF6C7C300AF6}"
EndProject
Global
	GlobalSection(SolutionConfigurationPlatforms) = preSolution
		Debug|Any CPU = Debug|Any CPU
		Release|Any CPU = Release|Any CPU
	EndGlobalSection
	GlobalSection(ProjectConfigurationPlatforms) = postSolution
		{1BE2672D-0B59-434A-8F93-4E0B66C704F5}.Debug|Any CPU.ActiveCfg = Debug|Any CPU
		{1BE2672D-0B59-434A-8F93-4E0B66C704F5}.Debug|Any CPU.Build.0 = Debug|Any CPU
		{1BE2672D-0B59-434A-8F93-4E0B66C704F5}.Release|Any CPU.ActiveCfg = Release|Any CPU
		{1BE2672D-0B59-434A-8F93-4E0B66C704F5}.Release|Any CPU.Build.0 = Release|Any CPU
		{1B5652F7-55D2-4130-95B3-DF6C7C300AF6}.Debug|Any CPU.ActiveCfg = Debug|Any CPU
		{1B5652F7-55D2-4130-95B3-DF6C7C300AF6}.Debug|Any CPU.Build.0 = Debug|Any CPU
		{1B5652F7-55D2-4130-95B3-DF6C7C300AF6}.Release|Any CPU.ActiveCfg = Release|Any CPU
		{1B5652F7-55D2-4130-95B3-DF6C7C300AF6}.Release|Any CPU.Build.0 = Release|Any CPU
	EndGlobalSection
	GlobalSection(SolutionProperties) = preSolution
		HideSolutionNode = FALSE
	EndGlobalSection
EndGlobal
