
Microsoft Visual Studio Solution File, Format Version 12.00
# Visual Studio 15
VisualStudioVersion = 15.0.26403.7
MinimumVisualStudioVersion = 10.0.40219.1
Project("{FAE04EC0-301F-11D3-BF4B-00C04F79EFBC}") = "Tasker.Core", "Tasker.Core\Tasker.Core.csproj", "{761A28C1-EF6B-4450-803F-7AC418A5801B}"
EndProject
Project("{FAE04EC0-301F-11D3-BF4B-00C04F79EFBC}") = "Tasker.Tests", "Tasker.Tests\Tasker.Tests.csproj", "{ABC987BB-F9FC-489C-BF4A-1AB87114184E}"
EndProject
Project("{FAE04EC0-301F-11D3-BF4B-00C04F79EFBC}") = "Tasker.App", "Tasker.App\Tasker.App.csproj", "{6E6EEA59-791F-49C0-903D-320075227877}"
EndProject
Global
	GlobalSection(SolutionConfigurationPlatforms) = preSolution
		Debug|Any CPU = Debug|Any CPU
		Release|Any CPU = Release|Any CPU
	EndGlobalSection
	GlobalSection(ProjectConfigurationPlatforms) = postSolution
		{761A28C1-EF6B-4450-803F-7AC418A5801B}.Debug|Any CPU.ActiveCfg = Debug|Any CPU
		{761A28C1-EF6B-4450-803F-7AC418A5801B}.Debug|Any CPU.Build.0 = Debug|Any CPU
		{761A28C1-EF6B-4450-803F-7AC418A5801B}.Release|Any CPU.ActiveCfg = Release|Any CPU
		{761A28C1-EF6B-4450-803F-7AC418A5801B}.Release|Any CPU.Build.0 = Release|Any CPU
		{ABC987BB-F9FC-489C-BF4A-1AB87114184E}.Debug|Any CPU.ActiveCfg = Debug|Any CPU
		{ABC987BB-F9FC-489C-BF4A-1AB87114184E}.Debug|Any CPU.Build.0 = Debug|Any CPU
		{ABC987BB-F9FC-489C-BF4A-1AB87114184E}.Release|Any CPU.ActiveCfg = Release|Any CPU
		{ABC987BB-F9FC-489C-BF4A-1AB87114184E}.Release|Any CPU.Build.0 = Release|Any CPU
		{6E6EEA59-791F-49C0-903D-320075227877}.Debug|Any CPU.ActiveCfg = Debug|Any CPU
		{6E6EEA59-791F-49C0-903D-320075227877}.Debug|Any CPU.Build.0 = Debug|Any CPU
		{6E6EEA59-791F-49C0-903D-320075227877}.Release|Any CPU.ActiveCfg = Release|Any CPU
		{6E6EEA59-791F-49C0-903D-320075227877}.Release|Any CPU.Build.0 = Release|Any CPU
	EndGlobalSection
	GlobalSection(SolutionProperties) = preSolution
		HideSolutionNode = FALSE
	EndGlobalSection
EndGlobal
