
Microsoft Visual Studio Solution File, Format Version 12.00
# Visual Studio 15
VisualStudioVersion = 15.0.26430.15
MinimumVisualStudioVersion = 10.0.40219.1
Project("{FAE04EC0-301F-11D3-BF4B-00C04F79EFBC}") = "FizzBuzzLibrary", "FizzBuzz\FizzBuzzLibrary.csproj", "{8783D2F9-FBCD-43F3-83FF-A1F4C5E2D131}"
EndProject
Project("{FAE04EC0-301F-11D3-BF4B-00C04F79EFBC}") = "FizzBuzzTests", "FizzBuzzTests\FizzBuzzTests.csproj", "{4BA76FC0-1F8F-4EC9-84CB-355070B3857D}"
EndProject
Project("{FAE04EC0-301F-11D3-BF4B-00C04F79EFBC}") = "FizzBuzzConsole", "FizzBuzzConsole\FizzBuzzConsole.csproj", "{DFF313E1-5467-43F4-939B-10DF83DCC292}"
EndProject
Global
	GlobalSection(SolutionConfigurationPlatforms) = preSolution
		Debug|Any CPU = Debug|Any CPU
		Release|Any CPU = Release|Any CPU
	EndGlobalSection
	GlobalSection(ProjectConfigurationPlatforms) = postSolution
		{8783D2F9-FBCD-43F3-83FF-A1F4C5E2D131}.Debug|Any CPU.ActiveCfg = Debug|Any CPU
		{8783D2F9-FBCD-43F3-83FF-A1F4C5E2D131}.Debug|Any CPU.Build.0 = Debug|Any CPU
		{8783D2F9-FBCD-43F3-83FF-A1F4C5E2D131}.Release|Any CPU.ActiveCfg = Release|Any CPU
		{8783D2F9-FBCD-43F3-83FF-A1F4C5E2D131}.Release|Any CPU.Build.0 = Release|Any CPU
		{4BA76FC0-1F8F-4EC9-84CB-355070B3857D}.Debug|Any CPU.ActiveCfg = Debug|Any CPU
		{4BA76FC0-1F8F-4EC9-84CB-355070B3857D}.Debug|Any CPU.Build.0 = Debug|Any CPU
		{4BA76FC0-1F8F-4EC9-84CB-355070B3857D}.Release|Any CPU.ActiveCfg = Release|Any CPU
		{4BA76FC0-1F8F-4EC9-84CB-355070B3857D}.Release|Any CPU.Build.0 = Release|Any CPU
		{DFF313E1-5467-43F4-939B-10DF83DCC292}.Debug|Any CPU.ActiveCfg = Debug|Any CPU
		{DFF313E1-5467-43F4-939B-10DF83DCC292}.Debug|Any CPU.Build.0 = Debug|Any CPU
		{DFF313E1-5467-43F4-939B-10DF83DCC292}.Release|Any CPU.ActiveCfg = Release|Any CPU
		{DFF313E1-5467-43F4-939B-10DF83DCC292}.Release|Any CPU.Build.0 = Release|Any CPU
	EndGlobalSection
	GlobalSection(SolutionProperties) = preSolution
		HideSolutionNode = FALSE
	EndGlobalSection
EndGlobal
