
Microsoft Visual Studio Solution File, Format Version 12.00
# Visual Studio 15
VisualStudioVersion = 15.0.27130.2027
MinimumVisualStudioVersion = 10.0.40219.1
Project("{FAE04EC0-301F-11D3-BF4B-00C04F79EFBC}") = "ConsoleTest", "MyStack\ConsoleTest.csproj", "{50EA3D73-7849-4417-BE8A-7FAAF28608CA}"
EndProject
Project("{FAE04EC0-301F-11D3-BF4B-00C04F79EFBC}") = "StackClass", "StackClass\StackClass.csproj", "{26CA4748-1C27-4E64-A30C-255EE84D1D6B}"
EndProject
Project("{FAE04EC0-301F-11D3-BF4B-00C04F79EFBC}") = "UnitTestsMyStack", "UnitTestsMyStack\UnitTestsMyStack.csproj", "{673AFAAA-DA9F-4BAD-A15A-AAB27A617501}"
EndProject
Global
	GlobalSection(SolutionConfigurationPlatforms) = preSolution
		Debug|Any CPU = Debug|Any CPU
		Release|Any CPU = Release|Any CPU
	EndGlobalSection
	GlobalSection(ProjectConfigurationPlatforms) = postSolution
		{50EA3D73-7849-4417-BE8A-7FAAF28608CA}.Debug|Any CPU.ActiveCfg = Debug|Any CPU
		{50EA3D73-7849-4417-BE8A-7FAAF28608CA}.Debug|Any CPU.Build.0 = Debug|Any CPU
		{50EA3D73-7849-4417-BE8A-7FAAF28608CA}.Release|Any CPU.ActiveCfg = Release|Any CPU
		{50EA3D73-7849-4417-BE8A-7FAAF28608CA}.Release|Any CPU.Build.0 = Release|Any CPU
		{26CA4748-1C27-4E64-A30C-255EE84D1D6B}.Debug|Any CPU.ActiveCfg = Debug|Any CPU
		{26CA4748-1C27-4E64-A30C-255EE84D1D6B}.Debug|Any CPU.Build.0 = Debug|Any CPU
		{26CA4748-1C27-4E64-A30C-255EE84D1D6B}.Release|Any CPU.ActiveCfg = Release|Any CPU
		{26CA4748-1C27-4E64-A30C-255EE84D1D6B}.Release|Any CPU.Build.0 = Release|Any CPU
		{673AFAAA-DA9F-4BAD-A15A-AAB27A617501}.Debug|Any CPU.ActiveCfg = Debug|Any CPU
		{673AFAAA-DA9F-4BAD-A15A-AAB27A617501}.Debug|Any CPU.Build.0 = Debug|Any CPU
		{673AFAAA-DA9F-4BAD-A15A-AAB27A617501}.Release|Any CPU.ActiveCfg = Release|Any CPU
		{673AFAAA-DA9F-4BAD-A15A-AAB27A617501}.Release|Any CPU.Build.0 = Release|Any CPU
	EndGlobalSection
	GlobalSection(SolutionProperties) = preSolution
		HideSolutionNode = FALSE
	EndGlobalSection
	GlobalSection(ExtensibilityGlobals) = postSolution
		SolutionGuid = {4B69E9B7-6CAC-4858-B7D0-E5E6F982A172}
	EndGlobalSection
EndGlobal
