
Microsoft Visual Studio Solution File, Format Version 12.00
# Visual Studio Version 16
VisualStudioVersion = 16.0.29403.142
MinimumVisualStudioVersion = 10.0.40219.1
Project("{FAE04EC0-301F-11D3-BF4B-00C04F79EFBC}") = "Queue", "Queue\Queue.csproj", "{364D3220-A410-414B-8269-199177165F7F}"
EndProject
Project("{FAE04EC0-301F-11D3-BF4B-00C04F79EFBC}") = "QueueTest", "QueueTest\QueueTest.csproj", "{D4246418-448A-4CAC-B1EE-B9977CEA5C75}"
EndProject
Global
	GlobalSection(SolutionConfigurationPlatforms) = preSolution
		Debug|Any CPU = Debug|Any CPU
		Release|Any CPU = Release|Any CPU
	EndGlobalSection
	GlobalSection(ProjectConfigurationPlatforms) = postSolution
		{364D3220-A410-414B-8269-199177165F7F}.Debug|Any CPU.ActiveCfg = Debug|Any CPU
		{364D3220-A410-414B-8269-199177165F7F}.Debug|Any CPU.Build.0 = Debug|Any CPU
		{364D3220-A410-414B-8269-199177165F7F}.Release|Any CPU.ActiveCfg = Release|Any CPU
		{364D3220-A410-414B-8269-199177165F7F}.Release|Any CPU.Build.0 = Release|Any CPU
		{D4246418-448A-4CAC-B1EE-B9977CEA5C75}.Debug|Any CPU.ActiveCfg = Debug|Any CPU
		{D4246418-448A-4CAC-B1EE-B9977CEA5C75}.Debug|Any CPU.Build.0 = Debug|Any CPU
		{D4246418-448A-4CAC-B1EE-B9977CEA5C75}.Release|Any CPU.ActiveCfg = Release|Any CPU
		{D4246418-448A-4CAC-B1EE-B9977CEA5C75}.Release|Any CPU.Build.0 = Release|Any CPU
	EndGlobalSection
	GlobalSection(SolutionProperties) = preSolution
		HideSolutionNode = FALSE
	EndGlobalSection
	GlobalSection(ExtensibilityGlobals) = postSolution
		SolutionGuid = {C610EC6E-C703-46F1-9314-BDDDD4DE1529}
	EndGlobalSection
EndGlobal
