
Microsoft Visual Studio Solution File, Format Version 12.00
# Visual Studio 15
VisualStudioVersion = 15.0.27703.2018
MinimumVisualStudioVersion = 10.0.40219.1
Project("{FAE04EC0-301F-11D3-BF4B-00C04F79EFBC}") = "Tournament", "Tournament\Tournament.csproj", "{9FAA72AB-8871-4E91-92D9-DC85FC62964C}"
EndProject
Project("{FAE04EC0-301F-11D3-BF4B-00C04F79EFBC}") = "ConsoleTournament", "ConsoleTournament\ConsoleTournament.csproj", "{C6D72367-67F5-40A9-A1DF-99979D29ED58}"
EndProject
Global
	GlobalSection(SolutionConfigurationPlatforms) = preSolution
		Debug|Any CPU = Debug|Any CPU
		Release|Any CPU = Release|Any CPU
	EndGlobalSection
	GlobalSection(ProjectConfigurationPlatforms) = postSolution
		{9FAA72AB-8871-4E91-92D9-DC85FC62964C}.Debug|Any CPU.ActiveCfg = Debug|Any CPU
		{9FAA72AB-8871-4E91-92D9-DC85FC62964C}.Debug|Any CPU.Build.0 = Debug|Any CPU
		{9FAA72AB-8871-4E91-92D9-DC85FC62964C}.Release|Any CPU.ActiveCfg = Release|Any CPU
		{9FAA72AB-8871-4E91-92D9-DC85FC62964C}.Release|Any CPU.Build.0 = Release|Any CPU
		{C6D72367-67F5-40A9-A1DF-99979D29ED58}.Debug|Any CPU.ActiveCfg = Debug|Any CPU
		{C6D72367-67F5-40A9-A1DF-99979D29ED58}.Debug|Any CPU.Build.0 = Debug|Any CPU
		{C6D72367-67F5-40A9-A1DF-99979D29ED58}.Release|Any CPU.ActiveCfg = Release|Any CPU
		{C6D72367-67F5-40A9-A1DF-99979D29ED58}.Release|Any CPU.Build.0 = Release|Any CPU
	EndGlobalSection
	GlobalSection(SolutionProperties) = preSolution
		HideSolutionNode = FALSE
	EndGlobalSection
	GlobalSection(ExtensibilityGlobals) = postSolution
		SolutionGuid = {CF9C7176-80D5-462A-9152-3DB20D87B0FB}
	EndGlobalSection
EndGlobal
