
Microsoft Visual Studio Solution File, Format Version 12.00
# Visual Studio 2013
VisualStudioVersion = 12.0.30501.0
MinimumVisualStudioVersion = 10.0.40219.1
Project("{FAE04EC0-301F-11D3-BF4B-00C04F79EFBC}") = "Forest", "Forest\Forest.csproj", "{F79828AD-85DD-4523-9B89-20F74E4F90D2}"
EndProject
Project("{FAE04EC0-301F-11D3-BF4B-00C04F79EFBC}") = "UnitTestProjectForMyTree", "UnitTestProjectForMyTree\UnitTestProjectForMyTree.csproj", "{972C7826-70F5-4584-A736-78C57CAC4288}"
EndProject
Project("{FAE04EC0-301F-11D3-BF4B-00C04F79EFBC}") = "WoodenApplication", "WoodenApplication\WoodenApplication.csproj", "{FDA66C7B-B642-457D-AF8A-10C41E9BB169}"
EndProject
Global
	GlobalSection(SolutionConfigurationPlatforms) = preSolution
		Debug|Any CPU = Debug|Any CPU
		Release|Any CPU = Release|Any CPU
	EndGlobalSection
	GlobalSection(ProjectConfigurationPlatforms) = postSolution
		{F79828AD-85DD-4523-9B89-20F74E4F90D2}.Debug|Any CPU.ActiveCfg = Debug|Any CPU
		{F79828AD-85DD-4523-9B89-20F74E4F90D2}.Debug|Any CPU.Build.0 = Debug|Any CPU
		{F79828AD-85DD-4523-9B89-20F74E4F90D2}.Release|Any CPU.ActiveCfg = Release|Any CPU
		{F79828AD-85DD-4523-9B89-20F74E4F90D2}.Release|Any CPU.Build.0 = Release|Any CPU
		{972C7826-70F5-4584-A736-78C57CAC4288}.Debug|Any CPU.ActiveCfg = Debug|Any CPU
		{972C7826-70F5-4584-A736-78C57CAC4288}.Debug|Any CPU.Build.0 = Debug|Any CPU
		{972C7826-70F5-4584-A736-78C57CAC4288}.Release|Any CPU.ActiveCfg = Release|Any CPU
		{972C7826-70F5-4584-A736-78C57CAC4288}.Release|Any CPU.Build.0 = Release|Any CPU
		{FDA66C7B-B642-457D-AF8A-10C41E9BB169}.Debug|Any CPU.ActiveCfg = Debug|Any CPU
		{FDA66C7B-B642-457D-AF8A-10C41E9BB169}.Debug|Any CPU.Build.0 = Debug|Any CPU
		{FDA66C7B-B642-457D-AF8A-10C41E9BB169}.Release|Any CPU.ActiveCfg = Release|Any CPU
		{FDA66C7B-B642-457D-AF8A-10C41E9BB169}.Release|Any CPU.Build.0 = Release|Any CPU
	EndGlobalSection
	GlobalSection(SolutionProperties) = preSolution
		HideSolutionNode = FALSE
	EndGlobalSection
EndGlobal
