
Microsoft Visual Studio Solution File, Format Version 12.00
# Visual Studio Version 16
VisualStudioVersion = 16.0.29403.142
MinimumVisualStudioVersion = 10.0.40219.1
Project("{FAE04EC0-301F-11D3-BF4B-00C04F79EFBC}") = "CircularQueueTDD", "CircularQueueTDD\CircularQueueTDD.csproj", "{47EB1717-A9C3-4C02-8FDA-5F0F222FAAA9}"
EndProject
Project("{FAE04EC0-301F-11D3-BF4B-00C04F79EFBC}") = "CircularQueue.Test", "CircularQueue.Test\CircularQueue.Test.csproj", "{CC6AA211-7800-40F3-8A90-1DF3C8574A41}"
EndProject
Global
	GlobalSection(SolutionConfigurationPlatforms) = preSolution
		Debug|Any CPU = Debug|Any CPU
		Release|Any CPU = Release|Any CPU
	EndGlobalSection
	GlobalSection(ProjectConfigurationPlatforms) = postSolution
		{47EB1717-A9C3-4C02-8FDA-5F0F222FAAA9}.Debug|Any CPU.ActiveCfg = Debug|Any CPU
		{47EB1717-A9C3-4C02-8FDA-5F0F222FAAA9}.Debug|Any CPU.Build.0 = Debug|Any CPU
		{47EB1717-A9C3-4C02-8FDA-5F0F222FAAA9}.Release|Any CPU.ActiveCfg = Release|Any CPU
		{47EB1717-A9C3-4C02-8FDA-5F0F222FAAA9}.Release|Any CPU.Build.0 = Release|Any CPU
		{CC6AA211-7800-40F3-8A90-1DF3C8574A41}.Debug|Any CPU.ActiveCfg = Debug|Any CPU
		{CC6AA211-7800-40F3-8A90-1DF3C8574A41}.Debug|Any CPU.Build.0 = Debug|Any CPU
		{CC6AA211-7800-40F3-8A90-1DF3C8574A41}.Release|Any CPU.ActiveCfg = Release|Any CPU
		{CC6AA211-7800-40F3-8A90-1DF3C8574A41}.Release|Any CPU.Build.0 = Release|Any CPU
	EndGlobalSection
	GlobalSection(SolutionProperties) = preSolution
		HideSolutionNode = FALSE
	EndGlobalSection
	GlobalSection(ExtensibilityGlobals) = postSolution
		SolutionGuid = {7300E1DD-2D73-4DA2-A4E1-874A1B19D0D0}
	EndGlobalSection
EndGlobal
