
Microsoft Visual Studio Solution File, Format Version 12.00
# Visual Studio 2013
VisualStudioVersion = 12.0.30501.0
MinimumVisualStudioVersion = 10.0.40219.1
Project("{FAE04EC0-301F-11D3-BF4B-00C04F79EFBC}") = "QueueOnArray", "QueueOnArray\QueueOnArray.csproj", "{A8CE5B9C-9C54-4FB7-AA64-58815255A536}"
EndProject
Project("{FAE04EC0-301F-11D3-BF4B-00C04F79EFBC}") = "UnitTest", "UnitTest\UnitTest.csproj", "{E5804F19-3845-4D0F-920E-6B48318D3715}"
EndProject
Global
	GlobalSection(SolutionConfigurationPlatforms) = preSolution
		Debug|Any CPU = Debug|Any CPU
		Release|Any CPU = Release|Any CPU
	EndGlobalSection
	GlobalSection(ProjectConfigurationPlatforms) = postSolution
		{A8CE5B9C-9C54-4FB7-AA64-58815255A536}.Debug|Any CPU.ActiveCfg = Debug|Any CPU
		{A8CE5B9C-9C54-4FB7-AA64-58815255A536}.Debug|Any CPU.Build.0 = Debug|Any CPU
		{A8CE5B9C-9C54-4FB7-AA64-58815255A536}.Release|Any CPU.ActiveCfg = Release|Any CPU
		{A8CE5B9C-9C54-4FB7-AA64-58815255A536}.Release|Any CPU.Build.0 = Release|Any CPU
		{E5804F19-3845-4D0F-920E-6B48318D3715}.Debug|Any CPU.ActiveCfg = Debug|Any CPU
		{E5804F19-3845-4D0F-920E-6B48318D3715}.Debug|Any CPU.Build.0 = Debug|Any CPU
		{E5804F19-3845-4D0F-920E-6B48318D3715}.Release|Any CPU.ActiveCfg = Release|Any CPU
		{E5804F19-3845-4D0F-920E-6B48318D3715}.Release|Any CPU.Build.0 = Release|Any CPU
	EndGlobalSection
	GlobalSection(SolutionProperties) = preSolution
		HideSolutionNode = FALSE
	EndGlobalSection
EndGlobal
