
Microsoft Visual Studio Solution File, Format Version 12.00
# Visual Studio Version 16
VisualStudioVersion = 16.0.29102.190
MinimumVisualStudioVersion = 10.0.40219.1
Project("{FAE04EC0-301F-11D3-BF4B-00C04F79EFBC}") = "FaultToleranceLib", "FaultToleranceLib\FaultToleranceLib.csproj", "{52CE1B61-0025-484D-B33F-22906A4A2A19}"
EndProject
Project("{2150E333-8FDC-42A3-9474-1A3956D46DE8}") = "Tests", "Tests", "{FE6D043D-777D-497A-A461-9084AE8E00C2}"
EndProject
Project("{FAE04EC0-301F-11D3-BF4B-00C04F79EFBC}") = "FaultToleranceLib.Tests", "FaultToleranceLibTests\FaultToleranceLib.Tests.csproj", "{044DDB22-2E7E-42C3-A1B1-28FA5FAA9E14}"
EndProject
Global
	GlobalSection(SolutionConfigurationPlatforms) = preSolution
		Debug|Any CPU = Debug|Any CPU
		Release|Any CPU = Release|Any CPU
	EndGlobalSection
	GlobalSection(ProjectConfigurationPlatforms) = postSolution
		{52CE1B61-0025-484D-B33F-22906A4A2A19}.Debug|Any CPU.ActiveCfg = Debug|Any CPU
		{52CE1B61-0025-484D-B33F-22906A4A2A19}.Debug|Any CPU.Build.0 = Debug|Any CPU
		{52CE1B61-0025-484D-B33F-22906A4A2A19}.Release|Any CPU.ActiveCfg = Release|Any CPU
		{52CE1B61-0025-484D-B33F-22906A4A2A19}.Release|Any CPU.Build.0 = Release|Any CPU
		{044DDB22-2E7E-42C3-A1B1-28FA5FAA9E14}.Debug|Any CPU.ActiveCfg = Debug|Any CPU
		{044DDB22-2E7E-42C3-A1B1-28FA5FAA9E14}.Debug|Any CPU.Build.0 = Debug|Any CPU
		{044DDB22-2E7E-42C3-A1B1-28FA5FAA9E14}.Release|Any CPU.ActiveCfg = Release|Any CPU
		{044DDB22-2E7E-42C3-A1B1-28FA5FAA9E14}.Release|Any CPU.Build.0 = Release|Any CPU
	EndGlobalSection
	GlobalSection(SolutionProperties) = preSolution
		HideSolutionNode = FALSE
	EndGlobalSection
	GlobalSection(NestedProjects) = preSolution
		{044DDB22-2E7E-42C3-A1B1-28FA5FAA9E14} = {FE6D043D-777D-497A-A461-9084AE8E00C2}
	EndGlobalSection
	GlobalSection(ExtensibilityGlobals) = postSolution
		SolutionGuid = {B2776244-F54B-4717-B9A5-E1788935F27A}
	EndGlobalSection
EndGlobal
