
Microsoft Visual Studio Solution File, Format Version 12.00
# Visual Studio Version 16
VisualStudioVersion = 16.0.30503.244
MinimumVisualStudioVersion = 10.0.40219.1
Project("{FAE04EC0-301F-11D3-BF4B-00C04F79EFBC}") = "WebApplication1", "WebApplication1\WebApplication1.csproj", "{F89BF74F-852D-4771-8ADF-012DBC8E1C5A}"
EndProject
Global
	GlobalSection(SolutionConfigurationPlatforms) = preSolution
		Debug|Any CPU = Debug|Any CPU
		Release|Any CPU = Release|Any CPU
	EndGlobalSection
	GlobalSection(ProjectConfigurationPlatforms) = postSolution
		{F89BF74F-852D-4771-8ADF-012DBC8E1C5A}.Debug|Any CPU.ActiveCfg = Debug|Any CPU
		{F89BF74F-852D-4771-8ADF-012DBC8E1C5A}.Debug|Any CPU.Build.0 = Debug|Any CPU
		{F89BF74F-852D-4771-8ADF-012DBC8E1C5A}.Release|Any CPU.ActiveCfg = Release|Any CPU
		{F89BF74F-852D-4771-8ADF-012DBC8E1C5A}.Release|Any CPU.Build.0 = Release|Any CPU
	EndGlobalSection
	GlobalSection(SolutionProperties) = preSolution
		HideSolutionNode = FALSE
	EndGlobalSection
	GlobalSection(ExtensibilityGlobals) = postSolution
		SolutionGuid = {6D89FDC1-0472-45DF-933B-0ABAA4558B46}
	EndGlobalSection
EndGlobal
