
Microsoft Visual Studio Solution File, Format Version 12.00
# Visual Studio Version 16
VisualStudioVersion = 16.0.29102.190
MinimumVisualStudioVersion = 10.0.40219.1
Project("{FAE04EC0-301F-11D3-BF4B-00C04F79EFBC}") = "TreeLCRS", "TreeLCRS\TreeLCRS.csproj", "{2FB40841-3BD2-4C42-BDEA-BFD8D9327459}"
EndProject
Project("{FAE04EC0-301F-11D3-BF4B-00C04F79EFBC}") = "TreeTests", "TreeTests\TreeTests.csproj", "{860B7E80-7150-4CB8-924B-82D0C9903291}"
EndProject
Global
	GlobalSection(SolutionConfigurationPlatforms) = preSolution
		Debug|Any CPU = Debug|Any CPU
		Release|Any CPU = Release|Any CPU
	EndGlobalSection
	GlobalSection(ProjectConfigurationPlatforms) = postSolution
		{2FB40841-3BD2-4C42-BDEA-BFD8D9327459}.Debug|Any CPU.ActiveCfg = Debug|Any CPU
		{2FB40841-3BD2-4C42-BDEA-BFD8D9327459}.Debug|Any CPU.Build.0 = Debug|Any CPU
		{2FB40841-3BD2-4C42-BDEA-BFD8D9327459}.Release|Any CPU.ActiveCfg = Release|Any CPU
		{2FB40841-3BD2-4C42-BDEA-BFD8D9327459}.Release|Any CPU.Build.0 = Release|Any CPU
		{860B7E80-7150-4CB8-924B-82D0C9903291}.Debug|Any CPU.ActiveCfg = Debug|Any CPU
		{860B7E80-7150-4CB8-924B-82D0C9903291}.Debug|Any CPU.Build.0 = Debug|Any CPU
		{860B7E80-7150-4CB8-924B-82D0C9903291}.Release|Any CPU.ActiveCfg = Release|Any CPU
		{860B7E80-7150-4CB8-924B-82D0C9903291}.Release|Any CPU.Build.0 = Release|Any CPU
	EndGlobalSection
	GlobalSection(SolutionProperties) = preSolution
		HideSolutionNode = FALSE
	EndGlobalSection
	GlobalSection(ExtensibilityGlobals) = postSolution
		SolutionGuid = {DE4EBD23-2A39-4364-9AFA-1A8991C88C5E}
	EndGlobalSection
EndGlobal
