
Microsoft Visual Studio Solution File, Format Version 12.00
# Visual Studio Version 16
VisualStudioVersion = 16.0.29102.190
MinimumVisualStudioVersion = 10.0.40219.1
Project("{FAE04EC0-301F-11D3-BF4B-00C04F79EFBC}") = "FaultTolerance", "FaultTolerance\FaultTolerance.csproj", "{6819F7A3-DEFA-4F3F-91F5-02C17DC8FC67}"
EndProject
Project("{FAE04EC0-301F-11D3-BF4B-00C04F79EFBC}") = "FaultToleranceTest", "FaultToleranceTest\FaultToleranceTest.csproj", "{900A30ED-9038-4942-AD42-55875B2E7C25}"
EndProject
Global
	GlobalSection(SolutionConfigurationPlatforms) = preSolution
		Debug|Any CPU = Debug|Any CPU
		Release|Any CPU = Release|Any CPU
	EndGlobalSection
	GlobalSection(ProjectConfigurationPlatforms) = postSolution
		{6819F7A3-DEFA-4F3F-91F5-02C17DC8FC67}.Debug|Any CPU.ActiveCfg = Debug|Any CPU
		{6819F7A3-DEFA-4F3F-91F5-02C17DC8FC67}.Debug|Any CPU.Build.0 = Debug|Any CPU
		{6819F7A3-DEFA-4F3F-91F5-02C17DC8FC67}.Release|Any CPU.ActiveCfg = Release|Any CPU
		{6819F7A3-DEFA-4F3F-91F5-02C17DC8FC67}.Release|Any CPU.Build.0 = Release|Any CPU
		{900A30ED-9038-4942-AD42-55875B2E7C25}.Debug|Any CPU.ActiveCfg = Debug|Any CPU
		{900A30ED-9038-4942-AD42-55875B2E7C25}.Debug|Any CPU.Build.0 = Debug|Any CPU
		{900A30ED-9038-4942-AD42-55875B2E7C25}.Release|Any CPU.ActiveCfg = Release|Any CPU
		{900A30ED-9038-4942-AD42-55875B2E7C25}.Release|Any CPU.Build.0 = Release|Any CPU
	EndGlobalSection
	GlobalSection(SolutionProperties) = preSolution
		HideSolutionNode = FALSE
	EndGlobalSection
	GlobalSection(ExtensibilityGlobals) = postSolution
		SolutionGuid = {4B078C77-BD80-44DA-A7E6-548DA6D22BB9}
	EndGlobalSection
EndGlobal
