
Microsoft Visual Studio Solution File, Format Version 12.00
# Visual Studio 2012
Project("{FAE04EC0-301F-11D3-BF4B-00C04F79EFBC}") = "FizzBuzz", "FizzBuzz\FizzBuzz.csproj", "{EB29308E-EF32-4D43-8E71-89A4F48121FF}"
EndProject
Project("{FAE04EC0-301F-11D3-BF4B-00C04F79EFBC}") = "FizzBuzzerTests", "UnitTestProject1\FizzBuzzerTests.csproj", "{9677A493-F32D-4AA1-8DB1-5537B4D806D4}"
EndProject
Global
	GlobalSection(SolutionConfigurationPlatforms) = preSolution
		Debug|Any CPU = Debug|Any CPU
		Release|Any CPU = Release|Any CPU
	EndGlobalSection
	GlobalSection(ProjectConfigurationPlatforms) = postSolution
		{EB29308E-EF32-4D43-8E71-89A4F48121FF}.Debug|Any CPU.ActiveCfg = Debug|Any CPU
		{EB29308E-EF32-4D43-8E71-89A4F48121FF}.Debug|Any CPU.Build.0 = Debug|Any CPU
		{EB29308E-EF32-4D43-8E71-89A4F48121FF}.Release|Any CPU.ActiveCfg = Release|Any CPU
		{EB29308E-EF32-4D43-8E71-89A4F48121FF}.Release|Any CPU.Build.0 = Release|Any CPU
		{9677A493-F32D-4AA1-8DB1-5537B4D806D4}.Debug|Any CPU.ActiveCfg = Debug|Any CPU
		{9677A493-F32D-4AA1-8DB1-5537B4D806D4}.Debug|Any CPU.Build.0 = Debug|Any CPU
		{9677A493-F32D-4AA1-8DB1-5537B4D806D4}.Release|Any CPU.ActiveCfg = Release|Any CPU
		{9677A493-F32D-4AA1-8DB1-5537B4D806D4}.Release|Any CPU.Build.0 = Release|Any CPU
	EndGlobalSection
	GlobalSection(SolutionProperties) = preSolution
		HideSolutionNode = FALSE
	EndGlobalSection
EndGlobal
