
Microsoft Visual Studio Solution File, Format Version 12.00
# Visual Studio 2012
Project("{FAE04EC0-301F-11D3-BF4B-00C04F79EFBC}") = "FizzBuzz", "FizzBuzz\FizzBuzz.csproj", "{65A37658-0FEE-4785-97AC-96A1C7F643EE}"
EndProject
Project("{FAE04EC0-301F-11D3-BF4B-00C04F79EFBC}") = "FizzBuzzer.Tests", "FizzBuzzer.Tests\FizzBuzzer.Tests.csproj", "{8C3F84B3-C415-4028-889A-C50216C309D2}"
EndProject
Global
	GlobalSection(SolutionConfigurationPlatforms) = preSolution
		Debug|Any CPU = Debug|Any CPU
		Release|Any CPU = Release|Any CPU
	EndGlobalSection
	GlobalSection(ProjectConfigurationPlatforms) = postSolution
		{65A37658-0FEE-4785-97AC-96A1C7F643EE}.Debug|Any CPU.ActiveCfg = Debug|Any CPU
		{65A37658-0FEE-4785-97AC-96A1C7F643EE}.Debug|Any CPU.Build.0 = Debug|Any CPU
		{65A37658-0FEE-4785-97AC-96A1C7F643EE}.Release|Any CPU.ActiveCfg = Release|Any CPU
		{65A37658-0FEE-4785-97AC-96A1C7F643EE}.Release|Any CPU.Build.0 = Release|Any CPU
		{8C3F84B3-C415-4028-889A-C50216C309D2}.Debug|Any CPU.ActiveCfg = Debug|Any CPU
		{8C3F84B3-C415-4028-889A-C50216C309D2}.Debug|Any CPU.Build.0 = Debug|Any CPU
		{8C3F84B3-C415-4028-889A-C50216C309D2}.Release|Any CPU.ActiveCfg = Release|Any CPU
		{8C3F84B3-C415-4028-889A-C50216C309D2}.Release|Any CPU.Build.0 = Release|Any CPU
	EndGlobalSection
	GlobalSection(SolutionProperties) = preSolution
		HideSolutionNode = FALSE
	EndGlobalSection
EndGlobal
