
Microsoft Visual Studio Solution File, Format Version 12.00
# Visual Studio Version 16
VisualStudioVersion = 16.0.29102.190
MinimumVisualStudioVersion = 10.0.40219.1
Project("{9A19103F-16F7-4668-BE54-9A1E7A4F7556}") = "FaultToleranceLib", "FaultTolerance\FaultToleranceLib.csproj", "{20010705-868C-4897-BCB6-2B2AD3342DF4}"
EndProject
Project("{FAE04EC0-301F-11D3-BF4B-00C04F79EFBC}") = "FaultToleranceLibTests", "FaultToleranceLibTests\FaultToleranceLibTests.csproj", "{02273191-0B60-4660-A921-0AD11525C1C2}"
EndProject
Global
	GlobalSection(SolutionConfigurationPlatforms) = preSolution
		Debug|Any CPU = Debug|Any CPU
		Release|Any CPU = Release|Any CPU
	EndGlobalSection
	GlobalSection(ProjectConfigurationPlatforms) = postSolution
		{20010705-868C-4897-BCB6-2B2AD3342DF4}.Debug|Any CPU.ActiveCfg = Debug|Any CPU
		{20010705-868C-4897-BCB6-2B2AD3342DF4}.Debug|Any CPU.Build.0 = Debug|Any CPU
		{20010705-868C-4897-BCB6-2B2AD3342DF4}.Release|Any CPU.ActiveCfg = Release|Any CPU
		{20010705-868C-4897-BCB6-2B2AD3342DF4}.Release|Any CPU.Build.0 = Release|Any CPU
		{02273191-0B60-4660-A921-0AD11525C1C2}.Debug|Any CPU.ActiveCfg = Debug|Any CPU
		{02273191-0B60-4660-A921-0AD11525C1C2}.Debug|Any CPU.Build.0 = Debug|Any CPU
		{02273191-0B60-4660-A921-0AD11525C1C2}.Release|Any CPU.ActiveCfg = Release|Any CPU
		{02273191-0B60-4660-A921-0AD11525C1C2}.Release|Any CPU.Build.0 = Release|Any CPU
	EndGlobalSection
	GlobalSection(SolutionProperties) = preSolution
		HideSolutionNode = FALSE
	EndGlobalSection
	GlobalSection(ExtensibilityGlobals) = postSolution
		SolutionGuid = {FA1AE2C6-7EB3-4648-B187-93361DA22E92}
	EndGlobalSection
EndGlobal
