
Microsoft Visual Studio Solution File, Format Version 12.00
# Visual Studio Version 16
VisualStudioVersion = 16.0.31313.79
MinimumVisualStudioVersion = 10.0.40219.1
Project("{9A19103F-16F7-4668-BE54-9A1E7A4F7556}") = "ToDoListLib", "ToDoListLib\ToDoListLib.csproj", "{FA51CF30-8E76-4FDF-A4B0-2B157BDDF1EE}"
EndProject
Project("{9A19103F-16F7-4668-BE54-9A1E7A4F7556}") = "ToDoListWebApi", "ToDoListWebApi\ToDoListWebApi.csproj", "{923A7915-0DAA-45E2-B5B0-F6B342E7B6BC}"
EndProject
Project("{9A19103F-16F7-4668-BE54-9A1E7A4F7556}") = "ToDoListLibTests", "ToDoListLibTest\ToDoListLibTests.csproj", "{2D7D34EF-6B88-4467-9F52-CA8600B171AD}"
EndProject
Project("{9A19103F-16F7-4668-BE54-9A1E7A4F7556}") = "ToDoListApp", "ToDoListApp\ToDoListApp.csproj", "{079C5470-9E63-4532-A7CF-7F164391ED0A}"
EndProject
Project("{FAE04EC0-301F-11D3-BF4B-00C04F79EFBC}") = "ToDoListWebApiIntegrationTests", "ToDoListWebApiIntegrationTests\ToDoListWebApiIntegrationTests.csproj", "{6466BC85-A9F3-4D3C-B8F6-AE60CFDC3F2B}"
EndProject
Global
	GlobalSection(SolutionConfigurationPlatforms) = preSolution
		Debug|Any CPU = Debug|Any CPU
		Release|Any CPU = Release|Any CPU
	EndGlobalSection
	GlobalSection(ProjectConfigurationPlatforms) = postSolution
		{FA51CF30-8E76-4FDF-A4B0-2B157BDDF1EE}.Debug|Any CPU.ActiveCfg = Debug|Any CPU
		{FA51CF30-8E76-4FDF-A4B0-2B157BDDF1EE}.Debug|Any CPU.Build.0 = Debug|Any CPU
		{FA51CF30-8E76-4FDF-A4B0-2B157BDDF1EE}.Release|Any CPU.ActiveCfg = Release|Any CPU
		{FA51CF30-8E76-4FDF-A4B0-2B157BDDF1EE}.Release|Any CPU.Build.0 = Release|Any CPU
		{923A7915-0DAA-45E2-B5B0-F6B342E7B6BC}.Debug|Any CPU.ActiveCfg = Debug|Any CPU
		{923A7915-0DAA-45E2-B5B0-F6B342E7B6BC}.Debug|Any CPU.Build.0 = Debug|Any CPU
		{923A7915-0DAA-45E2-B5B0-F6B342E7B6BC}.Release|Any CPU.ActiveCfg = Release|Any CPU
		{923A7915-0DAA-45E2-B5B0-F6B342E7B6BC}.Release|Any CPU.Build.0 = Release|Any CPU
		{2D7D34EF-6B88-4467-9F52-CA8600B171AD}.Debug|Any CPU.ActiveCfg = Debug|Any CPU
		{2D7D34EF-6B88-4467-9F52-CA8600B171AD}.Debug|Any CPU.Build.0 = Debug|Any CPU
		{2D7D34EF-6B88-4467-9F52-CA8600B171AD}.Release|Any CPU.ActiveCfg = Release|Any CPU
		{2D7D34EF-6B88-4467-9F52-CA8600B171AD}.Release|Any CPU.Build.0 = Release|Any CPU
		{079C5470-9E63-4532-A7CF-7F164391ED0A}.Debug|Any CPU.ActiveCfg = Debug|Any CPU
		{079C5470-9E63-4532-A7CF-7F164391ED0A}.Debug|Any CPU.Build.0 = Debug|Any CPU
		{079C5470-9E63-4532-A7CF-7F164391ED0A}.Release|Any CPU.ActiveCfg = Release|Any CPU
		{079C5470-9E63-4532-A7CF-7F164391ED0A}.Release|Any CPU.Build.0 = Release|Any CPU
		{6466BC85-A9F3-4D3C-B8F6-AE60CFDC3F2B}.Debug|Any CPU.ActiveCfg = Debug|Any CPU
		{6466BC85-A9F3-4D3C-B8F6-AE60CFDC3F2B}.Debug|Any CPU.Build.0 = Debug|Any CPU
		{6466BC85-A9F3-4D3C-B8F6-AE60CFDC3F2B}.Release|Any CPU.ActiveCfg = Release|Any CPU
		{6466BC85-A9F3-4D3C-B8F6-AE60CFDC3F2B}.Release|Any CPU.Build.0 = Release|Any CPU
	EndGlobalSection
	GlobalSection(SolutionProperties) = preSolution
		HideSolutionNode = FALSE
	EndGlobalSection
	GlobalSection(ExtensibilityGlobals) = postSolution
		SolutionGuid = {90B1AD3C-EEB6-46F1-B1D2-5A5507D44584}
	EndGlobalSection
EndGlobal
