
Microsoft Visual Studio Solution File, Format Version 12.00
# Visual Studio 2013
VisualStudioVersion = 12.0.21005.1
MinimumVisualStudioVersion = 10.0.40219.1
Project("{FAE04EC0-301F-11D3-BF4B-00C04F79EFBC}") = "ListLibrary", "ListLibrary\ListLibrary.csproj", "{3D6895F2-0596-4613-9889-6DCCA01D6CB5}"
EndProject
Project("{FAE04EC0-301F-11D3-BF4B-00C04F79EFBC}") = "ListLib.UnitTests", "ListLib.UnitTests\ListLib.UnitTests.csproj", "{E7122766-F47E-4F9C-B166-83879B6EBD0F}"
EndProject
Global
	GlobalSection(SolutionConfigurationPlatforms) = preSolution
		Debug|Any CPU = Debug|Any CPU
		Release|Any CPU = Release|Any CPU
	EndGlobalSection
	GlobalSection(ProjectConfigurationPlatforms) = postSolution
		{3D6895F2-0596-4613-9889-6DCCA01D6CB5}.Debug|Any CPU.ActiveCfg = Debug|Any CPU
		{3D6895F2-0596-4613-9889-6DCCA01D6CB5}.Debug|Any CPU.Build.0 = Debug|Any CPU
		{3D6895F2-0596-4613-9889-6DCCA01D6CB5}.Release|Any CPU.ActiveCfg = Release|Any CPU
		{3D6895F2-0596-4613-9889-6DCCA01D6CB5}.Release|Any CPU.Build.0 = Release|Any CPU
		{E7122766-F47E-4F9C-B166-83879B6EBD0F}.Debug|Any CPU.ActiveCfg = Debug|Any CPU
		{E7122766-F47E-4F9C-B166-83879B6EBD0F}.Debug|Any CPU.Build.0 = Debug|Any CPU
		{E7122766-F47E-4F9C-B166-83879B6EBD0F}.Release|Any CPU.ActiveCfg = Release|Any CPU
		{E7122766-F47E-4F9C-B166-83879B6EBD0F}.Release|Any CPU.Build.0 = Release|Any CPU
	EndGlobalSection
	GlobalSection(SolutionProperties) = preSolution
		HideSolutionNode = FALSE
	EndGlobalSection
EndGlobal
