
Microsoft Visual Studio Solution File, Format Version 12.00
# Visual Studio Version 16
VisualStudioVersion = 16.0.31424.327
MinimumVisualStudioVersion = 10.0.40219.1
Project("{FAE04EC0-301F-11D3-BF4B-00C04F79EFBC}") = "ToDoListApp", "ToDoListApp\ToDoListApp.csproj", "{10334B50-F98D-47B7-BD9A-29A5F75FD5FC}"
EndProject
Project("{FAE04EC0-301F-11D3-BF4B-00C04F79EFBC}") = "ToDoList", "ToDoList\ToDoList.csproj", "{B7068FDE-4924-40C0-ACC2-A543E20E700A}"
EndProject
Project("{FAE04EC0-301F-11D3-BF4B-00C04F79EFBC}") = "TestProjectForToDoList", "TestProjectForToDoList\TestProjectForToDoList.csproj", "{6152ACA6-A317-4376-8687-11BBEE54CC77}"
EndProject
Global
	GlobalSection(SolutionConfigurationPlatforms) = preSolution
		Debug|Any CPU = Debug|Any CPU
		Release|Any CPU = Release|Any CPU
	EndGlobalSection
	GlobalSection(ProjectConfigurationPlatforms) = postSolution
		{10334B50-F98D-47B7-BD9A-29A5F75FD5FC}.Debug|Any CPU.ActiveCfg = Debug|Any CPU
		{10334B50-F98D-47B7-BD9A-29A5F75FD5FC}.Debug|Any CPU.Build.0 = Debug|Any CPU
		{10334B50-F98D-47B7-BD9A-29A5F75FD5FC}.Release|Any CPU.ActiveCfg = Release|Any CPU
		{10334B50-F98D-47B7-BD9A-29A5F75FD5FC}.Release|Any CPU.Build.0 = Release|Any CPU
		{B7068FDE-4924-40C0-ACC2-A543E20E700A}.Debug|Any CPU.ActiveCfg = Debug|Any CPU
		{B7068FDE-4924-40C0-ACC2-A543E20E700A}.Debug|Any CPU.Build.0 = Debug|Any CPU
		{B7068FDE-4924-40C0-ACC2-A543E20E700A}.Release|Any CPU.ActiveCfg = Release|Any CPU
		{B7068FDE-4924-40C0-ACC2-A543E20E700A}.Release|Any CPU.Build.0 = Release|Any CPU
		{6152ACA6-A317-4376-8687-11BBEE54CC77}.Debug|Any CPU.ActiveCfg = Debug|Any CPU
		{6152ACA6-A317-4376-8687-11BBEE54CC77}.Debug|Any CPU.Build.0 = Debug|Any CPU
		{6152ACA6-A317-4376-8687-11BBEE54CC77}.Release|Any CPU.ActiveCfg = Release|Any CPU
		{6152ACA6-A317-4376-8687-11BBEE54CC77}.Release|Any CPU.Build.0 = Release|Any CPU
	EndGlobalSection
	GlobalSection(SolutionProperties) = preSolution
		HideSolutionNode = FALSE
	EndGlobalSection
	GlobalSection(ExtensibilityGlobals) = postSolution
		SolutionGuid = {5C6DC851-738A-4E5E-9890-AF2918468BF9}
	EndGlobalSection
EndGlobal
